
Microsoft Visual Studio Solution File, Format Version 12.00
# Visual Studio Version 17
VisualStudioVersion = 17.9.34728.123
MinimumVisualStudioVersion = 10.0.40219.1
Project("{8BC9CEB8-8B4A-11D0-8D11-00A0C91BC942}") = "01. 최대공약수 구하기", "01. 최대공약수 구하기\01. 최대공약수 구하기.vcxproj", "{50090001-E5DD-4427-965E-527994ED79E7}"
EndProject
Project("{8BC9CEB8-8B4A-11D0-8D11-00A0C91BC942}") = "02. 삼각형 그리기", "02. 삼각형 그리기\02. 삼각형 그리기.vcxproj", "{47D70895-2327-46A4-819C-D65767DA7DC3}"
EndProject
Project("{8BC9CEB8-8B4A-11D0-8D11-00A0C91BC942}") = "03. 평균 구하기", "03. 평균 구하기\03. 평균 구하기.vcxproj", "{CBFB01EC-9596-4427-BC3F-980343E825B6}"
EndProject
Project("{8BC9CEB8-8B4A-11D0-8D11-00A0C91BC942}") = "04. 조합", "04. 순열\04. 순열.vcxproj", "{CFCE9135-37F2-4773-AC89-CFB94EA0A2F0}"
EndProject
Project("{8BC9CEB8-8B4A-11D0-8D11-00A0C91BC942}") = "05. Lotto", "05. Lotto\05. Lotto.vcxproj", "{678CDA71-D6E5-4FE2-A408-DF32ADDAFEFF}"
EndProject
Project("{8BC9CEB8-8B4A-11D0-8D11-00A0C91BC942}") = "06. 매개 변수", "06. 매개 변수\06. 매개 변수.vcxproj", "{ECC00E5D-9520-443C-B9DE-783484A6BCE0}"
EndProject
Project("{8BC9CEB8-8B4A-11D0-8D11-00A0C91BC942}") = "07. BankAccound", "07. BankAccound\07. BankAccound.vcxproj", "{39AC1DCD-2257-41E5-B706-67AFA19F26AD}"
EndProject
Project("{8BC9CEB8-8B4A-11D0-8D11-00A0C91BC942}") = "08. Calculator", "08. Calculator\08. Calculator.vcxproj", "{363F27C0-3E85-4003-A48D-4B0B4CFD13B6}"
EndProject
Project("{8BC9CEB8-8B4A-11D0-8D11-00A0C91BC942}") = "09. Hanoi_Tower", "09. Hanoi_Tower\09. Hanoi_Tower.vcxproj", "{37686B67-758B-43F0-830C-A63EEF875F08}"
EndProject
Project("{8BC9CEB8-8B4A-11D0-8D11-00A0C91BC942}") = "10. Array_Index", "10. Array_Index\10. Array_Index.vcxproj", "{3CADBE2E-3955-4462-9C3B-51AFA9E6A348}"
EndProject
Project("{8BC9CEB8-8B4A-11D0-8D11-00A0C91BC942}") = "11. Function1", "11. Funtion\11. Funtion.vcxproj", "{4E5ECC9E-3745-4FE6-A4E6-AE5CDB16608B}"
EndProject
Project("{8BC9CEB8-8B4A-11D0-8D11-00A0C91BC942}") = "12. Function2", "12. Function2\12. Function2.vcxproj", "{4E168F21-8151-43D4-BF53-12E92F813FF8}"
EndProject
Project("{8BC9CEB8-8B4A-11D0-8D11-00A0C91BC942}") = "13. Function3", "12. Function\12. Function.vcxproj", "{C0EF5730-39ED-4B0B-A54F-8B6FC9566BA7}"
EndProject
Project("{8BC9CEB8-8B4A-11D0-8D11-00A0C91BC942}") = "14. Function4", "14. Function4\14. Function4.vcxproj", "{63CA694B-9F81-4A20-91D3-2B9FF5FCF61C}"
EndProject
Project("{8BC9CEB8-8B4A-11D0-8D11-00A0C91BC942}") = "15. Function5", "15. Function4\15. Function4.vcxproj", "{BACD0D54-6832-4EE7-9F18-36B0CBF371AE}"
EndProject
Project("{8BC9CEB8-8B4A-11D0-8D11-00A0C91BC942}") = "16. Function6", "16. Function 6\16. Function 6.vcxproj", "{B144EF99-7D89-4E9D-AB30-2C483AC0D8D3}"
EndProject
Project("{8BC9CEB8-8B4A-11D0-8D11-00A0C91BC942}") = "17. Function7", "17. Function7\17. Function7.vcxproj", "{B257DF69-3B70-4EAC-BFCB-E7E9B3075660}"
EndProject
Project("{8BC9CEB8-8B4A-11D0-8D11-00A0C91BC942}") = "18. Rand1", "18. Rand1\18. Rand1.vcxproj", "{D199820B-D262-4646-BFE7-9D3963A3AD8F}"
EndProject
Project("{8BC9CEB8-8B4A-11D0-8D11-00A0C91BC942}") = "19. Rand2", "19. Rand2\19. Rand2.vcxproj", "{30C7A6CB-832A-4E89-B7EF-A9945799F164}"
EndProject
Project("{8BC9CEB8-8B4A-11D0-8D11-00A0C91BC942}") = "20. Rand3", "20. Rand3\20. Rand3.vcxproj", "{5103F817-F3F1-4BBF-97EE-D6428EC5E145}"
EndProject
Project("{8BC9CEB8-8B4A-11D0-8D11-00A0C91BC942}") = "21. Math1", "21. Math\21. Math.vcxproj", "{01A5C1B3-88A4-4CF4-B2CB-7ADD2BDB1891}"
EndProject
Project("{8BC9CEB8-8B4A-11D0-8D11-00A0C91BC942}") = "22. Variable1", "22. variable1\22. variable1.vcxproj", "{76FF32A6-D91A-4C57-9C9D-A360CDC69A09}"
EndProject
Project("{8BC9CEB8-8B4A-11D0-8D11-00A0C91BC942}") = "23. Variable2", "23. variable2\23. variable2.vcxproj", "{3F720459-B55F-4BDD-871B-9CC57B0B5D2B}"
EndProject
Project("{8BC9CEB8-8B4A-11D0-8D11-00A0C91BC942}") = "24. Variable3", "24. Variable3\24. Variable3.vcxproj", "{1A357D7A-326F-45A7-8E35-E0A5BADA5062}"
EndProject
Project("{8BC9CEB8-8B4A-11D0-8D11-00A0C91BC942}") = "25. Variable4", "25. Variable4\25. Variable4.vcxproj", "{99CEFAD3-6297-48F2-A5A3-B47ADCF6D7F6}"
EndProject
Project("{8BC9CEB8-8B4A-11D0-8D11-00A0C91BC942}") = "26. Scope", "26. Scope\26. Scope.vcxproj", "{0B8D5BC5-3641-4AEC-AABE-79E4B61EEDFE}"
EndProject
Project("{8BC9CEB8-8B4A-11D0-8D11-00A0C91BC942}") = "27. Static", "27. Static\27. Static.vcxproj", "{9DE0AD52-4486-416D-A7D3-76D2375C8DF9}"
EndProject
Project("{8BC9CEB8-8B4A-11D0-8D11-00A0C91BC942}") = "28. External", "28. External\28. External.vcxproj", "{4927780E-5116-4BB0-9150-DC3F26C838E2}"
EndProject
Global
	GlobalSection(SolutionConfigurationPlatforms) = preSolution
		Debug|x64 = Debug|x64
		Debug|x86 = Debug|x86
		Release|x64 = Release|x64
		Release|x86 = Release|x86
	EndGlobalSection
	GlobalSection(ProjectConfigurationPlatforms) = postSolution
		{50090001-E5DD-4427-965E-527994ED79E7}.Debug|x64.ActiveCfg = Debug|x64
		{50090001-E5DD-4427-965E-527994ED79E7}.Debug|x64.Build.0 = Debug|x64
		{50090001-E5DD-4427-965E-527994ED79E7}.Debug|x86.ActiveCfg = Debug|Win32
		{50090001-E5DD-4427-965E-527994ED79E7}.Debug|x86.Build.0 = Debug|Win32
		{50090001-E5DD-4427-965E-527994ED79E7}.Release|x64.ActiveCfg = Release|x64
		{50090001-E5DD-4427-965E-527994ED79E7}.Release|x64.Build.0 = Release|x64
		{50090001-E5DD-4427-965E-527994ED79E7}.Release|x86.ActiveCfg = Release|Win32
		{50090001-E5DD-4427-965E-527994ED79E7}.Release|x86.Build.0 = Release|Win32
		{47D70895-2327-46A4-819C-D65767DA7DC3}.Debug|x64.ActiveCfg = Debug|x64
		{47D70895-2327-46A4-819C-D65767DA7DC3}.Debug|x64.Build.0 = Debug|x64
		{47D70895-2327-46A4-819C-D65767DA7DC3}.Debug|x86.ActiveCfg = Debug|Win32
		{47D70895-2327-46A4-819C-D65767DA7DC3}.Debug|x86.Build.0 = Debug|Win32
		{47D70895-2327-46A4-819C-D65767DA7DC3}.Release|x64.ActiveCfg = Release|x64
		{47D70895-2327-46A4-819C-D65767DA7DC3}.Release|x64.Build.0 = Release|x64
		{47D70895-2327-46A4-819C-D65767DA7DC3}.Release|x86.ActiveCfg = Release|Win32
		{47D70895-2327-46A4-819C-D65767DA7DC3}.Release|x86.Build.0 = Release|Win32
		{CBFB01EC-9596-4427-BC3F-980343E825B6}.Debug|x64.ActiveCfg = Debug|x64
		{CBFB01EC-9596-4427-BC3F-980343E825B6}.Debug|x64.Build.0 = Debug|x64
		{CBFB01EC-9596-4427-BC3F-980343E825B6}.Debug|x86.ActiveCfg = Debug|Win32
		{CBFB01EC-9596-4427-BC3F-980343E825B6}.Debug|x86.Build.0 = Debug|Win32
		{CBFB01EC-9596-4427-BC3F-980343E825B6}.Release|x64.ActiveCfg = Release|x64
		{CBFB01EC-9596-4427-BC3F-980343E825B6}.Release|x64.Build.0 = Release|x64
		{CBFB01EC-9596-4427-BC3F-980343E825B6}.Release|x86.ActiveCfg = Release|Win32
		{CBFB01EC-9596-4427-BC3F-980343E825B6}.Release|x86.Build.0 = Release|Win32
		{CFCE9135-37F2-4773-AC89-CFB94EA0A2F0}.Debug|x64.ActiveCfg = Debug|x64
		{CFCE9135-37F2-4773-AC89-CFB94EA0A2F0}.Debug|x64.Build.0 = Debug|x64
		{CFCE9135-37F2-4773-AC89-CFB94EA0A2F0}.Debug|x86.ActiveCfg = Debug|Win32
		{CFCE9135-37F2-4773-AC89-CFB94EA0A2F0}.Debug|x86.Build.0 = Debug|Win32
		{CFCE9135-37F2-4773-AC89-CFB94EA0A2F0}.Release|x64.ActiveCfg = Release|x64
		{CFCE9135-37F2-4773-AC89-CFB94EA0A2F0}.Release|x64.Build.0 = Release|x64
		{CFCE9135-37F2-4773-AC89-CFB94EA0A2F0}.Release|x86.ActiveCfg = Release|Win32
		{CFCE9135-37F2-4773-AC89-CFB94EA0A2F0}.Release|x86.Build.0 = Release|Win32
		{678CDA71-D6E5-4FE2-A408-DF32ADDAFEFF}.Debug|x64.ActiveCfg = Debug|x64
		{678CDA71-D6E5-4FE2-A408-DF32ADDAFEFF}.Debug|x64.Build.0 = Debug|x64
		{678CDA71-D6E5-4FE2-A408-DF32ADDAFEFF}.Debug|x86.ActiveCfg = Debug|Win32
		{678CDA71-D6E5-4FE2-A408-DF32ADDAFEFF}.Debug|x86.Build.0 = Debug|Win32
		{678CDA71-D6E5-4FE2-A408-DF32ADDAFEFF}.Release|x64.ActiveCfg = Release|x64
		{678CDA71-D6E5-4FE2-A408-DF32ADDAFEFF}.Release|x64.Build.0 = Release|x64
		{678CDA71-D6E5-4FE2-A408-DF32ADDAFEFF}.Release|x86.ActiveCfg = Release|Win32
		{678CDA71-D6E5-4FE2-A408-DF32ADDAFEFF}.Release|x86.Build.0 = Release|Win32
		{ECC00E5D-9520-443C-B9DE-783484A6BCE0}.Debug|x64.ActiveCfg = Debug|x64
		{ECC00E5D-9520-443C-B9DE-783484A6BCE0}.Debug|x64.Build.0 = Debug|x64
		{ECC00E5D-9520-443C-B9DE-783484A6BCE0}.Debug|x86.ActiveCfg = Debug|Win32
		{ECC00E5D-9520-443C-B9DE-783484A6BCE0}.Debug|x86.Build.0 = Debug|Win32
		{ECC00E5D-9520-443C-B9DE-783484A6BCE0}.Release|x64.ActiveCfg = Release|x64
		{ECC00E5D-9520-443C-B9DE-783484A6BCE0}.Release|x64.Build.0 = Release|x64
		{ECC00E5D-9520-443C-B9DE-783484A6BCE0}.Release|x86.ActiveCfg = Release|Win32
		{ECC00E5D-9520-443C-B9DE-783484A6BCE0}.Release|x86.Build.0 = Release|Win32
		{39AC1DCD-2257-41E5-B706-67AFA19F26AD}.Debug|x64.ActiveCfg = Debug|x64
		{39AC1DCD-2257-41E5-B706-67AFA19F26AD}.Debug|x64.Build.0 = Debug|x64
		{39AC1DCD-2257-41E5-B706-67AFA19F26AD}.Debug|x86.ActiveCfg = Debug|Win32
		{39AC1DCD-2257-41E5-B706-67AFA19F26AD}.Debug|x86.Build.0 = Debug|Win32
		{39AC1DCD-2257-41E5-B706-67AFA19F26AD}.Release|x64.ActiveCfg = Release|x64
		{39AC1DCD-2257-41E5-B706-67AFA19F26AD}.Release|x64.Build.0 = Release|x64
		{39AC1DCD-2257-41E5-B706-67AFA19F26AD}.Release|x86.ActiveCfg = Release|Win32
		{39AC1DCD-2257-41E5-B706-67AFA19F26AD}.Release|x86.Build.0 = Release|Win32
		{363F27C0-3E85-4003-A48D-4B0B4CFD13B6}.Debug|x64.ActiveCfg = Debug|x64
		{363F27C0-3E85-4003-A48D-4B0B4CFD13B6}.Debug|x64.Build.0 = Debug|x64
		{363F27C0-3E85-4003-A48D-4B0B4CFD13B6}.Debug|x86.ActiveCfg = Debug|Win32
		{363F27C0-3E85-4003-A48D-4B0B4CFD13B6}.Debug|x86.Build.0 = Debug|Win32
		{363F27C0-3E85-4003-A48D-4B0B4CFD13B6}.Release|x64.ActiveCfg = Release|x64
		{363F27C0-3E85-4003-A48D-4B0B4CFD13B6}.Release|x64.Build.0 = Release|x64
		{363F27C0-3E85-4003-A48D-4B0B4CFD13B6}.Release|x86.ActiveCfg = Release|Win32
		{363F27C0-3E85-4003-A48D-4B0B4CFD13B6}.Release|x86.Build.0 = Release|Win32
		{37686B67-758B-43F0-830C-A63EEF875F08}.Debug|x64.ActiveCfg = Debug|x64
		{37686B67-758B-43F0-830C-A63EEF875F08}.Debug|x64.Build.0 = Debug|x64
		{37686B67-758B-43F0-830C-A63EEF875F08}.Debug|x86.ActiveCfg = Debug|Win32
		{37686B67-758B-43F0-830C-A63EEF875F08}.Debug|x86.Build.0 = Debug|Win32
		{37686B67-758B-43F0-830C-A63EEF875F08}.Release|x64.ActiveCfg = Release|x64
		{37686B67-758B-43F0-830C-A63EEF875F08}.Release|x64.Build.0 = Release|x64
		{37686B67-758B-43F0-830C-A63EEF875F08}.Release|x86.ActiveCfg = Release|Win32
		{37686B67-758B-43F0-830C-A63EEF875F08}.Release|x86.Build.0 = Release|Win32
		{3CADBE2E-3955-4462-9C3B-51AFA9E6A348}.Debug|x64.ActiveCfg = Debug|x64
		{3CADBE2E-3955-4462-9C3B-51AFA9E6A348}.Debug|x64.Build.0 = Debug|x64
		{3CADBE2E-3955-4462-9C3B-51AFA9E6A348}.Debug|x86.ActiveCfg = Debug|Win32
		{3CADBE2E-3955-4462-9C3B-51AFA9E6A348}.Debug|x86.Build.0 = Debug|Win32
		{3CADBE2E-3955-4462-9C3B-51AFA9E6A348}.Release|x64.ActiveCfg = Release|x64
		{3CADBE2E-3955-4462-9C3B-51AFA9E6A348}.Release|x64.Build.0 = Release|x64
		{3CADBE2E-3955-4462-9C3B-51AFA9E6A348}.Release|x86.ActiveCfg = Release|Win32
		{3CADBE2E-3955-4462-9C3B-51AFA9E6A348}.Release|x86.Build.0 = Release|Win32
		{4E5ECC9E-3745-4FE6-A4E6-AE5CDB16608B}.Debug|x64.ActiveCfg = Debug|x64
		{4E5ECC9E-3745-4FE6-A4E6-AE5CDB16608B}.Debug|x64.Build.0 = Debug|x64
		{4E5ECC9E-3745-4FE6-A4E6-AE5CDB16608B}.Debug|x86.ActiveCfg = Debug|Win32
		{4E5ECC9E-3745-4FE6-A4E6-AE5CDB16608B}.Debug|x86.Build.0 = Debug|Win32
		{4E5ECC9E-3745-4FE6-A4E6-AE5CDB16608B}.Release|x64.ActiveCfg = Release|x64
		{4E5ECC9E-3745-4FE6-A4E6-AE5CDB16608B}.Release|x64.Build.0 = Release|x64
		{4E5ECC9E-3745-4FE6-A4E6-AE5CDB16608B}.Release|x86.ActiveCfg = Release|Win32
		{4E5ECC9E-3745-4FE6-A4E6-AE5CDB16608B}.Release|x86.Build.0 = Release|Win32
		{4E168F21-8151-43D4-BF53-12E92F813FF8}.Debug|x64.ActiveCfg = Debug|x64
		{4E168F21-8151-43D4-BF53-12E92F813FF8}.Debug|x64.Build.0 = Debug|x64
		{4E168F21-8151-43D4-BF53-12E92F813FF8}.Debug|x86.ActiveCfg = Debug|Win32
		{4E168F21-8151-43D4-BF53-12E92F813FF8}.Debug|x86.Build.0 = Debug|Win32
		{4E168F21-8151-43D4-BF53-12E92F813FF8}.Release|x64.ActiveCfg = Release|x64
		{4E168F21-8151-43D4-BF53-12E92F813FF8}.Release|x64.Build.0 = Release|x64
		{4E168F21-8151-43D4-BF53-12E92F813FF8}.Release|x86.ActiveCfg = Release|Win32
		{4E168F21-8151-43D4-BF53-12E92F813FF8}.Release|x86.Build.0 = Release|Win32
		{C0EF5730-39ED-4B0B-A54F-8B6FC9566BA7}.Debug|x64.ActiveCfg = Debug|x64
		{C0EF5730-39ED-4B0B-A54F-8B6FC9566BA7}.Debug|x64.Build.0 = Debug|x64
		{C0EF5730-39ED-4B0B-A54F-8B6FC9566BA7}.Debug|x86.ActiveCfg = Debug|Win32
		{C0EF5730-39ED-4B0B-A54F-8B6FC9566BA7}.Debug|x86.Build.0 = Debug|Win32
		{C0EF5730-39ED-4B0B-A54F-8B6FC9566BA7}.Release|x64.ActiveCfg = Release|x64
		{C0EF5730-39ED-4B0B-A54F-8B6FC9566BA7}.Release|x64.Build.0 = Release|x64
		{C0EF5730-39ED-4B0B-A54F-8B6FC9566BA7}.Release|x86.ActiveCfg = Release|Win32
		{C0EF5730-39ED-4B0B-A54F-8B6FC9566BA7}.Release|x86.Build.0 = Release|Win32
		{63CA694B-9F81-4A20-91D3-2B9FF5FCF61C}.Debug|x64.ActiveCfg = Debug|x64
		{63CA694B-9F81-4A20-91D3-2B9FF5FCF61C}.Debug|x64.Build.0 = Debug|x64
		{63CA694B-9F81-4A20-91D3-2B9FF5FCF61C}.Debug|x86.ActiveCfg = Debug|Win32
		{63CA694B-9F81-4A20-91D3-2B9FF5FCF61C}.Debug|x86.Build.0 = Debug|Win32
		{63CA694B-9F81-4A20-91D3-2B9FF5FCF61C}.Release|x64.ActiveCfg = Release|x64
		{63CA694B-9F81-4A20-91D3-2B9FF5FCF61C}.Release|x64.Build.0 = Release|x64
		{63CA694B-9F81-4A20-91D3-2B9FF5FCF61C}.Release|x86.ActiveCfg = Release|Win32
		{63CA694B-9F81-4A20-91D3-2B9FF5FCF61C}.Release|x86.Build.0 = Release|Win32
		{BACD0D54-6832-4EE7-9F18-36B0CBF371AE}.Debug|x64.ActiveCfg = Debug|x64
		{BACD0D54-6832-4EE7-9F18-36B0CBF371AE}.Debug|x64.Build.0 = Debug|x64
		{BACD0D54-6832-4EE7-9F18-36B0CBF371AE}.Debug|x86.ActiveCfg = Debug|Win32
		{BACD0D54-6832-4EE7-9F18-36B0CBF371AE}.Debug|x86.Build.0 = Debug|Win32
		{BACD0D54-6832-4EE7-9F18-36B0CBF371AE}.Release|x64.ActiveCfg = Release|x64
		{BACD0D54-6832-4EE7-9F18-36B0CBF371AE}.Release|x64.Build.0 = Release|x64
		{BACD0D54-6832-4EE7-9F18-36B0CBF371AE}.Release|x86.ActiveCfg = Release|Win32
		{BACD0D54-6832-4EE7-9F18-36B0CBF371AE}.Release|x86.Build.0 = Release|Win32
		{B144EF99-7D89-4E9D-AB30-2C483AC0D8D3}.Debug|x64.ActiveCfg = Debug|x64
		{B144EF99-7D89-4E9D-AB30-2C483AC0D8D3}.Debug|x64.Build.0 = Debug|x64
		{B144EF99-7D89-4E9D-AB30-2C483AC0D8D3}.Debug|x86.ActiveCfg = Debug|Win32
		{B144EF99-7D89-4E9D-AB30-2C483AC0D8D3}.Debug|x86.Build.0 = Debug|Win32
		{B144EF99-7D89-4E9D-AB30-2C483AC0D8D3}.Release|x64.ActiveCfg = Release|x64
		{B144EF99-7D89-4E9D-AB30-2C483AC0D8D3}.Release|x64.Build.0 = Release|x64
		{B144EF99-7D89-4E9D-AB30-2C483AC0D8D3}.Release|x86.ActiveCfg = Release|Win32
		{B144EF99-7D89-4E9D-AB30-2C483AC0D8D3}.Release|x86.Build.0 = Release|Win32
		{B257DF69-3B70-4EAC-BFCB-E7E9B3075660}.Debug|x64.ActiveCfg = Debug|x64
		{B257DF69-3B70-4EAC-BFCB-E7E9B3075660}.Debug|x64.Build.0 = Debug|x64
		{B257DF69-3B70-4EAC-BFCB-E7E9B3075660}.Debug|x86.ActiveCfg = Debug|Win32
		{B257DF69-3B70-4EAC-BFCB-E7E9B3075660}.Debug|x86.Build.0 = Debug|Win32
		{B257DF69-3B70-4EAC-BFCB-E7E9B3075660}.Release|x64.ActiveCfg = Release|x64
		{B257DF69-3B70-4EAC-BFCB-E7E9B3075660}.Release|x64.Build.0 = Release|x64
		{B257DF69-3B70-4EAC-BFCB-E7E9B3075660}.Release|x86.ActiveCfg = Release|Win32
		{B257DF69-3B70-4EAC-BFCB-E7E9B3075660}.Release|x86.Build.0 = Release|Win32
		{D199820B-D262-4646-BFE7-9D3963A3AD8F}.Debug|x64.ActiveCfg = Debug|x64
		{D199820B-D262-4646-BFE7-9D3963A3AD8F}.Debug|x64.Build.0 = Debug|x64
		{D199820B-D262-4646-BFE7-9D3963A3AD8F}.Debug|x86.ActiveCfg = Debug|Win32
		{D199820B-D262-4646-BFE7-9D3963A3AD8F}.Debug|x86.Build.0 = Debug|Win32
		{D199820B-D262-4646-BFE7-9D3963A3AD8F}.Release|x64.ActiveCfg = Release|x64
		{D199820B-D262-4646-BFE7-9D3963A3AD8F}.Release|x64.Build.0 = Release|x64
		{D199820B-D262-4646-BFE7-9D3963A3AD8F}.Release|x86.ActiveCfg = Release|Win32
		{D199820B-D262-4646-BFE7-9D3963A3AD8F}.Release|x86.Build.0 = Release|Win32
		{30C7A6CB-832A-4E89-B7EF-A9945799F164}.Debug|x64.ActiveCfg = Debug|x64
		{30C7A6CB-832A-4E89-B7EF-A9945799F164}.Debug|x64.Build.0 = Debug|x64
		{30C7A6CB-832A-4E89-B7EF-A9945799F164}.Debug|x86.ActiveCfg = Debug|Win32
		{30C7A6CB-832A-4E89-B7EF-A9945799F164}.Debug|x86.Build.0 = Debug|Win32
		{30C7A6CB-832A-4E89-B7EF-A9945799F164}.Release|x64.ActiveCfg = Release|x64
		{30C7A6CB-832A-4E89-B7EF-A9945799F164}.Release|x64.Build.0 = Release|x64
		{30C7A6CB-832A-4E89-B7EF-A9945799F164}.Release|x86.ActiveCfg = Release|Win32
		{30C7A6CB-832A-4E89-B7EF-A9945799F164}.Release|x86.Build.0 = Release|Win32
		{5103F817-F3F1-4BBF-97EE-D6428EC5E145}.Debug|x64.ActiveCfg = Debug|x64
		{5103F817-F3F1-4BBF-97EE-D6428EC5E145}.Debug|x64.Build.0 = Debug|x64
		{5103F817-F3F1-4BBF-97EE-D6428EC5E145}.Debug|x86.ActiveCfg = Debug|Win32
		{5103F817-F3F1-4BBF-97EE-D6428EC5E145}.Debug|x86.Build.0 = Debug|Win32
		{5103F817-F3F1-4BBF-97EE-D6428EC5E145}.Release|x64.ActiveCfg = Release|x64
		{5103F817-F3F1-4BBF-97EE-D6428EC5E145}.Release|x64.Build.0 = Release|x64
		{5103F817-F3F1-4BBF-97EE-D6428EC5E145}.Release|x86.ActiveCfg = Release|Win32
		{5103F817-F3F1-4BBF-97EE-D6428EC5E145}.Release|x86.Build.0 = Release|Win32
		{01A5C1B3-88A4-4CF4-B2CB-7ADD2BDB1891}.Debug|x64.ActiveCfg = Debug|x64
		{01A5C1B3-88A4-4CF4-B2CB-7ADD2BDB1891}.Debug|x64.Build.0 = Debug|x64
		{01A5C1B3-88A4-4CF4-B2CB-7ADD2BDB1891}.Debug|x86.ActiveCfg = Debug|Win32
		{01A5C1B3-88A4-4CF4-B2CB-7ADD2BDB1891}.Debug|x86.Build.0 = Debug|Win32
		{01A5C1B3-88A4-4CF4-B2CB-7ADD2BDB1891}.Release|x64.ActiveCfg = Release|x64
		{01A5C1B3-88A4-4CF4-B2CB-7ADD2BDB1891}.Release|x64.Build.0 = Release|x64
		{01A5C1B3-88A4-4CF4-B2CB-7ADD2BDB1891}.Release|x86.ActiveCfg = Release|Win32
		{01A5C1B3-88A4-4CF4-B2CB-7ADD2BDB1891}.Release|x86.Build.0 = Release|Win32
		{76FF32A6-D91A-4C57-9C9D-A360CDC69A09}.Debug|x64.ActiveCfg = Debug|x64
		{76FF32A6-D91A-4C57-9C9D-A360CDC69A09}.Debug|x64.Build.0 = Debug|x64
		{76FF32A6-D91A-4C57-9C9D-A360CDC69A09}.Debug|x86.ActiveCfg = Debug|Win32
		{76FF32A6-D91A-4C57-9C9D-A360CDC69A09}.Debug|x86.Build.0 = Debug|Win32
		{76FF32A6-D91A-4C57-9C9D-A360CDC69A09}.Release|x64.ActiveCfg = Release|x64
		{76FF32A6-D91A-4C57-9C9D-A360CDC69A09}.Release|x64.Build.0 = Release|x64
		{76FF32A6-D91A-4C57-9C9D-A360CDC69A09}.Release|x86.ActiveCfg = Release|Win32
		{76FF32A6-D91A-4C57-9C9D-A360CDC69A09}.Release|x86.Build.0 = Release|Win32
		{3F720459-B55F-4BDD-871B-9CC57B0B5D2B}.Debug|x64.ActiveCfg = Debug|x64
		{3F720459-B55F-4BDD-871B-9CC57B0B5D2B}.Debug|x64.Build.0 = Debug|x64
		{3F720459-B55F-4BDD-871B-9CC57B0B5D2B}.Debug|x86.ActiveCfg = Debug|Win32
		{3F720459-B55F-4BDD-871B-9CC57B0B5D2B}.Debug|x86.Build.0 = Debug|Win32
		{3F720459-B55F-4BDD-871B-9CC57B0B5D2B}.Release|x64.ActiveCfg = Release|x64
		{3F720459-B55F-4BDD-871B-9CC57B0B5D2B}.Release|x64.Build.0 = Release|x64
		{3F720459-B55F-4BDD-871B-9CC57B0B5D2B}.Release|x86.ActiveCfg = Release|Win32
		{3F720459-B55F-4BDD-871B-9CC57B0B5D2B}.Release|x86.Build.0 = Release|Win32
		{1A357D7A-326F-45A7-8E35-E0A5BADA5062}.Debug|x64.ActiveCfg = Debug|x64
		{1A357D7A-326F-45A7-8E35-E0A5BADA5062}.Debug|x64.Build.0 = Debug|x64
		{1A357D7A-326F-45A7-8E35-E0A5BADA5062}.Debug|x86.ActiveCfg = Debug|Win32
		{1A357D7A-326F-45A7-8E35-E0A5BADA5062}.Debug|x86.Build.0 = Debug|Win32
		{1A357D7A-326F-45A7-8E35-E0A5BADA5062}.Release|x64.ActiveCfg = Release|x64
		{1A357D7A-326F-45A7-8E35-E0A5BADA5062}.Release|x64.Build.0 = Release|x64
		{1A357D7A-326F-45A7-8E35-E0A5BADA5062}.Release|x86.ActiveCfg = Release|Win32
		{1A357D7A-326F-45A7-8E35-E0A5BADA5062}.Release|x86.Build.0 = Release|Win32
		{99CEFAD3-6297-48F2-A5A3-B47ADCF6D7F6}.Debug|x64.ActiveCfg = Debug|x64
		{99CEFAD3-6297-48F2-A5A3-B47ADCF6D7F6}.Debug|x64.Build.0 = Debug|x64
		{99CEFAD3-6297-48F2-A5A3-B47ADCF6D7F6}.Debug|x86.ActiveCfg = Debug|Win32
		{99CEFAD3-6297-48F2-A5A3-B47ADCF6D7F6}.Debug|x86.Build.0 = Debug|Win32
		{99CEFAD3-6297-48F2-A5A3-B47ADCF6D7F6}.Release|x64.ActiveCfg = Release|x64
		{99CEFAD3-6297-48F2-A5A3-B47ADCF6D7F6}.Release|x64.Build.0 = Release|x64
		{99CEFAD3-6297-48F2-A5A3-B47ADCF6D7F6}.Release|x86.ActiveCfg = Release|Win32
		{99CEFAD3-6297-48F2-A5A3-B47ADCF6D7F6}.Release|x86.Build.0 = Release|Win32
		{0B8D5BC5-3641-4AEC-AABE-79E4B61EEDFE}.Debug|x64.ActiveCfg = Debug|x64
		{0B8D5BC5-3641-4AEC-AABE-79E4B61EEDFE}.Debug|x64.Build.0 = Debug|x64
		{0B8D5BC5-3641-4AEC-AABE-79E4B61EEDFE}.Debug|x86.ActiveCfg = Debug|Win32
		{0B8D5BC5-3641-4AEC-AABE-79E4B61EEDFE}.Debug|x86.Build.0 = Debug|Win32
		{0B8D5BC5-3641-4AEC-AABE-79E4B61EEDFE}.Release|x64.ActiveCfg = Release|x64
		{0B8D5BC5-3641-4AEC-AABE-79E4B61EEDFE}.Release|x64.Build.0 = Release|x64
		{0B8D5BC5-3641-4AEC-AABE-79E4B61EEDFE}.Release|x86.ActiveCfg = Release|Win32
		{0B8D5BC5-3641-4AEC-AABE-79E4B61EEDFE}.Release|x86.Build.0 = Release|Win32
		{9DE0AD52-4486-416D-A7D3-76D2375C8DF9}.Debug|x64.ActiveCfg = Debug|x64
		{9DE0AD52-4486-416D-A7D3-76D2375C8DF9}.Debug|x64.Build.0 = Debug|x64
		{9DE0AD52-4486-416D-A7D3-76D2375C8DF9}.Debug|x86.ActiveCfg = Debug|Win32
		{9DE0AD52-4486-416D-A7D3-76D2375C8DF9}.Debug|x86.Build.0 = Debug|Win32
		{9DE0AD52-4486-416D-A7D3-76D2375C8DF9}.Release|x64.ActiveCfg = Release|x64
		{9DE0AD52-4486-416D-A7D3-76D2375C8DF9}.Release|x64.Build.0 = Release|x64
		{9DE0AD52-4486-416D-A7D3-76D2375C8DF9}.Release|x86.ActiveCfg = Release|Win32
		{9DE0AD52-4486-416D-A7D3-76D2375C8DF9}.Release|x86.Build.0 = Release|Win32
		{4927780E-5116-4BB0-9150-DC3F26C838E2}.Debug|x64.ActiveCfg = Debug|x64
		{4927780E-5116-4BB0-9150-DC3F26C838E2}.Debug|x64.Build.0 = Debug|x64
		{4927780E-5116-4BB0-9150-DC3F26C838E2}.Debug|x86.ActiveCfg = Debug|Win32
		{4927780E-5116-4BB0-9150-DC3F26C838E2}.Debug|x86.Build.0 = Debug|Win32
		{4927780E-5116-4BB0-9150-DC3F26C838E2}.Release|x64.ActiveCfg = Release|x64
		{4927780E-5116-4BB0-9150-DC3F26C838E2}.Release|x64.Build.0 = Release|x64
		{4927780E-5116-4BB0-9150-DC3F26C838E2}.Release|x86.ActiveCfg = Release|Win32
		{4927780E-5116-4BB0-9150-DC3F26C838E2}.Release|x86.Build.0 = Release|Win32
	EndGlobalSection
	GlobalSection(SolutionProperties) = preSolution
		HideSolutionNode = FALSE
	EndGlobalSection
	GlobalSection(ExtensibilityGlobals) = postSolution
		SolutionGuid = {660C56E5-54B2-4F20-858B-D5BC9AC43184}
	EndGlobalSection
EndGlobal
