
Microsoft Visual Studio Solution File, Format Version 12.00
# Visual Studio Version 17
VisualStudioVersion = 17.9.34622.214
MinimumVisualStudioVersion = 10.0.40219.1
Project("{8BC9CEB8-8B4A-11D0-8D11-00A0C91BC942}") = "01. Circle_area", "01. Circle_area\01. Circle_area.vcxproj", "{5B487B3A-55D2-451E-86DE-B8C2BEA71023}"
EndProject
Project("{8BC9CEB8-8B4A-11D0-8D11-00A0C91BC942}") = "02. Sizeof", "02. Sizeof\02. Sizeof.vcxproj", "{3C43138A-0CFC-45AD-A0F5-04F614EEECF8}"
EndProject
Project("{8BC9CEB8-8B4A-11D0-8D11-00A0C91BC942}") = "03. Integer", "03. Integer\03. Integer.vcxproj", "{C749534B-872B-4E79-9592-4C63AC8F0920}"
EndProject
Project("{8BC9CEB8-8B4A-11D0-8D11-00A0C91BC942}") = "04. Overflow", "03.1. Unsigned\03.1. Unsigned.vcxproj", "{7BDB930C-9BAE-4053-8E22-8E27F6DA01F5}"
EndProject
Project("{8BC9CEB8-8B4A-11D0-8D11-00A0C91BC942}") = "05. Const", "05. Const\05. Const.vcxproj", "{DCEC5E16-6453-433A-8BD4-158F1168B85B}"
EndProject
Project("{8BC9CEB8-8B4A-11D0-8D11-00A0C91BC942}") = "03.1. Unsigned_Integer", "03.1. 정수 상수\03.1. 정수 상수.vcxproj", "{0C0FC9A1-B6AE-4A0B-A1CB-FA5BB1A9D64B}"
EndProject
Project("{8BC9CEB8-8B4A-11D0-8D11-00A0C91BC942}") = "06. Sym_const", "06. Sym_const\06. Sym_const.vcxproj", "{CA997129-84AC-471E-9F02-F2400E2265C1}"
EndProject
Project("{8BC9CEB8-8B4A-11D0-8D11-00A0C91BC942}") = "07. Two_compl", "07. Two_compl\07. Two_compl.vcxproj", "{9FCCC7EA-4DD9-43D0-9B9C-AA6D3F71B80C}"
EndProject
Project("{8BC9CEB8-8B4A-11D0-8D11-00A0C91BC942}") = "08. Floating", "08. Floating\08. Floating.vcxproj", "{697026DB-455A-4268-978E-BA146E18C1BB}"
EndProject
Project("{8BC9CEB8-8B4A-11D0-8D11-00A0C91BC942}") = "09. Underflow", "09. Underflow\09. Underflow.vcxproj", "{E2B0F11B-7DD9-4038-9A2B-822DB7BF2103}"
EndProject
Project("{8BC9CEB8-8B4A-11D0-8D11-00A0C91BC942}") = "10. Floating_error", "10. Floating_error\10. Floating_error.vcxproj", "{79EF0DC5-BC3A-4F21-A886-5CE84A235936}"
EndProject
Project("{8BC9CEB8-8B4A-11D0-8D11-00A0C91BC942}") = "11. Char_var", "11. Char_var\11. Char_var.vcxproj", "{E27F2284-968C-4AC8-A329-D39BAA516B56}"
EndProject
Project("{8BC9CEB8-8B4A-11D0-8D11-00A0C91BC942}") = "12. 제어 문자", "12. 제어 문자\12. 제어 문자.vcxproj", "{0EA02217-CFDC-467F-9525-359FF3B09D7D}"
EndProject
Project("{8BC9CEB8-8B4A-11D0-8D11-00A0C91BC942}") = "13. Escape", "13. Escape\13. Escape.vcxproj", "{785FCBF7-8CF7-4D00-9448-980578A9F8A5}"
EndProject
Project("{8BC9CEB8-8B4A-11D0-8D11-00A0C91BC942}") = "14. char", "14. char\14. char.vcxproj", "{14F63AC4-8402-40E8-BD00-199719B9C88B}"
EndProject
Project("{8BC9CEB8-8B4A-11D0-8D11-00A0C91BC942}") = "15. Initialized", "15. Initialized\15. Initialized.vcxproj", "{E704354D-4856-4D23-8017-D663DD2199D7}"
EndProject
Project("{8BC9CEB8-8B4A-11D0-8D11-00A0C91BC942}") = "16. Speed_of_Light", "16. Speed_of_Light\16. Speed_of_Light.vcxproj", "{065B46E3-3CF9-4FD9-BC12-F2FFD894348E}"
EndProject
Project("{8BC9CEB8-8B4A-11D0-8D11-00A0C91BC942}") = "17. PrintNumber", "17. PrintNumber\17. PrintNumber.vcxproj", "{6BF29D8A-4658-4047-9EE2-F213AD2D80E5}"
EndProject
Project("{8BC9CEB8-8B4A-11D0-8D11-00A0C91BC942}") = "18. Decimal_to_Hex", "18. Desimal_to_Hex\18. Desimal_to_Hex.vcxproj", "{874148A2-1A9E-4A94-9870-DCE619D06159}"
EndProject
Project("{8BC9CEB8-8B4A-11D0-8D11-00A0C91BC942}") = "19. Swich_with_both", "19. Swich_with_both\19. Swich_with_both.vcxproj", "{3BF7FDF8-3F4D-470C-B683-D896604247FB}"
EndProject
Project("{8BC9CEB8-8B4A-11D0-8D11-00A0C91BC942}") = "20. Cubic_of_box", "20. Square_of_box\20. Square_of_box.vcxproj", "{81A4DC56-1E08-45BE-A669-CC82B7179C54}"
EndProject
Project("{8BC9CEB8-8B4A-11D0-8D11-00A0C91BC942}") = "21. Pyong_to_Square", "21. Pyong_to_Square\21. Pyong_to_Square.vcxproj", "{06000B3B-807A-40DB-A7AD-998F43BC4E4A}"
EndProject
Project("{8BC9CEB8-8B4A-11D0-8D11-00A0C91BC942}") = "22. Cal_PointNumber", "22. Cal_PointNumber\22. Cal_PointNumber.vcxproj", "{8C61D6F7-1791-4F1A-8687-9E846F97924C}"
EndProject
Project("{8BC9CEB8-8B4A-11D0-8D11-00A0C91BC942}") = "23. Kenetic_Energy_Cal", "23. Kenetic_Energy_Cal\23. Kenetic_Energy_Cal.vcxproj", "{D2260B96-B7A4-425D-BF0E-2EE55CF3D1FE}"
EndProject
Project("{8BC9CEB8-8B4A-11D0-8D11-00A0C91BC942}") = "24. ASCII_code", "24. ASCII_code\24. ASCII_code.vcxproj", "{65C23973-7310-4361-99B4-4A61DB868102}"
EndProject
Project("{8BC9CEB8-8B4A-11D0-8D11-00A0C91BC942}") = "25. ASCII_code2", "25. ASCII_code2\25. ASCII_code2.vcxproj", "{2F29B2E8-D908-4B33-886B-D747EB44BE52}"
EndProject
Project("{8BC9CEB8-8B4A-11D0-8D11-00A0C91BC942}") = "26. Alarm", "26. Alarm\26. Alarm.vcxproj", "{5EAA18EB-0248-4E09-8E01-7E8C1E45B39E}"
EndProject
Project("{8BC9CEB8-8B4A-11D0-8D11-00A0C91BC942}") = "27. Print_ASCII", "27. Print_ASCII\27. Print_ASCII.vcxproj", "{FD8212A8-236A-443C-91B1-AF3A84F61F6B}"
EndProject
Project("{8BC9CEB8-8B4A-11D0-8D11-00A0C91BC942}") = "28. Integer_Variable", "28. Integer_Variable\28. Integer_Variable.vcxproj", "{A00FEDCA-FB5B-4C2C-A343-87314312CDF7}"
EndProject
Global
	GlobalSection(SolutionConfigurationPlatforms) = preSolution
		Debug|x64 = Debug|x64
		Debug|x86 = Debug|x86
		Release|x64 = Release|x64
		Release|x86 = Release|x86
	EndGlobalSection
	GlobalSection(ProjectConfigurationPlatforms) = postSolution
		{5B487B3A-55D2-451E-86DE-B8C2BEA71023}.Debug|x64.ActiveCfg = Debug|x64
		{5B487B3A-55D2-451E-86DE-B8C2BEA71023}.Debug|x64.Build.0 = Debug|x64
		{5B487B3A-55D2-451E-86DE-B8C2BEA71023}.Debug|x86.ActiveCfg = Debug|Win32
		{5B487B3A-55D2-451E-86DE-B8C2BEA71023}.Debug|x86.Build.0 = Debug|Win32
		{5B487B3A-55D2-451E-86DE-B8C2BEA71023}.Release|x64.ActiveCfg = Release|x64
		{5B487B3A-55D2-451E-86DE-B8C2BEA71023}.Release|x64.Build.0 = Release|x64
		{5B487B3A-55D2-451E-86DE-B8C2BEA71023}.Release|x86.ActiveCfg = Release|Win32
		{5B487B3A-55D2-451E-86DE-B8C2BEA71023}.Release|x86.Build.0 = Release|Win32
		{3C43138A-0CFC-45AD-A0F5-04F614EEECF8}.Debug|x64.ActiveCfg = Debug|x64
		{3C43138A-0CFC-45AD-A0F5-04F614EEECF8}.Debug|x64.Build.0 = Debug|x64
		{3C43138A-0CFC-45AD-A0F5-04F614EEECF8}.Debug|x86.ActiveCfg = Debug|Win32
		{3C43138A-0CFC-45AD-A0F5-04F614EEECF8}.Debug|x86.Build.0 = Debug|Win32
		{3C43138A-0CFC-45AD-A0F5-04F614EEECF8}.Release|x64.ActiveCfg = Release|x64
		{3C43138A-0CFC-45AD-A0F5-04F614EEECF8}.Release|x64.Build.0 = Release|x64
		{3C43138A-0CFC-45AD-A0F5-04F614EEECF8}.Release|x86.ActiveCfg = Release|Win32
		{3C43138A-0CFC-45AD-A0F5-04F614EEECF8}.Release|x86.Build.0 = Release|Win32
		{C749534B-872B-4E79-9592-4C63AC8F0920}.Debug|x64.ActiveCfg = Debug|x64
		{C749534B-872B-4E79-9592-4C63AC8F0920}.Debug|x64.Build.0 = Debug|x64
		{C749534B-872B-4E79-9592-4C63AC8F0920}.Debug|x86.ActiveCfg = Debug|Win32
		{C749534B-872B-4E79-9592-4C63AC8F0920}.Debug|x86.Build.0 = Debug|Win32
		{C749534B-872B-4E79-9592-4C63AC8F0920}.Release|x64.ActiveCfg = Release|x64
		{C749534B-872B-4E79-9592-4C63AC8F0920}.Release|x64.Build.0 = Release|x64
		{C749534B-872B-4E79-9592-4C63AC8F0920}.Release|x86.ActiveCfg = Release|Win32
		{C749534B-872B-4E79-9592-4C63AC8F0920}.Release|x86.Build.0 = Release|Win32
		{7BDB930C-9BAE-4053-8E22-8E27F6DA01F5}.Debug|x64.ActiveCfg = Debug|x64
		{7BDB930C-9BAE-4053-8E22-8E27F6DA01F5}.Debug|x64.Build.0 = Debug|x64
		{7BDB930C-9BAE-4053-8E22-8E27F6DA01F5}.Debug|x86.ActiveCfg = Debug|Win32
		{7BDB930C-9BAE-4053-8E22-8E27F6DA01F5}.Debug|x86.Build.0 = Debug|Win32
		{7BDB930C-9BAE-4053-8E22-8E27F6DA01F5}.Release|x64.ActiveCfg = Release|x64
		{7BDB930C-9BAE-4053-8E22-8E27F6DA01F5}.Release|x64.Build.0 = Release|x64
		{7BDB930C-9BAE-4053-8E22-8E27F6DA01F5}.Release|x86.ActiveCfg = Release|Win32
		{7BDB930C-9BAE-4053-8E22-8E27F6DA01F5}.Release|x86.Build.0 = Release|Win32
		{DCEC5E16-6453-433A-8BD4-158F1168B85B}.Debug|x64.ActiveCfg = Debug|x64
		{DCEC5E16-6453-433A-8BD4-158F1168B85B}.Debug|x64.Build.0 = Debug|x64
		{DCEC5E16-6453-433A-8BD4-158F1168B85B}.Debug|x86.ActiveCfg = Debug|Win32
		{DCEC5E16-6453-433A-8BD4-158F1168B85B}.Debug|x86.Build.0 = Debug|Win32
		{DCEC5E16-6453-433A-8BD4-158F1168B85B}.Release|x64.ActiveCfg = Release|x64
		{DCEC5E16-6453-433A-8BD4-158F1168B85B}.Release|x64.Build.0 = Release|x64
		{DCEC5E16-6453-433A-8BD4-158F1168B85B}.Release|x86.ActiveCfg = Release|Win32
		{DCEC5E16-6453-433A-8BD4-158F1168B85B}.Release|x86.Build.0 = Release|Win32
		{0C0FC9A1-B6AE-4A0B-A1CB-FA5BB1A9D64B}.Debug|x64.ActiveCfg = Debug|x64
		{0C0FC9A1-B6AE-4A0B-A1CB-FA5BB1A9D64B}.Debug|x64.Build.0 = Debug|x64
		{0C0FC9A1-B6AE-4A0B-A1CB-FA5BB1A9D64B}.Debug|x86.ActiveCfg = Debug|Win32
		{0C0FC9A1-B6AE-4A0B-A1CB-FA5BB1A9D64B}.Debug|x86.Build.0 = Debug|Win32
		{0C0FC9A1-B6AE-4A0B-A1CB-FA5BB1A9D64B}.Release|x64.ActiveCfg = Release|x64
		{0C0FC9A1-B6AE-4A0B-A1CB-FA5BB1A9D64B}.Release|x64.Build.0 = Release|x64
		{0C0FC9A1-B6AE-4A0B-A1CB-FA5BB1A9D64B}.Release|x86.ActiveCfg = Release|Win32
		{0C0FC9A1-B6AE-4A0B-A1CB-FA5BB1A9D64B}.Release|x86.Build.0 = Release|Win32
		{CA997129-84AC-471E-9F02-F2400E2265C1}.Debug|x64.ActiveCfg = Debug|x64
		{CA997129-84AC-471E-9F02-F2400E2265C1}.Debug|x64.Build.0 = Debug|x64
		{CA997129-84AC-471E-9F02-F2400E2265C1}.Debug|x86.ActiveCfg = Debug|Win32
		{CA997129-84AC-471E-9F02-F2400E2265C1}.Debug|x86.Build.0 = Debug|Win32
		{CA997129-84AC-471E-9F02-F2400E2265C1}.Release|x64.ActiveCfg = Release|x64
		{CA997129-84AC-471E-9F02-F2400E2265C1}.Release|x64.Build.0 = Release|x64
		{CA997129-84AC-471E-9F02-F2400E2265C1}.Release|x86.ActiveCfg = Release|Win32
		{CA997129-84AC-471E-9F02-F2400E2265C1}.Release|x86.Build.0 = Release|Win32
		{9FCCC7EA-4DD9-43D0-9B9C-AA6D3F71B80C}.Debug|x64.ActiveCfg = Debug|x64
		{9FCCC7EA-4DD9-43D0-9B9C-AA6D3F71B80C}.Debug|x64.Build.0 = Debug|x64
		{9FCCC7EA-4DD9-43D0-9B9C-AA6D3F71B80C}.Debug|x86.ActiveCfg = Debug|Win32
		{9FCCC7EA-4DD9-43D0-9B9C-AA6D3F71B80C}.Debug|x86.Build.0 = Debug|Win32
		{9FCCC7EA-4DD9-43D0-9B9C-AA6D3F71B80C}.Release|x64.ActiveCfg = Release|x64
		{9FCCC7EA-4DD9-43D0-9B9C-AA6D3F71B80C}.Release|x64.Build.0 = Release|x64
		{9FCCC7EA-4DD9-43D0-9B9C-AA6D3F71B80C}.Release|x86.ActiveCfg = Release|Win32
		{9FCCC7EA-4DD9-43D0-9B9C-AA6D3F71B80C}.Release|x86.Build.0 = Release|Win32
		{697026DB-455A-4268-978E-BA146E18C1BB}.Debug|x64.ActiveCfg = Debug|x64
		{697026DB-455A-4268-978E-BA146E18C1BB}.Debug|x64.Build.0 = Debug|x64
		{697026DB-455A-4268-978E-BA146E18C1BB}.Debug|x86.ActiveCfg = Debug|Win32
		{697026DB-455A-4268-978E-BA146E18C1BB}.Debug|x86.Build.0 = Debug|Win32
		{697026DB-455A-4268-978E-BA146E18C1BB}.Release|x64.ActiveCfg = Release|x64
		{697026DB-455A-4268-978E-BA146E18C1BB}.Release|x64.Build.0 = Release|x64
		{697026DB-455A-4268-978E-BA146E18C1BB}.Release|x86.ActiveCfg = Release|Win32
		{697026DB-455A-4268-978E-BA146E18C1BB}.Release|x86.Build.0 = Release|Win32
		{E2B0F11B-7DD9-4038-9A2B-822DB7BF2103}.Debug|x64.ActiveCfg = Debug|x64
		{E2B0F11B-7DD9-4038-9A2B-822DB7BF2103}.Debug|x64.Build.0 = Debug|x64
		{E2B0F11B-7DD9-4038-9A2B-822DB7BF2103}.Debug|x86.ActiveCfg = Debug|Win32
		{E2B0F11B-7DD9-4038-9A2B-822DB7BF2103}.Debug|x86.Build.0 = Debug|Win32
		{E2B0F11B-7DD9-4038-9A2B-822DB7BF2103}.Release|x64.ActiveCfg = Release|x64
		{E2B0F11B-7DD9-4038-9A2B-822DB7BF2103}.Release|x64.Build.0 = Release|x64
		{E2B0F11B-7DD9-4038-9A2B-822DB7BF2103}.Release|x86.ActiveCfg = Release|Win32
		{E2B0F11B-7DD9-4038-9A2B-822DB7BF2103}.Release|x86.Build.0 = Release|Win32
		{79EF0DC5-BC3A-4F21-A886-5CE84A235936}.Debug|x64.ActiveCfg = Debug|x64
		{79EF0DC5-BC3A-4F21-A886-5CE84A235936}.Debug|x64.Build.0 = Debug|x64
		{79EF0DC5-BC3A-4F21-A886-5CE84A235936}.Debug|x86.ActiveCfg = Debug|Win32
		{79EF0DC5-BC3A-4F21-A886-5CE84A235936}.Debug|x86.Build.0 = Debug|Win32
		{79EF0DC5-BC3A-4F21-A886-5CE84A235936}.Release|x64.ActiveCfg = Release|x64
		{79EF0DC5-BC3A-4F21-A886-5CE84A235936}.Release|x64.Build.0 = Release|x64
		{79EF0DC5-BC3A-4F21-A886-5CE84A235936}.Release|x86.ActiveCfg = Release|Win32
		{79EF0DC5-BC3A-4F21-A886-5CE84A235936}.Release|x86.Build.0 = Release|Win32
		{E27F2284-968C-4AC8-A329-D39BAA516B56}.Debug|x64.ActiveCfg = Debug|x64
		{E27F2284-968C-4AC8-A329-D39BAA516B56}.Debug|x64.Build.0 = Debug|x64
		{E27F2284-968C-4AC8-A329-D39BAA516B56}.Debug|x86.ActiveCfg = Debug|Win32
		{E27F2284-968C-4AC8-A329-D39BAA516B56}.Debug|x86.Build.0 = Debug|Win32
		{E27F2284-968C-4AC8-A329-D39BAA516B56}.Release|x64.ActiveCfg = Release|x64
		{E27F2284-968C-4AC8-A329-D39BAA516B56}.Release|x64.Build.0 = Release|x64
		{E27F2284-968C-4AC8-A329-D39BAA516B56}.Release|x86.ActiveCfg = Release|Win32
		{E27F2284-968C-4AC8-A329-D39BAA516B56}.Release|x86.Build.0 = Release|Win32
		{0EA02217-CFDC-467F-9525-359FF3B09D7D}.Debug|x64.ActiveCfg = Debug|x64
		{0EA02217-CFDC-467F-9525-359FF3B09D7D}.Debug|x64.Build.0 = Debug|x64
		{0EA02217-CFDC-467F-9525-359FF3B09D7D}.Debug|x86.ActiveCfg = Debug|Win32
		{0EA02217-CFDC-467F-9525-359FF3B09D7D}.Debug|x86.Build.0 = Debug|Win32
		{0EA02217-CFDC-467F-9525-359FF3B09D7D}.Release|x64.ActiveCfg = Release|x64
		{0EA02217-CFDC-467F-9525-359FF3B09D7D}.Release|x64.Build.0 = Release|x64
		{0EA02217-CFDC-467F-9525-359FF3B09D7D}.Release|x86.ActiveCfg = Release|Win32
		{0EA02217-CFDC-467F-9525-359FF3B09D7D}.Release|x86.Build.0 = Release|Win32
		{785FCBF7-8CF7-4D00-9448-980578A9F8A5}.Debug|x64.ActiveCfg = Debug|x64
		{785FCBF7-8CF7-4D00-9448-980578A9F8A5}.Debug|x64.Build.0 = Debug|x64
		{785FCBF7-8CF7-4D00-9448-980578A9F8A5}.Debug|x86.ActiveCfg = Debug|Win32
		{785FCBF7-8CF7-4D00-9448-980578A9F8A5}.Debug|x86.Build.0 = Debug|Win32
		{785FCBF7-8CF7-4D00-9448-980578A9F8A5}.Release|x64.ActiveCfg = Release|x64
		{785FCBF7-8CF7-4D00-9448-980578A9F8A5}.Release|x64.Build.0 = Release|x64
		{785FCBF7-8CF7-4D00-9448-980578A9F8A5}.Release|x86.ActiveCfg = Release|Win32
		{785FCBF7-8CF7-4D00-9448-980578A9F8A5}.Release|x86.Build.0 = Release|Win32
		{14F63AC4-8402-40E8-BD00-199719B9C88B}.Debug|x64.ActiveCfg = Debug|x64
		{14F63AC4-8402-40E8-BD00-199719B9C88B}.Debug|x64.Build.0 = Debug|x64
		{14F63AC4-8402-40E8-BD00-199719B9C88B}.Debug|x86.ActiveCfg = Debug|Win32
		{14F63AC4-8402-40E8-BD00-199719B9C88B}.Debug|x86.Build.0 = Debug|Win32
		{14F63AC4-8402-40E8-BD00-199719B9C88B}.Release|x64.ActiveCfg = Release|x64
		{14F63AC4-8402-40E8-BD00-199719B9C88B}.Release|x64.Build.0 = Release|x64
		{14F63AC4-8402-40E8-BD00-199719B9C88B}.Release|x86.ActiveCfg = Release|Win32
		{14F63AC4-8402-40E8-BD00-199719B9C88B}.Release|x86.Build.0 = Release|Win32
		{E704354D-4856-4D23-8017-D663DD2199D7}.Debug|x64.ActiveCfg = Debug|x64
		{E704354D-4856-4D23-8017-D663DD2199D7}.Debug|x64.Build.0 = Debug|x64
		{E704354D-4856-4D23-8017-D663DD2199D7}.Debug|x86.ActiveCfg = Debug|Win32
		{E704354D-4856-4D23-8017-D663DD2199D7}.Debug|x86.Build.0 = Debug|Win32
		{E704354D-4856-4D23-8017-D663DD2199D7}.Release|x64.ActiveCfg = Release|x64
		{E704354D-4856-4D23-8017-D663DD2199D7}.Release|x64.Build.0 = Release|x64
		{E704354D-4856-4D23-8017-D663DD2199D7}.Release|x86.ActiveCfg = Release|Win32
		{E704354D-4856-4D23-8017-D663DD2199D7}.Release|x86.Build.0 = Release|Win32
		{065B46E3-3CF9-4FD9-BC12-F2FFD894348E}.Debug|x64.ActiveCfg = Debug|x64
		{065B46E3-3CF9-4FD9-BC12-F2FFD894348E}.Debug|x64.Build.0 = Debug|x64
		{065B46E3-3CF9-4FD9-BC12-F2FFD894348E}.Debug|x86.ActiveCfg = Debug|Win32
		{065B46E3-3CF9-4FD9-BC12-F2FFD894348E}.Debug|x86.Build.0 = Debug|Win32
		{065B46E3-3CF9-4FD9-BC12-F2FFD894348E}.Release|x64.ActiveCfg = Release|x64
		{065B46E3-3CF9-4FD9-BC12-F2FFD894348E}.Release|x64.Build.0 = Release|x64
		{065B46E3-3CF9-4FD9-BC12-F2FFD894348E}.Release|x86.ActiveCfg = Release|Win32
		{065B46E3-3CF9-4FD9-BC12-F2FFD894348E}.Release|x86.Build.0 = Release|Win32
		{6BF29D8A-4658-4047-9EE2-F213AD2D80E5}.Debug|x64.ActiveCfg = Debug|x64
		{6BF29D8A-4658-4047-9EE2-F213AD2D80E5}.Debug|x64.Build.0 = Debug|x64
		{6BF29D8A-4658-4047-9EE2-F213AD2D80E5}.Debug|x86.ActiveCfg = Debug|Win32
		{6BF29D8A-4658-4047-9EE2-F213AD2D80E5}.Debug|x86.Build.0 = Debug|Win32
		{6BF29D8A-4658-4047-9EE2-F213AD2D80E5}.Release|x64.ActiveCfg = Release|x64
		{6BF29D8A-4658-4047-9EE2-F213AD2D80E5}.Release|x64.Build.0 = Release|x64
		{6BF29D8A-4658-4047-9EE2-F213AD2D80E5}.Release|x86.ActiveCfg = Release|Win32
		{6BF29D8A-4658-4047-9EE2-F213AD2D80E5}.Release|x86.Build.0 = Release|Win32
		{874148A2-1A9E-4A94-9870-DCE619D06159}.Debug|x64.ActiveCfg = Debug|x64
		{874148A2-1A9E-4A94-9870-DCE619D06159}.Debug|x64.Build.0 = Debug|x64
		{874148A2-1A9E-4A94-9870-DCE619D06159}.Debug|x86.ActiveCfg = Debug|Win32
		{874148A2-1A9E-4A94-9870-DCE619D06159}.Debug|x86.Build.0 = Debug|Win32
		{874148A2-1A9E-4A94-9870-DCE619D06159}.Release|x64.ActiveCfg = Release|x64
		{874148A2-1A9E-4A94-9870-DCE619D06159}.Release|x64.Build.0 = Release|x64
		{874148A2-1A9E-4A94-9870-DCE619D06159}.Release|x86.ActiveCfg = Release|Win32
		{874148A2-1A9E-4A94-9870-DCE619D06159}.Release|x86.Build.0 = Release|Win32
		{3BF7FDF8-3F4D-470C-B683-D896604247FB}.Debug|x64.ActiveCfg = Debug|x64
		{3BF7FDF8-3F4D-470C-B683-D896604247FB}.Debug|x64.Build.0 = Debug|x64
		{3BF7FDF8-3F4D-470C-B683-D896604247FB}.Debug|x86.ActiveCfg = Debug|Win32
		{3BF7FDF8-3F4D-470C-B683-D896604247FB}.Debug|x86.Build.0 = Debug|Win32
		{3BF7FDF8-3F4D-470C-B683-D896604247FB}.Release|x64.ActiveCfg = Release|x64
		{3BF7FDF8-3F4D-470C-B683-D896604247FB}.Release|x64.Build.0 = Release|x64
		{3BF7FDF8-3F4D-470C-B683-D896604247FB}.Release|x86.ActiveCfg = Release|Win32
		{3BF7FDF8-3F4D-470C-B683-D896604247FB}.Release|x86.Build.0 = Release|Win32
		{81A4DC56-1E08-45BE-A669-CC82B7179C54}.Debug|x64.ActiveCfg = Debug|x64
		{81A4DC56-1E08-45BE-A669-CC82B7179C54}.Debug|x64.Build.0 = Debug|x64
		{81A4DC56-1E08-45BE-A669-CC82B7179C54}.Debug|x86.ActiveCfg = Debug|Win32
		{81A4DC56-1E08-45BE-A669-CC82B7179C54}.Debug|x86.Build.0 = Debug|Win32
		{81A4DC56-1E08-45BE-A669-CC82B7179C54}.Release|x64.ActiveCfg = Release|x64
		{81A4DC56-1E08-45BE-A669-CC82B7179C54}.Release|x64.Build.0 = Release|x64
		{81A4DC56-1E08-45BE-A669-CC82B7179C54}.Release|x86.ActiveCfg = Release|Win32
		{81A4DC56-1E08-45BE-A669-CC82B7179C54}.Release|x86.Build.0 = Release|Win32
		{06000B3B-807A-40DB-A7AD-998F43BC4E4A}.Debug|x64.ActiveCfg = Debug|x64
		{06000B3B-807A-40DB-A7AD-998F43BC4E4A}.Debug|x64.Build.0 = Debug|x64
		{06000B3B-807A-40DB-A7AD-998F43BC4E4A}.Debug|x86.ActiveCfg = Debug|Win32
		{06000B3B-807A-40DB-A7AD-998F43BC4E4A}.Debug|x86.Build.0 = Debug|Win32
		{06000B3B-807A-40DB-A7AD-998F43BC4E4A}.Release|x64.ActiveCfg = Release|x64
		{06000B3B-807A-40DB-A7AD-998F43BC4E4A}.Release|x64.Build.0 = Release|x64
		{06000B3B-807A-40DB-A7AD-998F43BC4E4A}.Release|x86.ActiveCfg = Release|Win32
		{06000B3B-807A-40DB-A7AD-998F43BC4E4A}.Release|x86.Build.0 = Release|Win32
		{8C61D6F7-1791-4F1A-8687-9E846F97924C}.Debug|x64.ActiveCfg = Debug|x64
		{8C61D6F7-1791-4F1A-8687-9E846F97924C}.Debug|x64.Build.0 = Debug|x64
		{8C61D6F7-1791-4F1A-8687-9E846F97924C}.Debug|x86.ActiveCfg = Debug|Win32
		{8C61D6F7-1791-4F1A-8687-9E846F97924C}.Debug|x86.Build.0 = Debug|Win32
		{8C61D6F7-1791-4F1A-8687-9E846F97924C}.Release|x64.ActiveCfg = Release|x64
		{8C61D6F7-1791-4F1A-8687-9E846F97924C}.Release|x64.Build.0 = Release|x64
		{8C61D6F7-1791-4F1A-8687-9E846F97924C}.Release|x86.ActiveCfg = Release|Win32
		{8C61D6F7-1791-4F1A-8687-9E846F97924C}.Release|x86.Build.0 = Release|Win32
		{D2260B96-B7A4-425D-BF0E-2EE55CF3D1FE}.Debug|x64.ActiveCfg = Debug|x64
		{D2260B96-B7A4-425D-BF0E-2EE55CF3D1FE}.Debug|x64.Build.0 = Debug|x64
		{D2260B96-B7A4-425D-BF0E-2EE55CF3D1FE}.Debug|x86.ActiveCfg = Debug|Win32
		{D2260B96-B7A4-425D-BF0E-2EE55CF3D1FE}.Debug|x86.Build.0 = Debug|Win32
		{D2260B96-B7A4-425D-BF0E-2EE55CF3D1FE}.Release|x64.ActiveCfg = Release|x64
		{D2260B96-B7A4-425D-BF0E-2EE55CF3D1FE}.Release|x64.Build.0 = Release|x64
		{D2260B96-B7A4-425D-BF0E-2EE55CF3D1FE}.Release|x86.ActiveCfg = Release|Win32
		{D2260B96-B7A4-425D-BF0E-2EE55CF3D1FE}.Release|x86.Build.0 = Release|Win32
		{65C23973-7310-4361-99B4-4A61DB868102}.Debug|x64.ActiveCfg = Debug|x64
		{65C23973-7310-4361-99B4-4A61DB868102}.Debug|x64.Build.0 = Debug|x64
		{65C23973-7310-4361-99B4-4A61DB868102}.Debug|x86.ActiveCfg = Debug|Win32
		{65C23973-7310-4361-99B4-4A61DB868102}.Debug|x86.Build.0 = Debug|Win32
		{65C23973-7310-4361-99B4-4A61DB868102}.Release|x64.ActiveCfg = Release|x64
		{65C23973-7310-4361-99B4-4A61DB868102}.Release|x64.Build.0 = Release|x64
		{65C23973-7310-4361-99B4-4A61DB868102}.Release|x86.ActiveCfg = Release|Win32
		{65C23973-7310-4361-99B4-4A61DB868102}.Release|x86.Build.0 = Release|Win32
		{2F29B2E8-D908-4B33-886B-D747EB44BE52}.Debug|x64.ActiveCfg = Debug|x64
		{2F29B2E8-D908-4B33-886B-D747EB44BE52}.Debug|x64.Build.0 = Debug|x64
		{2F29B2E8-D908-4B33-886B-D747EB44BE52}.Debug|x86.ActiveCfg = Debug|Win32
		{2F29B2E8-D908-4B33-886B-D747EB44BE52}.Debug|x86.Build.0 = Debug|Win32
		{2F29B2E8-D908-4B33-886B-D747EB44BE52}.Release|x64.ActiveCfg = Release|x64
		{2F29B2E8-D908-4B33-886B-D747EB44BE52}.Release|x64.Build.0 = Release|x64
		{2F29B2E8-D908-4B33-886B-D747EB44BE52}.Release|x86.ActiveCfg = Release|Win32
		{2F29B2E8-D908-4B33-886B-D747EB44BE52}.Release|x86.Build.0 = Release|Win32
		{5EAA18EB-0248-4E09-8E01-7E8C1E45B39E}.Debug|x64.ActiveCfg = Debug|x64
		{5EAA18EB-0248-4E09-8E01-7E8C1E45B39E}.Debug|x64.Build.0 = Debug|x64
		{5EAA18EB-0248-4E09-8E01-7E8C1E45B39E}.Debug|x86.ActiveCfg = Debug|Win32
		{5EAA18EB-0248-4E09-8E01-7E8C1E45B39E}.Debug|x86.Build.0 = Debug|Win32
		{5EAA18EB-0248-4E09-8E01-7E8C1E45B39E}.Release|x64.ActiveCfg = Release|x64
		{5EAA18EB-0248-4E09-8E01-7E8C1E45B39E}.Release|x64.Build.0 = Release|x64
		{5EAA18EB-0248-4E09-8E01-7E8C1E45B39E}.Release|x86.ActiveCfg = Release|Win32
		{5EAA18EB-0248-4E09-8E01-7E8C1E45B39E}.Release|x86.Build.0 = Release|Win32
		{FD8212A8-236A-443C-91B1-AF3A84F61F6B}.Debug|x64.ActiveCfg = Debug|x64
		{FD8212A8-236A-443C-91B1-AF3A84F61F6B}.Debug|x64.Build.0 = Debug|x64
		{FD8212A8-236A-443C-91B1-AF3A84F61F6B}.Debug|x86.ActiveCfg = Debug|Win32
		{FD8212A8-236A-443C-91B1-AF3A84F61F6B}.Debug|x86.Build.0 = Debug|Win32
		{FD8212A8-236A-443C-91B1-AF3A84F61F6B}.Release|x64.ActiveCfg = Release|x64
		{FD8212A8-236A-443C-91B1-AF3A84F61F6B}.Release|x64.Build.0 = Release|x64
		{FD8212A8-236A-443C-91B1-AF3A84F61F6B}.Release|x86.ActiveCfg = Release|Win32
		{FD8212A8-236A-443C-91B1-AF3A84F61F6B}.Release|x86.Build.0 = Release|Win32
		{A00FEDCA-FB5B-4C2C-A343-87314312CDF7}.Debug|x64.ActiveCfg = Debug|x64
		{A00FEDCA-FB5B-4C2C-A343-87314312CDF7}.Debug|x64.Build.0 = Debug|x64
		{A00FEDCA-FB5B-4C2C-A343-87314312CDF7}.Debug|x86.ActiveCfg = Debug|Win32
		{A00FEDCA-FB5B-4C2C-A343-87314312CDF7}.Debug|x86.Build.0 = Debug|Win32
		{A00FEDCA-FB5B-4C2C-A343-87314312CDF7}.Release|x64.ActiveCfg = Release|x64
		{A00FEDCA-FB5B-4C2C-A343-87314312CDF7}.Release|x64.Build.0 = Release|x64
		{A00FEDCA-FB5B-4C2C-A343-87314312CDF7}.Release|x86.ActiveCfg = Release|Win32
		{A00FEDCA-FB5B-4C2C-A343-87314312CDF7}.Release|x86.Build.0 = Release|Win32
	EndGlobalSection
	GlobalSection(SolutionProperties) = preSolution
		HideSolutionNode = FALSE
	EndGlobalSection
	GlobalSection(ExtensibilityGlobals) = postSolution
		SolutionGuid = {3F58BB0E-1E7E-4E05-B2D9-B1EA146AD6A5}
	EndGlobalSection
EndGlobal
