
Microsoft Visual Studio Solution File, Format Version 12.00
# Visual Studio Version 17
VisualStudioVersion = 17.10.34928.147
MinimumVisualStudioVersion = 10.0.40219.1
Project("{8BC9CEB8-8B4A-11D0-8D11-00A0C91BC942}") = "01. Array1", "01. Array1\01. Array1.vcxproj", "{637DED90-41B7-4707-8612-783E269902B7}"
EndProject
Project("{8BC9CEB8-8B4A-11D0-8D11-00A0C91BC942}") = "02. Array2", "02. Array2\02. Array2.vcxproj", "{FDEB79D2-4E37-431C-B3AC-C6D0D76A541A}"
EndProject
Project("{8BC9CEB8-8B4A-11D0-8D11-00A0C91BC942}") = "03. Array3", "03. Array3\03. Array3.vcxproj", "{9BC6D492-5410-40D9-91B4-3D3119BEA0D6}"
EndProject
Project("{8BC9CEB8-8B4A-11D0-8D11-00A0C91BC942}") = "04. Array4", "04. Array4\04. Array4.vcxproj", "{79373696-29F9-4951-8731-13D88E122DEE}"
EndProject
Project("{8BC9CEB8-8B4A-11D0-8D11-00A0C91BC942}") = "05. Array5", "05. Array5\05. Array5.vcxproj", "{4484B9E8-04AC-40E4-9B59-7A8DB80E2027}"
EndProject
Project("{8BC9CEB8-8B4A-11D0-8D11-00A0C91BC942}") = "06. Array6", "06. Array6\06. Array6.vcxproj", "{BDC6A462-68D9-4DE5-B9E0-5EACE4260027}"
EndProject
Project("{8BC9CEB8-8B4A-11D0-8D11-00A0C91BC942}") = "07. Array7", "07. Array7\07. Array7.vcxproj", "{BAA25CAA-BF9B-4B25-B0BA-D6AB6DA86CBB}"
EndProject
Project("{8BC9CEB8-8B4A-11D0-8D11-00A0C91BC942}") = "08. Array8", "08. Array8\08. Array8.vcxproj", "{B9519154-0179-4E9D-82ED-E878ECB80375}"
EndProject
Project("{8BC9CEB8-8B4A-11D0-8D11-00A0C91BC942}") = "09. Pointer1", "09. Pointer1\09. Pointer1.vcxproj", "{CD99092B-DD64-4D49-879A-60B88FE7A037}"
EndProject
Project("{8BC9CEB8-8B4A-11D0-8D11-00A0C91BC942}") = "10. Pointer2", "10. Pointer2\10. Pointer2.vcxproj", "{1098F57D-3BCA-4540-B6DD-160923597F07}"
EndProject
Project("{8BC9CEB8-8B4A-11D0-8D11-00A0C91BC942}") = "11. Pointer3", "11. Pointer3\11. Pointer3.vcxproj", "{F82B4EA1-5874-4D2D-B434-D36F328BCFF7}"
EndProject
Project("{8BC9CEB8-8B4A-11D0-8D11-00A0C91BC942}") = "12. Pointer4", "12. Pointer3\12. Pointer3.vcxproj", "{46896620-7E4B-42EB-AF8F-577E4D52904E}"
EndProject
Project("{8BC9CEB8-8B4A-11D0-8D11-00A0C91BC942}") = "13. Pointer5", "13. Pointer5\13. Pointer5.vcxproj", "{39584FF2-F53B-40C4-8C93-612372AE1AFE}"
EndProject
Project("{8BC9CEB8-8B4A-11D0-8D11-00A0C91BC942}") = "14. Pointer6", "14. Pointer6\14. Pointer6.vcxproj", "{6C9AD8C1-E010-4D6D-9E93-3DF27C85942F}"
EndProject
Project("{8BC9CEB8-8B4A-11D0-8D11-00A0C91BC942}") = "15. Pointer7", "15. Pointer7\15. Pointer7.vcxproj", "{3C3508BD-B226-49CB-A676-AB50A23D48D7}"
EndProject
Project("{8BC9CEB8-8B4A-11D0-8D11-00A0C91BC942}") = "16. Pointer8", "18. Pointer7\18. Pointer7.vcxproj", "{2F97AD1C-D299-4907-BA0B-22EDEDF24BA0}"
EndProject
Project("{8BC9CEB8-8B4A-11D0-8D11-00A0C91BC942}") = "17. Pointer9", "17. Pointer8\17. Pointer8.vcxproj", "{62F01571-1F26-48D5-B166-42989442A7B9}"
EndProject
Project("{8BC9CEB8-8B4A-11D0-8D11-00A0C91BC942}") = "18 Pointer10", "18 Pointer9\18 Pointer9.vcxproj", "{DE5072BD-9CAE-4A7A-987F-FF48848A8E70}"
EndProject
Project("{8BC9CEB8-8B4A-11D0-8D11-00A0C91BC942}") = "19. String1", "20. String1\20. String1.vcxproj", "{CACF1DC1-BD07-40A3-A9BA-33F37C42FBB8}"
EndProject
Project("{8BC9CEB8-8B4A-11D0-8D11-00A0C91BC942}") = "20. String2", "21. String2\21. String2.vcxproj", "{4AF5ABA0-EDD8-412A-A3F9-91E956C325C8}"
EndProject
Project("{8BC9CEB8-8B4A-11D0-8D11-00A0C91BC942}") = "21. String3", "21. String3\21. String3.vcxproj", "{02FE186E-06C9-4D72-A4F8-13BA1FB9B555}"
EndProject
Project("{8BC9CEB8-8B4A-11D0-8D11-00A0C91BC942}") = "22. String4", "22. String4\22. String4.vcxproj", "{7E89A957-A37A-444B-AEED-ACEA7E80817E}"
EndProject
Project("{8BC9CEB8-8B4A-11D0-8D11-00A0C91BC942}") = "23. String5", "23. String3\23. String3.vcxproj", "{890B1C5D-2726-4C52-AA94-1CDD0D766A5B}"
EndProject
Project("{8BC9CEB8-8B4A-11D0-8D11-00A0C91BC942}") = "24. String6", "24. String6\24. String6.vcxproj", "{41C58713-5B09-448F-A6CB-247B39A38908}"
EndProject
Project("{8BC9CEB8-8B4A-11D0-8D11-00A0C91BC942}") = "25. Struct1", "25. Struct1\25. Struct1.vcxproj", "{A0B22718-F7BA-429B-A9CD-C8C79873929B}"
EndProject
Project("{8BC9CEB8-8B4A-11D0-8D11-00A0C91BC942}") = "26. Struct2", "26. Struct2\26. Struct2.vcxproj", "{34885717-99EB-493C-94AC-3401039C1054}"
EndProject
Project("{8BC9CEB8-8B4A-11D0-8D11-00A0C91BC942}") = "27. Struct3", "27. Struct3\27. Struct3.vcxproj", "{B9429A99-CB0F-401D-9FEF-EE9DAC763455}"
EndProject
Project("{8BC9CEB8-8B4A-11D0-8D11-00A0C91BC942}") = "28. Struct4", "28. Struct4\28. Struct4.vcxproj", "{E267D857-F7FE-4772-AE35-A1C5BB1A5A88}"
EndProject
Project("{8BC9CEB8-8B4A-11D0-8D11-00A0C91BC942}") = "29. Struct5", "29. Struct5\29. Struct5.vcxproj", "{E96B0A1A-6B37-41A2-B114-D012CBB8E63A}"
EndProject
Global
	GlobalSection(SolutionConfigurationPlatforms) = preSolution
		Debug|x64 = Debug|x64
		Debug|x86 = Debug|x86
		Release|x64 = Release|x64
		Release|x86 = Release|x86
	EndGlobalSection
	GlobalSection(ProjectConfigurationPlatforms) = postSolution
		{637DED90-41B7-4707-8612-783E269902B7}.Debug|x64.ActiveCfg = Debug|x64
		{637DED90-41B7-4707-8612-783E269902B7}.Debug|x64.Build.0 = Debug|x64
		{637DED90-41B7-4707-8612-783E269902B7}.Debug|x86.ActiveCfg = Debug|Win32
		{637DED90-41B7-4707-8612-783E269902B7}.Debug|x86.Build.0 = Debug|Win32
		{637DED90-41B7-4707-8612-783E269902B7}.Release|x64.ActiveCfg = Release|x64
		{637DED90-41B7-4707-8612-783E269902B7}.Release|x64.Build.0 = Release|x64
		{637DED90-41B7-4707-8612-783E269902B7}.Release|x86.ActiveCfg = Release|Win32
		{637DED90-41B7-4707-8612-783E269902B7}.Release|x86.Build.0 = Release|Win32
		{FDEB79D2-4E37-431C-B3AC-C6D0D76A541A}.Debug|x64.ActiveCfg = Debug|x64
		{FDEB79D2-4E37-431C-B3AC-C6D0D76A541A}.Debug|x64.Build.0 = Debug|x64
		{FDEB79D2-4E37-431C-B3AC-C6D0D76A541A}.Debug|x86.ActiveCfg = Debug|Win32
		{FDEB79D2-4E37-431C-B3AC-C6D0D76A541A}.Debug|x86.Build.0 = Debug|Win32
		{FDEB79D2-4E37-431C-B3AC-C6D0D76A541A}.Release|x64.ActiveCfg = Release|x64
		{FDEB79D2-4E37-431C-B3AC-C6D0D76A541A}.Release|x64.Build.0 = Release|x64
		{FDEB79D2-4E37-431C-B3AC-C6D0D76A541A}.Release|x86.ActiveCfg = Release|Win32
		{FDEB79D2-4E37-431C-B3AC-C6D0D76A541A}.Release|x86.Build.0 = Release|Win32
		{9BC6D492-5410-40D9-91B4-3D3119BEA0D6}.Debug|x64.ActiveCfg = Debug|x64
		{9BC6D492-5410-40D9-91B4-3D3119BEA0D6}.Debug|x64.Build.0 = Debug|x64
		{9BC6D492-5410-40D9-91B4-3D3119BEA0D6}.Debug|x86.ActiveCfg = Debug|Win32
		{9BC6D492-5410-40D9-91B4-3D3119BEA0D6}.Debug|x86.Build.0 = Debug|Win32
		{9BC6D492-5410-40D9-91B4-3D3119BEA0D6}.Release|x64.ActiveCfg = Release|x64
		{9BC6D492-5410-40D9-91B4-3D3119BEA0D6}.Release|x64.Build.0 = Release|x64
		{9BC6D492-5410-40D9-91B4-3D3119BEA0D6}.Release|x86.ActiveCfg = Release|Win32
		{9BC6D492-5410-40D9-91B4-3D3119BEA0D6}.Release|x86.Build.0 = Release|Win32
		{79373696-29F9-4951-8731-13D88E122DEE}.Debug|x64.ActiveCfg = Debug|x64
		{79373696-29F9-4951-8731-13D88E122DEE}.Debug|x64.Build.0 = Debug|x64
		{79373696-29F9-4951-8731-13D88E122DEE}.Debug|x86.ActiveCfg = Debug|Win32
		{79373696-29F9-4951-8731-13D88E122DEE}.Debug|x86.Build.0 = Debug|Win32
		{79373696-29F9-4951-8731-13D88E122DEE}.Release|x64.ActiveCfg = Release|x64
		{79373696-29F9-4951-8731-13D88E122DEE}.Release|x64.Build.0 = Release|x64
		{79373696-29F9-4951-8731-13D88E122DEE}.Release|x86.ActiveCfg = Release|Win32
		{79373696-29F9-4951-8731-13D88E122DEE}.Release|x86.Build.0 = Release|Win32
		{4484B9E8-04AC-40E4-9B59-7A8DB80E2027}.Debug|x64.ActiveCfg = Debug|x64
		{4484B9E8-04AC-40E4-9B59-7A8DB80E2027}.Debug|x64.Build.0 = Debug|x64
		{4484B9E8-04AC-40E4-9B59-7A8DB80E2027}.Debug|x86.ActiveCfg = Debug|Win32
		{4484B9E8-04AC-40E4-9B59-7A8DB80E2027}.Debug|x86.Build.0 = Debug|Win32
		{4484B9E8-04AC-40E4-9B59-7A8DB80E2027}.Release|x64.ActiveCfg = Release|x64
		{4484B9E8-04AC-40E4-9B59-7A8DB80E2027}.Release|x64.Build.0 = Release|x64
		{4484B9E8-04AC-40E4-9B59-7A8DB80E2027}.Release|x86.ActiveCfg = Release|Win32
		{4484B9E8-04AC-40E4-9B59-7A8DB80E2027}.Release|x86.Build.0 = Release|Win32
		{BDC6A462-68D9-4DE5-B9E0-5EACE4260027}.Debug|x64.ActiveCfg = Debug|x64
		{BDC6A462-68D9-4DE5-B9E0-5EACE4260027}.Debug|x64.Build.0 = Debug|x64
		{BDC6A462-68D9-4DE5-B9E0-5EACE4260027}.Debug|x86.ActiveCfg = Debug|Win32
		{BDC6A462-68D9-4DE5-B9E0-5EACE4260027}.Debug|x86.Build.0 = Debug|Win32
		{BDC6A462-68D9-4DE5-B9E0-5EACE4260027}.Release|x64.ActiveCfg = Release|x64
		{BDC6A462-68D9-4DE5-B9E0-5EACE4260027}.Release|x64.Build.0 = Release|x64
		{BDC6A462-68D9-4DE5-B9E0-5EACE4260027}.Release|x86.ActiveCfg = Release|Win32
		{BDC6A462-68D9-4DE5-B9E0-5EACE4260027}.Release|x86.Build.0 = Release|Win32
		{BAA25CAA-BF9B-4B25-B0BA-D6AB6DA86CBB}.Debug|x64.ActiveCfg = Debug|x64
		{BAA25CAA-BF9B-4B25-B0BA-D6AB6DA86CBB}.Debug|x64.Build.0 = Debug|x64
		{BAA25CAA-BF9B-4B25-B0BA-D6AB6DA86CBB}.Debug|x86.ActiveCfg = Debug|Win32
		{BAA25CAA-BF9B-4B25-B0BA-D6AB6DA86CBB}.Debug|x86.Build.0 = Debug|Win32
		{BAA25CAA-BF9B-4B25-B0BA-D6AB6DA86CBB}.Release|x64.ActiveCfg = Release|x64
		{BAA25CAA-BF9B-4B25-B0BA-D6AB6DA86CBB}.Release|x64.Build.0 = Release|x64
		{BAA25CAA-BF9B-4B25-B0BA-D6AB6DA86CBB}.Release|x86.ActiveCfg = Release|Win32
		{BAA25CAA-BF9B-4B25-B0BA-D6AB6DA86CBB}.Release|x86.Build.0 = Release|Win32
		{B9519154-0179-4E9D-82ED-E878ECB80375}.Debug|x64.ActiveCfg = Debug|x64
		{B9519154-0179-4E9D-82ED-E878ECB80375}.Debug|x64.Build.0 = Debug|x64
		{B9519154-0179-4E9D-82ED-E878ECB80375}.Debug|x86.ActiveCfg = Debug|Win32
		{B9519154-0179-4E9D-82ED-E878ECB80375}.Debug|x86.Build.0 = Debug|Win32
		{B9519154-0179-4E9D-82ED-E878ECB80375}.Release|x64.ActiveCfg = Release|x64
		{B9519154-0179-4E9D-82ED-E878ECB80375}.Release|x64.Build.0 = Release|x64
		{B9519154-0179-4E9D-82ED-E878ECB80375}.Release|x86.ActiveCfg = Release|Win32
		{B9519154-0179-4E9D-82ED-E878ECB80375}.Release|x86.Build.0 = Release|Win32
		{CD99092B-DD64-4D49-879A-60B88FE7A037}.Debug|x64.ActiveCfg = Debug|x64
		{CD99092B-DD64-4D49-879A-60B88FE7A037}.Debug|x64.Build.0 = Debug|x64
		{CD99092B-DD64-4D49-879A-60B88FE7A037}.Debug|x86.ActiveCfg = Debug|Win32
		{CD99092B-DD64-4D49-879A-60B88FE7A037}.Debug|x86.Build.0 = Debug|Win32
		{CD99092B-DD64-4D49-879A-60B88FE7A037}.Release|x64.ActiveCfg = Release|x64
		{CD99092B-DD64-4D49-879A-60B88FE7A037}.Release|x64.Build.0 = Release|x64
		{CD99092B-DD64-4D49-879A-60B88FE7A037}.Release|x86.ActiveCfg = Release|Win32
		{CD99092B-DD64-4D49-879A-60B88FE7A037}.Release|x86.Build.0 = Release|Win32
		{1098F57D-3BCA-4540-B6DD-160923597F07}.Debug|x64.ActiveCfg = Debug|x64
		{1098F57D-3BCA-4540-B6DD-160923597F07}.Debug|x64.Build.0 = Debug|x64
		{1098F57D-3BCA-4540-B6DD-160923597F07}.Debug|x86.ActiveCfg = Debug|Win32
		{1098F57D-3BCA-4540-B6DD-160923597F07}.Debug|x86.Build.0 = Debug|Win32
		{1098F57D-3BCA-4540-B6DD-160923597F07}.Release|x64.ActiveCfg = Release|x64
		{1098F57D-3BCA-4540-B6DD-160923597F07}.Release|x64.Build.0 = Release|x64
		{1098F57D-3BCA-4540-B6DD-160923597F07}.Release|x86.ActiveCfg = Release|Win32
		{1098F57D-3BCA-4540-B6DD-160923597F07}.Release|x86.Build.0 = Release|Win32
		{F82B4EA1-5874-4D2D-B434-D36F328BCFF7}.Debug|x64.ActiveCfg = Debug|x64
		{F82B4EA1-5874-4D2D-B434-D36F328BCFF7}.Debug|x64.Build.0 = Debug|x64
		{F82B4EA1-5874-4D2D-B434-D36F328BCFF7}.Debug|x86.ActiveCfg = Debug|Win32
		{F82B4EA1-5874-4D2D-B434-D36F328BCFF7}.Debug|x86.Build.0 = Debug|Win32
		{F82B4EA1-5874-4D2D-B434-D36F328BCFF7}.Release|x64.ActiveCfg = Release|x64
		{F82B4EA1-5874-4D2D-B434-D36F328BCFF7}.Release|x64.Build.0 = Release|x64
		{F82B4EA1-5874-4D2D-B434-D36F328BCFF7}.Release|x86.ActiveCfg = Release|Win32
		{F82B4EA1-5874-4D2D-B434-D36F328BCFF7}.Release|x86.Build.0 = Release|Win32
		{46896620-7E4B-42EB-AF8F-577E4D52904E}.Debug|x64.ActiveCfg = Debug|x64
		{46896620-7E4B-42EB-AF8F-577E4D52904E}.Debug|x64.Build.0 = Debug|x64
		{46896620-7E4B-42EB-AF8F-577E4D52904E}.Debug|x86.ActiveCfg = Debug|Win32
		{46896620-7E4B-42EB-AF8F-577E4D52904E}.Debug|x86.Build.0 = Debug|Win32
		{46896620-7E4B-42EB-AF8F-577E4D52904E}.Release|x64.ActiveCfg = Release|x64
		{46896620-7E4B-42EB-AF8F-577E4D52904E}.Release|x64.Build.0 = Release|x64
		{46896620-7E4B-42EB-AF8F-577E4D52904E}.Release|x86.ActiveCfg = Release|Win32
		{46896620-7E4B-42EB-AF8F-577E4D52904E}.Release|x86.Build.0 = Release|Win32
		{39584FF2-F53B-40C4-8C93-612372AE1AFE}.Debug|x64.ActiveCfg = Debug|x64
		{39584FF2-F53B-40C4-8C93-612372AE1AFE}.Debug|x64.Build.0 = Debug|x64
		{39584FF2-F53B-40C4-8C93-612372AE1AFE}.Debug|x86.ActiveCfg = Debug|Win32
		{39584FF2-F53B-40C4-8C93-612372AE1AFE}.Debug|x86.Build.0 = Debug|Win32
		{39584FF2-F53B-40C4-8C93-612372AE1AFE}.Release|x64.ActiveCfg = Release|x64
		{39584FF2-F53B-40C4-8C93-612372AE1AFE}.Release|x64.Build.0 = Release|x64
		{39584FF2-F53B-40C4-8C93-612372AE1AFE}.Release|x86.ActiveCfg = Release|Win32
		{39584FF2-F53B-40C4-8C93-612372AE1AFE}.Release|x86.Build.0 = Release|Win32
		{6C9AD8C1-E010-4D6D-9E93-3DF27C85942F}.Debug|x64.ActiveCfg = Debug|x64
		{6C9AD8C1-E010-4D6D-9E93-3DF27C85942F}.Debug|x64.Build.0 = Debug|x64
		{6C9AD8C1-E010-4D6D-9E93-3DF27C85942F}.Debug|x86.ActiveCfg = Debug|Win32
		{6C9AD8C1-E010-4D6D-9E93-3DF27C85942F}.Debug|x86.Build.0 = Debug|Win32
		{6C9AD8C1-E010-4D6D-9E93-3DF27C85942F}.Release|x64.ActiveCfg = Release|x64
		{6C9AD8C1-E010-4D6D-9E93-3DF27C85942F}.Release|x64.Build.0 = Release|x64
		{6C9AD8C1-E010-4D6D-9E93-3DF27C85942F}.Release|x86.ActiveCfg = Release|Win32
		{6C9AD8C1-E010-4D6D-9E93-3DF27C85942F}.Release|x86.Build.0 = Release|Win32
		{3C3508BD-B226-49CB-A676-AB50A23D48D7}.Debug|x64.ActiveCfg = Debug|x64
		{3C3508BD-B226-49CB-A676-AB50A23D48D7}.Debug|x64.Build.0 = Debug|x64
		{3C3508BD-B226-49CB-A676-AB50A23D48D7}.Debug|x86.ActiveCfg = Debug|Win32
		{3C3508BD-B226-49CB-A676-AB50A23D48D7}.Debug|x86.Build.0 = Debug|Win32
		{3C3508BD-B226-49CB-A676-AB50A23D48D7}.Release|x64.ActiveCfg = Release|x64
		{3C3508BD-B226-49CB-A676-AB50A23D48D7}.Release|x64.Build.0 = Release|x64
		{3C3508BD-B226-49CB-A676-AB50A23D48D7}.Release|x86.ActiveCfg = Release|Win32
		{3C3508BD-B226-49CB-A676-AB50A23D48D7}.Release|x86.Build.0 = Release|Win32
		{2F97AD1C-D299-4907-BA0B-22EDEDF24BA0}.Debug|x64.ActiveCfg = Debug|x64
		{2F97AD1C-D299-4907-BA0B-22EDEDF24BA0}.Debug|x64.Build.0 = Debug|x64
		{2F97AD1C-D299-4907-BA0B-22EDEDF24BA0}.Debug|x86.ActiveCfg = Debug|Win32
		{2F97AD1C-D299-4907-BA0B-22EDEDF24BA0}.Debug|x86.Build.0 = Debug|Win32
		{2F97AD1C-D299-4907-BA0B-22EDEDF24BA0}.Release|x64.ActiveCfg = Release|x64
		{2F97AD1C-D299-4907-BA0B-22EDEDF24BA0}.Release|x64.Build.0 = Release|x64
		{2F97AD1C-D299-4907-BA0B-22EDEDF24BA0}.Release|x86.ActiveCfg = Release|Win32
		{2F97AD1C-D299-4907-BA0B-22EDEDF24BA0}.Release|x86.Build.0 = Release|Win32
		{62F01571-1F26-48D5-B166-42989442A7B9}.Debug|x64.ActiveCfg = Debug|x64
		{62F01571-1F26-48D5-B166-42989442A7B9}.Debug|x64.Build.0 = Debug|x64
		{62F01571-1F26-48D5-B166-42989442A7B9}.Debug|x86.ActiveCfg = Debug|Win32
		{62F01571-1F26-48D5-B166-42989442A7B9}.Debug|x86.Build.0 = Debug|Win32
		{62F01571-1F26-48D5-B166-42989442A7B9}.Release|x64.ActiveCfg = Release|x64
		{62F01571-1F26-48D5-B166-42989442A7B9}.Release|x64.Build.0 = Release|x64
		{62F01571-1F26-48D5-B166-42989442A7B9}.Release|x86.ActiveCfg = Release|Win32
		{62F01571-1F26-48D5-B166-42989442A7B9}.Release|x86.Build.0 = Release|Win32
		{DE5072BD-9CAE-4A7A-987F-FF48848A8E70}.Debug|x64.ActiveCfg = Debug|x64
		{DE5072BD-9CAE-4A7A-987F-FF48848A8E70}.Debug|x64.Build.0 = Debug|x64
		{DE5072BD-9CAE-4A7A-987F-FF48848A8E70}.Debug|x86.ActiveCfg = Debug|Win32
		{DE5072BD-9CAE-4A7A-987F-FF48848A8E70}.Debug|x86.Build.0 = Debug|Win32
		{DE5072BD-9CAE-4A7A-987F-FF48848A8E70}.Release|x64.ActiveCfg = Release|x64
		{DE5072BD-9CAE-4A7A-987F-FF48848A8E70}.Release|x64.Build.0 = Release|x64
		{DE5072BD-9CAE-4A7A-987F-FF48848A8E70}.Release|x86.ActiveCfg = Release|Win32
		{DE5072BD-9CAE-4A7A-987F-FF48848A8E70}.Release|x86.Build.0 = Release|Win32
		{CACF1DC1-BD07-40A3-A9BA-33F37C42FBB8}.Debug|x64.ActiveCfg = Debug|x64
		{CACF1DC1-BD07-40A3-A9BA-33F37C42FBB8}.Debug|x64.Build.0 = Debug|x64
		{CACF1DC1-BD07-40A3-A9BA-33F37C42FBB8}.Debug|x86.ActiveCfg = Debug|Win32
		{CACF1DC1-BD07-40A3-A9BA-33F37C42FBB8}.Debug|x86.Build.0 = Debug|Win32
		{CACF1DC1-BD07-40A3-A9BA-33F37C42FBB8}.Release|x64.ActiveCfg = Release|x64
		{CACF1DC1-BD07-40A3-A9BA-33F37C42FBB8}.Release|x64.Build.0 = Release|x64
		{CACF1DC1-BD07-40A3-A9BA-33F37C42FBB8}.Release|x86.ActiveCfg = Release|Win32
		{CACF1DC1-BD07-40A3-A9BA-33F37C42FBB8}.Release|x86.Build.0 = Release|Win32
		{4AF5ABA0-EDD8-412A-A3F9-91E956C325C8}.Debug|x64.ActiveCfg = Debug|x64
		{4AF5ABA0-EDD8-412A-A3F9-91E956C325C8}.Debug|x64.Build.0 = Debug|x64
		{4AF5ABA0-EDD8-412A-A3F9-91E956C325C8}.Debug|x86.ActiveCfg = Debug|Win32
		{4AF5ABA0-EDD8-412A-A3F9-91E956C325C8}.Debug|x86.Build.0 = Debug|Win32
		{4AF5ABA0-EDD8-412A-A3F9-91E956C325C8}.Release|x64.ActiveCfg = Release|x64
		{4AF5ABA0-EDD8-412A-A3F9-91E956C325C8}.Release|x64.Build.0 = Release|x64
		{4AF5ABA0-EDD8-412A-A3F9-91E956C325C8}.Release|x86.ActiveCfg = Release|Win32
		{4AF5ABA0-EDD8-412A-A3F9-91E956C325C8}.Release|x86.Build.0 = Release|Win32
		{02FE186E-06C9-4D72-A4F8-13BA1FB9B555}.Debug|x64.ActiveCfg = Debug|x64
		{02FE186E-06C9-4D72-A4F8-13BA1FB9B555}.Debug|x64.Build.0 = Debug|x64
		{02FE186E-06C9-4D72-A4F8-13BA1FB9B555}.Debug|x86.ActiveCfg = Debug|Win32
		{02FE186E-06C9-4D72-A4F8-13BA1FB9B555}.Debug|x86.Build.0 = Debug|Win32
		{02FE186E-06C9-4D72-A4F8-13BA1FB9B555}.Release|x64.ActiveCfg = Release|x64
		{02FE186E-06C9-4D72-A4F8-13BA1FB9B555}.Release|x64.Build.0 = Release|x64
		{02FE186E-06C9-4D72-A4F8-13BA1FB9B555}.Release|x86.ActiveCfg = Release|Win32
		{02FE186E-06C9-4D72-A4F8-13BA1FB9B555}.Release|x86.Build.0 = Release|Win32
		{7E89A957-A37A-444B-AEED-ACEA7E80817E}.Debug|x64.ActiveCfg = Debug|x64
		{7E89A957-A37A-444B-AEED-ACEA7E80817E}.Debug|x64.Build.0 = Debug|x64
		{7E89A957-A37A-444B-AEED-ACEA7E80817E}.Debug|x86.ActiveCfg = Debug|Win32
		{7E89A957-A37A-444B-AEED-ACEA7E80817E}.Debug|x86.Build.0 = Debug|Win32
		{7E89A957-A37A-444B-AEED-ACEA7E80817E}.Release|x64.ActiveCfg = Release|x64
		{7E89A957-A37A-444B-AEED-ACEA7E80817E}.Release|x64.Build.0 = Release|x64
		{7E89A957-A37A-444B-AEED-ACEA7E80817E}.Release|x86.ActiveCfg = Release|Win32
		{7E89A957-A37A-444B-AEED-ACEA7E80817E}.Release|x86.Build.0 = Release|Win32
		{890B1C5D-2726-4C52-AA94-1CDD0D766A5B}.Debug|x64.ActiveCfg = Debug|x64
		{890B1C5D-2726-4C52-AA94-1CDD0D766A5B}.Debug|x64.Build.0 = Debug|x64
		{890B1C5D-2726-4C52-AA94-1CDD0D766A5B}.Debug|x86.ActiveCfg = Debug|Win32
		{890B1C5D-2726-4C52-AA94-1CDD0D766A5B}.Debug|x86.Build.0 = Debug|Win32
		{890B1C5D-2726-4C52-AA94-1CDD0D766A5B}.Release|x64.ActiveCfg = Release|x64
		{890B1C5D-2726-4C52-AA94-1CDD0D766A5B}.Release|x64.Build.0 = Release|x64
		{890B1C5D-2726-4C52-AA94-1CDD0D766A5B}.Release|x86.ActiveCfg = Release|Win32
		{890B1C5D-2726-4C52-AA94-1CDD0D766A5B}.Release|x86.Build.0 = Release|Win32
		{41C58713-5B09-448F-A6CB-247B39A38908}.Debug|x64.ActiveCfg = Debug|x64
		{41C58713-5B09-448F-A6CB-247B39A38908}.Debug|x64.Build.0 = Debug|x64
		{41C58713-5B09-448F-A6CB-247B39A38908}.Debug|x86.ActiveCfg = Debug|Win32
		{41C58713-5B09-448F-A6CB-247B39A38908}.Debug|x86.Build.0 = Debug|Win32
		{41C58713-5B09-448F-A6CB-247B39A38908}.Release|x64.ActiveCfg = Release|x64
		{41C58713-5B09-448F-A6CB-247B39A38908}.Release|x64.Build.0 = Release|x64
		{41C58713-5B09-448F-A6CB-247B39A38908}.Release|x86.ActiveCfg = Release|Win32
		{41C58713-5B09-448F-A6CB-247B39A38908}.Release|x86.Build.0 = Release|Win32
		{A0B22718-F7BA-429B-A9CD-C8C79873929B}.Debug|x64.ActiveCfg = Debug|x64
		{A0B22718-F7BA-429B-A9CD-C8C79873929B}.Debug|x64.Build.0 = Debug|x64
		{A0B22718-F7BA-429B-A9CD-C8C79873929B}.Debug|x86.ActiveCfg = Debug|Win32
		{A0B22718-F7BA-429B-A9CD-C8C79873929B}.Debug|x86.Build.0 = Debug|Win32
		{A0B22718-F7BA-429B-A9CD-C8C79873929B}.Release|x64.ActiveCfg = Release|x64
		{A0B22718-F7BA-429B-A9CD-C8C79873929B}.Release|x64.Build.0 = Release|x64
		{A0B22718-F7BA-429B-A9CD-C8C79873929B}.Release|x86.ActiveCfg = Release|Win32
		{A0B22718-F7BA-429B-A9CD-C8C79873929B}.Release|x86.Build.0 = Release|Win32
		{34885717-99EB-493C-94AC-3401039C1054}.Debug|x64.ActiveCfg = Debug|x64
		{34885717-99EB-493C-94AC-3401039C1054}.Debug|x64.Build.0 = Debug|x64
		{34885717-99EB-493C-94AC-3401039C1054}.Debug|x86.ActiveCfg = Debug|Win32
		{34885717-99EB-493C-94AC-3401039C1054}.Debug|x86.Build.0 = Debug|Win32
		{34885717-99EB-493C-94AC-3401039C1054}.Release|x64.ActiveCfg = Release|x64
		{34885717-99EB-493C-94AC-3401039C1054}.Release|x64.Build.0 = Release|x64
		{34885717-99EB-493C-94AC-3401039C1054}.Release|x86.ActiveCfg = Release|Win32
		{34885717-99EB-493C-94AC-3401039C1054}.Release|x86.Build.0 = Release|Win32
		{B9429A99-CB0F-401D-9FEF-EE9DAC763455}.Debug|x64.ActiveCfg = Debug|x64
		{B9429A99-CB0F-401D-9FEF-EE9DAC763455}.Debug|x64.Build.0 = Debug|x64
		{B9429A99-CB0F-401D-9FEF-EE9DAC763455}.Debug|x86.ActiveCfg = Debug|Win32
		{B9429A99-CB0F-401D-9FEF-EE9DAC763455}.Debug|x86.Build.0 = Debug|Win32
		{B9429A99-CB0F-401D-9FEF-EE9DAC763455}.Release|x64.ActiveCfg = Release|x64
		{B9429A99-CB0F-401D-9FEF-EE9DAC763455}.Release|x64.Build.0 = Release|x64
		{B9429A99-CB0F-401D-9FEF-EE9DAC763455}.Release|x86.ActiveCfg = Release|Win32
		{B9429A99-CB0F-401D-9FEF-EE9DAC763455}.Release|x86.Build.0 = Release|Win32
		{E267D857-F7FE-4772-AE35-A1C5BB1A5A88}.Debug|x64.ActiveCfg = Debug|x64
		{E267D857-F7FE-4772-AE35-A1C5BB1A5A88}.Debug|x64.Build.0 = Debug|x64
		{E267D857-F7FE-4772-AE35-A1C5BB1A5A88}.Debug|x86.ActiveCfg = Debug|Win32
		{E267D857-F7FE-4772-AE35-A1C5BB1A5A88}.Debug|x86.Build.0 = Debug|Win32
		{E267D857-F7FE-4772-AE35-A1C5BB1A5A88}.Release|x64.ActiveCfg = Release|x64
		{E267D857-F7FE-4772-AE35-A1C5BB1A5A88}.Release|x64.Build.0 = Release|x64
		{E267D857-F7FE-4772-AE35-A1C5BB1A5A88}.Release|x86.ActiveCfg = Release|Win32
		{E267D857-F7FE-4772-AE35-A1C5BB1A5A88}.Release|x86.Build.0 = Release|Win32
		{E96B0A1A-6B37-41A2-B114-D012CBB8E63A}.Debug|x64.ActiveCfg = Debug|x64
		{E96B0A1A-6B37-41A2-B114-D012CBB8E63A}.Debug|x64.Build.0 = Debug|x64
		{E96B0A1A-6B37-41A2-B114-D012CBB8E63A}.Debug|x86.ActiveCfg = Debug|Win32
		{E96B0A1A-6B37-41A2-B114-D012CBB8E63A}.Debug|x86.Build.0 = Debug|Win32
		{E96B0A1A-6B37-41A2-B114-D012CBB8E63A}.Release|x64.ActiveCfg = Release|x64
		{E96B0A1A-6B37-41A2-B114-D012CBB8E63A}.Release|x64.Build.0 = Release|x64
		{E96B0A1A-6B37-41A2-B114-D012CBB8E63A}.Release|x86.ActiveCfg = Release|Win32
		{E96B0A1A-6B37-41A2-B114-D012CBB8E63A}.Release|x86.Build.0 = Release|Win32
	EndGlobalSection
	GlobalSection(SolutionProperties) = preSolution
		HideSolutionNode = FALSE
	EndGlobalSection
	GlobalSection(ExtensibilityGlobals) = postSolution
		SolutionGuid = {41110626-E472-4998-A0A9-BEEDA837865E}
	EndGlobalSection
EndGlobal
