
Microsoft Visual Studio Solution File, Format Version 12.00
# Visual Studio Version 17
VisualStudioVersion = 17.9.34728.123
MinimumVisualStudioVersion = 10.0.40219.1
Project("{8BC9CEB8-8B4A-11D0-8D11-00A0C91BC942}") = "01. IF1", "01. IF1\01. IF1.vcxproj", "{A3EA9637-F891-48F6-8D7B-7FBDF8A9DCFA}"
EndProject
Project("{8BC9CEB8-8B4A-11D0-8D11-00A0C91BC942}") = "02. IF2", "02. IF2\02. IF2.vcxproj", "{FC6F8C36-5BB0-45A7-B654-DA84E6DA08A4}"
EndProject
Project("{8BC9CEB8-8B4A-11D0-8D11-00A0C91BC942}") = "03. 복합문(블록)", "03. 복합문(블록)\03. 복합문(블록).vcxproj", "{481E10CC-F151-486C-AA82-C6E2182000EB}"
EndProject
Project("{8BC9CEB8-8B4A-11D0-8D11-00A0C91BC942}") = "04. 참과 거짓", "04. 참과 거짓\04. 참과 거짓.vcxproj", "{24FC9DFC-CC33-49D5-8184-90AA0A23E7AC}"
EndProject
Project("{8BC9CEB8-8B4A-11D0-8D11-00A0C91BC942}") = "05. IF-else1", "05. IF-else\05. IF-else.vcxproj", "{E579E836-D193-4484-B9C8-7C4BD4478703}"
EndProject
Project("{8BC9CEB8-8B4A-11D0-8D11-00A0C91BC942}") = "06. IF-else2", "06. IF-else2\06. IF-else2.vcxproj", "{F06E56A5-808A-480F-816D-494073265E38}"
EndProject
Project("{8BC9CEB8-8B4A-11D0-8D11-00A0C91BC942}") = "07. Leap_year", "07. Leap_year\07. Leap_year.vcxproj", "{B3EF2916-1D69-4D9B-BF0C-FBED00475635}"
EndProject
Project("{8BC9CEB8-8B4A-11D0-8D11-00A0C91BC942}") = "08. IF-else3", "08. IF-else3\08. IF-else3.vcxproj", "{5AA41115-F421-443B-89F3-4631CC0805DD}"
EndProject
Project("{8BC9CEB8-8B4A-11D0-8D11-00A0C91BC942}") = "09. 다중 IF문", "09. 다중 IF문\09. 다중 IF문.vcxproj", "{D58D9DD8-14CF-4C99-B79C-D3DF5411F5E6}"
EndProject
Project("{8BC9CEB8-8B4A-11D0-8D11-00A0C91BC942}") = "10. Else-IF1", "10. Else-IF문\10. Else-IF문.vcxproj", "{C167EB4E-6E2B-4032-94D4-435254361845}"
EndProject
Project("{8BC9CEB8-8B4A-11D0-8D11-00A0C91BC942}") = "11. Else-IF2", "11. Else-IF2\11. Else-IF2.vcxproj", "{22DFCFE6-CE1D-4D1E-B2F1-5EC507983D4C}"
EndProject
Project("{8BC9CEB8-8B4A-11D0-8D11-00A0C91BC942}") = "12. Else-IF3 근의 공식", "12. Else-IF 근의 공식\12. Else-IF 근의 공식.vcxproj", "{807033D4-2832-4D3F-BC33-903B7960AF12}"
EndProject
Project("{8BC9CEB8-8B4A-11D0-8D11-00A0C91BC942}") = "13. Else-IF4 산술 계산기", "13. Else-IF4 산술 계산기\13. Else-IF4 산술 계산기.vcxproj", "{FDD15321-5D94-4C8A-B912-2B10667EC956}"
EndProject
Project("{8BC9CEB8-8B4A-11D0-8D11-00A0C91BC942}") = "14. Else-IF5 복합 계산기", "14. Else-IF 복합 계산기2\14. Else-IF 복합 계산기2.vcxproj", "{0ABB2468-821F-43B8-87E1-B89183955263}"
EndProject
Project("{8BC9CEB8-8B4A-11D0-8D11-00A0C91BC942}") = "15. Switch1", "15. Switch1\15. Switch1.vcxproj", "{39FE97BE-8DEF-443A-8838-AF0EE66ADB06}"
EndProject
Project("{8BC9CEB8-8B4A-11D0-8D11-00A0C91BC942}") = "16. Switch2 산술 계산기", "16. Switch2 산술 계산기\16. Switch2 산술 계산기.vcxproj", "{E93F9836-6CA4-4831-994B-3965120A1407}"
EndProject
Project("{8BC9CEB8-8B4A-11D0-8D11-00A0C91BC942}") = "17. Goto", "17. Goto\17. Goto.vcxproj", "{3F479379-B04B-4768-B7F4-17666BAAC52A}"
EndProject
Project("{8BC9CEB8-8B4A-11D0-8D11-00A0C91BC942}") = "18. 소득세 계산기", "18. 소득세 계산기\18. 소득세 계산기.vcxproj", "{EA3AABCE-5B93-4EC1-BF36-1DAB2809BF54}"
EndProject
Project("{8BC9CEB8-8B4A-11D0-8D11-00A0C91BC942}") = "Ex1. 약수판별기", "Ex1. 약수판별기\Ex1. 약수판별기.vcxproj", "{7ED5F72F-415B-4F7B-AEFA-89018CFB0DF9}"
EndProject
Project("{8BC9CEB8-8B4A-11D0-8D11-00A0C91BC942}") = "Ex2. 작은수판별기", "Ex2. 작은수판별기\Ex2. 작은수판별기.vcxproj", "{48B0CB4A-25D4-4E88-99F4-DBCDC4E23685}"
EndProject
Project("{8BC9CEB8-8B4A-11D0-8D11-00A0C91BC942}") = "Ex3. 가위바위보", "Ex2. 가위바위보\Ex2. 가위바위보.vcxproj", "{40F6C48D-6468-4AD0-8EE3-FFF7FEF172CC}"
EndProject
Project("{8BC9CEB8-8B4A-11D0-8D11-00A0C91BC942}") = "Ex4. 탑승 프로그램", "Ex4. 탑승 프로그램\Ex4. 탑승 프로그램.vcxproj", "{D1064BAB-13E1-4EC2-9210-92E5BF0FC4A2}"
EndProject
Project("{8BC9CEB8-8B4A-11D0-8D11-00A0C91BC942}") = "Ex5. 몇월", "Ex5. 몇월\Ex5. 몇월.vcxproj", "{FA12623F-D89E-4378-B5B7-8E2BD56C7AFF}"
EndProject
Project("{8BC9CEB8-8B4A-11D0-8D11-00A0C91BC942}") = "Ex6. 자음,모음판독기", "Ex6. 자음,모음판독기\Ex6. 자음,모음판독기.vcxproj", "{7B78FDFB-7420-457E-B055-4195D6CA4130}"
EndProject
Project("{8BC9CEB8-8B4A-11D0-8D11-00A0C91BC942}") = "Ex7. 정상 체중", "Ex7. 정상 체중\Ex7. 정상 체중.vcxproj", "{D27E514D-4A66-4C20-AAE3-39C2A69392B8}"
EndProject
Global
	GlobalSection(SolutionConfigurationPlatforms) = preSolution
		Debug|x64 = Debug|x64
		Debug|x86 = Debug|x86
		Release|x64 = Release|x64
		Release|x86 = Release|x86
	EndGlobalSection
	GlobalSection(ProjectConfigurationPlatforms) = postSolution
		{A3EA9637-F891-48F6-8D7B-7FBDF8A9DCFA}.Debug|x64.ActiveCfg = Debug|x64
		{A3EA9637-F891-48F6-8D7B-7FBDF8A9DCFA}.Debug|x64.Build.0 = Debug|x64
		{A3EA9637-F891-48F6-8D7B-7FBDF8A9DCFA}.Debug|x86.ActiveCfg = Debug|Win32
		{A3EA9637-F891-48F6-8D7B-7FBDF8A9DCFA}.Debug|x86.Build.0 = Debug|Win32
		{A3EA9637-F891-48F6-8D7B-7FBDF8A9DCFA}.Release|x64.ActiveCfg = Release|x64
		{A3EA9637-F891-48F6-8D7B-7FBDF8A9DCFA}.Release|x64.Build.0 = Release|x64
		{A3EA9637-F891-48F6-8D7B-7FBDF8A9DCFA}.Release|x86.ActiveCfg = Release|Win32
		{A3EA9637-F891-48F6-8D7B-7FBDF8A9DCFA}.Release|x86.Build.0 = Release|Win32
		{FC6F8C36-5BB0-45A7-B654-DA84E6DA08A4}.Debug|x64.ActiveCfg = Debug|x64
		{FC6F8C36-5BB0-45A7-B654-DA84E6DA08A4}.Debug|x64.Build.0 = Debug|x64
		{FC6F8C36-5BB0-45A7-B654-DA84E6DA08A4}.Debug|x86.ActiveCfg = Debug|Win32
		{FC6F8C36-5BB0-45A7-B654-DA84E6DA08A4}.Debug|x86.Build.0 = Debug|Win32
		{FC6F8C36-5BB0-45A7-B654-DA84E6DA08A4}.Release|x64.ActiveCfg = Release|x64
		{FC6F8C36-5BB0-45A7-B654-DA84E6DA08A4}.Release|x64.Build.0 = Release|x64
		{FC6F8C36-5BB0-45A7-B654-DA84E6DA08A4}.Release|x86.ActiveCfg = Release|Win32
		{FC6F8C36-5BB0-45A7-B654-DA84E6DA08A4}.Release|x86.Build.0 = Release|Win32
		{481E10CC-F151-486C-AA82-C6E2182000EB}.Debug|x64.ActiveCfg = Debug|x64
		{481E10CC-F151-486C-AA82-C6E2182000EB}.Debug|x64.Build.0 = Debug|x64
		{481E10CC-F151-486C-AA82-C6E2182000EB}.Debug|x86.ActiveCfg = Debug|Win32
		{481E10CC-F151-486C-AA82-C6E2182000EB}.Debug|x86.Build.0 = Debug|Win32
		{481E10CC-F151-486C-AA82-C6E2182000EB}.Release|x64.ActiveCfg = Release|x64
		{481E10CC-F151-486C-AA82-C6E2182000EB}.Release|x64.Build.0 = Release|x64
		{481E10CC-F151-486C-AA82-C6E2182000EB}.Release|x86.ActiveCfg = Release|Win32
		{481E10CC-F151-486C-AA82-C6E2182000EB}.Release|x86.Build.0 = Release|Win32
		{24FC9DFC-CC33-49D5-8184-90AA0A23E7AC}.Debug|x64.ActiveCfg = Debug|x64
		{24FC9DFC-CC33-49D5-8184-90AA0A23E7AC}.Debug|x64.Build.0 = Debug|x64
		{24FC9DFC-CC33-49D5-8184-90AA0A23E7AC}.Debug|x86.ActiveCfg = Debug|Win32
		{24FC9DFC-CC33-49D5-8184-90AA0A23E7AC}.Debug|x86.Build.0 = Debug|Win32
		{24FC9DFC-CC33-49D5-8184-90AA0A23E7AC}.Release|x64.ActiveCfg = Release|x64
		{24FC9DFC-CC33-49D5-8184-90AA0A23E7AC}.Release|x64.Build.0 = Release|x64
		{24FC9DFC-CC33-49D5-8184-90AA0A23E7AC}.Release|x86.ActiveCfg = Release|Win32
		{24FC9DFC-CC33-49D5-8184-90AA0A23E7AC}.Release|x86.Build.0 = Release|Win32
		{E579E836-D193-4484-B9C8-7C4BD4478703}.Debug|x64.ActiveCfg = Debug|x64
		{E579E836-D193-4484-B9C8-7C4BD4478703}.Debug|x64.Build.0 = Debug|x64
		{E579E836-D193-4484-B9C8-7C4BD4478703}.Debug|x86.ActiveCfg = Debug|Win32
		{E579E836-D193-4484-B9C8-7C4BD4478703}.Debug|x86.Build.0 = Debug|Win32
		{E579E836-D193-4484-B9C8-7C4BD4478703}.Release|x64.ActiveCfg = Release|x64
		{E579E836-D193-4484-B9C8-7C4BD4478703}.Release|x64.Build.0 = Release|x64
		{E579E836-D193-4484-B9C8-7C4BD4478703}.Release|x86.ActiveCfg = Release|Win32
		{E579E836-D193-4484-B9C8-7C4BD4478703}.Release|x86.Build.0 = Release|Win32
		{F06E56A5-808A-480F-816D-494073265E38}.Debug|x64.ActiveCfg = Debug|x64
		{F06E56A5-808A-480F-816D-494073265E38}.Debug|x64.Build.0 = Debug|x64
		{F06E56A5-808A-480F-816D-494073265E38}.Debug|x86.ActiveCfg = Debug|Win32
		{F06E56A5-808A-480F-816D-494073265E38}.Debug|x86.Build.0 = Debug|Win32
		{F06E56A5-808A-480F-816D-494073265E38}.Release|x64.ActiveCfg = Release|x64
		{F06E56A5-808A-480F-816D-494073265E38}.Release|x64.Build.0 = Release|x64
		{F06E56A5-808A-480F-816D-494073265E38}.Release|x86.ActiveCfg = Release|Win32
		{F06E56A5-808A-480F-816D-494073265E38}.Release|x86.Build.0 = Release|Win32
		{B3EF2916-1D69-4D9B-BF0C-FBED00475635}.Debug|x64.ActiveCfg = Debug|x64
		{B3EF2916-1D69-4D9B-BF0C-FBED00475635}.Debug|x64.Build.0 = Debug|x64
		{B3EF2916-1D69-4D9B-BF0C-FBED00475635}.Debug|x86.ActiveCfg = Debug|Win32
		{B3EF2916-1D69-4D9B-BF0C-FBED00475635}.Debug|x86.Build.0 = Debug|Win32
		{B3EF2916-1D69-4D9B-BF0C-FBED00475635}.Release|x64.ActiveCfg = Release|x64
		{B3EF2916-1D69-4D9B-BF0C-FBED00475635}.Release|x64.Build.0 = Release|x64
		{B3EF2916-1D69-4D9B-BF0C-FBED00475635}.Release|x86.ActiveCfg = Release|Win32
		{B3EF2916-1D69-4D9B-BF0C-FBED00475635}.Release|x86.Build.0 = Release|Win32
		{5AA41115-F421-443B-89F3-4631CC0805DD}.Debug|x64.ActiveCfg = Debug|x64
		{5AA41115-F421-443B-89F3-4631CC0805DD}.Debug|x64.Build.0 = Debug|x64
		{5AA41115-F421-443B-89F3-4631CC0805DD}.Debug|x86.ActiveCfg = Debug|Win32
		{5AA41115-F421-443B-89F3-4631CC0805DD}.Debug|x86.Build.0 = Debug|Win32
		{5AA41115-F421-443B-89F3-4631CC0805DD}.Release|x64.ActiveCfg = Release|x64
		{5AA41115-F421-443B-89F3-4631CC0805DD}.Release|x64.Build.0 = Release|x64
		{5AA41115-F421-443B-89F3-4631CC0805DD}.Release|x86.ActiveCfg = Release|Win32
		{5AA41115-F421-443B-89F3-4631CC0805DD}.Release|x86.Build.0 = Release|Win32
		{D58D9DD8-14CF-4C99-B79C-D3DF5411F5E6}.Debug|x64.ActiveCfg = Debug|x64
		{D58D9DD8-14CF-4C99-B79C-D3DF5411F5E6}.Debug|x64.Build.0 = Debug|x64
		{D58D9DD8-14CF-4C99-B79C-D3DF5411F5E6}.Debug|x86.ActiveCfg = Debug|Win32
		{D58D9DD8-14CF-4C99-B79C-D3DF5411F5E6}.Debug|x86.Build.0 = Debug|Win32
		{D58D9DD8-14CF-4C99-B79C-D3DF5411F5E6}.Release|x64.ActiveCfg = Release|x64
		{D58D9DD8-14CF-4C99-B79C-D3DF5411F5E6}.Release|x64.Build.0 = Release|x64
		{D58D9DD8-14CF-4C99-B79C-D3DF5411F5E6}.Release|x86.ActiveCfg = Release|Win32
		{D58D9DD8-14CF-4C99-B79C-D3DF5411F5E6}.Release|x86.Build.0 = Release|Win32
		{C167EB4E-6E2B-4032-94D4-435254361845}.Debug|x64.ActiveCfg = Debug|x64
		{C167EB4E-6E2B-4032-94D4-435254361845}.Debug|x64.Build.0 = Debug|x64
		{C167EB4E-6E2B-4032-94D4-435254361845}.Debug|x86.ActiveCfg = Debug|Win32
		{C167EB4E-6E2B-4032-94D4-435254361845}.Debug|x86.Build.0 = Debug|Win32
		{C167EB4E-6E2B-4032-94D4-435254361845}.Release|x64.ActiveCfg = Release|x64
		{C167EB4E-6E2B-4032-94D4-435254361845}.Release|x64.Build.0 = Release|x64
		{C167EB4E-6E2B-4032-94D4-435254361845}.Release|x86.ActiveCfg = Release|Win32
		{C167EB4E-6E2B-4032-94D4-435254361845}.Release|x86.Build.0 = Release|Win32
		{22DFCFE6-CE1D-4D1E-B2F1-5EC507983D4C}.Debug|x64.ActiveCfg = Debug|x64
		{22DFCFE6-CE1D-4D1E-B2F1-5EC507983D4C}.Debug|x64.Build.0 = Debug|x64
		{22DFCFE6-CE1D-4D1E-B2F1-5EC507983D4C}.Debug|x86.ActiveCfg = Debug|Win32
		{22DFCFE6-CE1D-4D1E-B2F1-5EC507983D4C}.Debug|x86.Build.0 = Debug|Win32
		{22DFCFE6-CE1D-4D1E-B2F1-5EC507983D4C}.Release|x64.ActiveCfg = Release|x64
		{22DFCFE6-CE1D-4D1E-B2F1-5EC507983D4C}.Release|x64.Build.0 = Release|x64
		{22DFCFE6-CE1D-4D1E-B2F1-5EC507983D4C}.Release|x86.ActiveCfg = Release|Win32
		{22DFCFE6-CE1D-4D1E-B2F1-5EC507983D4C}.Release|x86.Build.0 = Release|Win32
		{807033D4-2832-4D3F-BC33-903B7960AF12}.Debug|x64.ActiveCfg = Debug|x64
		{807033D4-2832-4D3F-BC33-903B7960AF12}.Debug|x64.Build.0 = Debug|x64
		{807033D4-2832-4D3F-BC33-903B7960AF12}.Debug|x86.ActiveCfg = Debug|Win32
		{807033D4-2832-4D3F-BC33-903B7960AF12}.Debug|x86.Build.0 = Debug|Win32
		{807033D4-2832-4D3F-BC33-903B7960AF12}.Release|x64.ActiveCfg = Release|x64
		{807033D4-2832-4D3F-BC33-903B7960AF12}.Release|x64.Build.0 = Release|x64
		{807033D4-2832-4D3F-BC33-903B7960AF12}.Release|x86.ActiveCfg = Release|Win32
		{807033D4-2832-4D3F-BC33-903B7960AF12}.Release|x86.Build.0 = Release|Win32
		{FDD15321-5D94-4C8A-B912-2B10667EC956}.Debug|x64.ActiveCfg = Debug|x64
		{FDD15321-5D94-4C8A-B912-2B10667EC956}.Debug|x64.Build.0 = Debug|x64
		{FDD15321-5D94-4C8A-B912-2B10667EC956}.Debug|x86.ActiveCfg = Debug|Win32
		{FDD15321-5D94-4C8A-B912-2B10667EC956}.Debug|x86.Build.0 = Debug|Win32
		{FDD15321-5D94-4C8A-B912-2B10667EC956}.Release|x64.ActiveCfg = Release|x64
		{FDD15321-5D94-4C8A-B912-2B10667EC956}.Release|x64.Build.0 = Release|x64
		{FDD15321-5D94-4C8A-B912-2B10667EC956}.Release|x86.ActiveCfg = Release|Win32
		{FDD15321-5D94-4C8A-B912-2B10667EC956}.Release|x86.Build.0 = Release|Win32
		{0ABB2468-821F-43B8-87E1-B89183955263}.Debug|x64.ActiveCfg = Debug|x64
		{0ABB2468-821F-43B8-87E1-B89183955263}.Debug|x64.Build.0 = Debug|x64
		{0ABB2468-821F-43B8-87E1-B89183955263}.Debug|x86.ActiveCfg = Debug|Win32
		{0ABB2468-821F-43B8-87E1-B89183955263}.Debug|x86.Build.0 = Debug|Win32
		{0ABB2468-821F-43B8-87E1-B89183955263}.Release|x64.ActiveCfg = Release|x64
		{0ABB2468-821F-43B8-87E1-B89183955263}.Release|x64.Build.0 = Release|x64
		{0ABB2468-821F-43B8-87E1-B89183955263}.Release|x86.ActiveCfg = Release|Win32
		{0ABB2468-821F-43B8-87E1-B89183955263}.Release|x86.Build.0 = Release|Win32
		{39FE97BE-8DEF-443A-8838-AF0EE66ADB06}.Debug|x64.ActiveCfg = Debug|x64
		{39FE97BE-8DEF-443A-8838-AF0EE66ADB06}.Debug|x64.Build.0 = Debug|x64
		{39FE97BE-8DEF-443A-8838-AF0EE66ADB06}.Debug|x86.ActiveCfg = Debug|Win32
		{39FE97BE-8DEF-443A-8838-AF0EE66ADB06}.Debug|x86.Build.0 = Debug|Win32
		{39FE97BE-8DEF-443A-8838-AF0EE66ADB06}.Release|x64.ActiveCfg = Release|x64
		{39FE97BE-8DEF-443A-8838-AF0EE66ADB06}.Release|x64.Build.0 = Release|x64
		{39FE97BE-8DEF-443A-8838-AF0EE66ADB06}.Release|x86.ActiveCfg = Release|Win32
		{39FE97BE-8DEF-443A-8838-AF0EE66ADB06}.Release|x86.Build.0 = Release|Win32
		{E93F9836-6CA4-4831-994B-3965120A1407}.Debug|x64.ActiveCfg = Debug|x64
		{E93F9836-6CA4-4831-994B-3965120A1407}.Debug|x64.Build.0 = Debug|x64
		{E93F9836-6CA4-4831-994B-3965120A1407}.Debug|x86.ActiveCfg = Debug|Win32
		{E93F9836-6CA4-4831-994B-3965120A1407}.Debug|x86.Build.0 = Debug|Win32
		{E93F9836-6CA4-4831-994B-3965120A1407}.Release|x64.ActiveCfg = Release|x64
		{E93F9836-6CA4-4831-994B-3965120A1407}.Release|x64.Build.0 = Release|x64
		{E93F9836-6CA4-4831-994B-3965120A1407}.Release|x86.ActiveCfg = Release|Win32
		{E93F9836-6CA4-4831-994B-3965120A1407}.Release|x86.Build.0 = Release|Win32
		{3F479379-B04B-4768-B7F4-17666BAAC52A}.Debug|x64.ActiveCfg = Debug|x64
		{3F479379-B04B-4768-B7F4-17666BAAC52A}.Debug|x64.Build.0 = Debug|x64
		{3F479379-B04B-4768-B7F4-17666BAAC52A}.Debug|x86.ActiveCfg = Debug|Win32
		{3F479379-B04B-4768-B7F4-17666BAAC52A}.Debug|x86.Build.0 = Debug|Win32
		{3F479379-B04B-4768-B7F4-17666BAAC52A}.Release|x64.ActiveCfg = Release|x64
		{3F479379-B04B-4768-B7F4-17666BAAC52A}.Release|x64.Build.0 = Release|x64
		{3F479379-B04B-4768-B7F4-17666BAAC52A}.Release|x86.ActiveCfg = Release|Win32
		{3F479379-B04B-4768-B7F4-17666BAAC52A}.Release|x86.Build.0 = Release|Win32
		{EA3AABCE-5B93-4EC1-BF36-1DAB2809BF54}.Debug|x64.ActiveCfg = Debug|x64
		{EA3AABCE-5B93-4EC1-BF36-1DAB2809BF54}.Debug|x64.Build.0 = Debug|x64
		{EA3AABCE-5B93-4EC1-BF36-1DAB2809BF54}.Debug|x86.ActiveCfg = Debug|Win32
		{EA3AABCE-5B93-4EC1-BF36-1DAB2809BF54}.Debug|x86.Build.0 = Debug|Win32
		{EA3AABCE-5B93-4EC1-BF36-1DAB2809BF54}.Release|x64.ActiveCfg = Release|x64
		{EA3AABCE-5B93-4EC1-BF36-1DAB2809BF54}.Release|x64.Build.0 = Release|x64
		{EA3AABCE-5B93-4EC1-BF36-1DAB2809BF54}.Release|x86.ActiveCfg = Release|Win32
		{EA3AABCE-5B93-4EC1-BF36-1DAB2809BF54}.Release|x86.Build.0 = Release|Win32
		{7ED5F72F-415B-4F7B-AEFA-89018CFB0DF9}.Debug|x64.ActiveCfg = Debug|x64
		{7ED5F72F-415B-4F7B-AEFA-89018CFB0DF9}.Debug|x64.Build.0 = Debug|x64
		{7ED5F72F-415B-4F7B-AEFA-89018CFB0DF9}.Debug|x86.ActiveCfg = Debug|Win32
		{7ED5F72F-415B-4F7B-AEFA-89018CFB0DF9}.Debug|x86.Build.0 = Debug|Win32
		{7ED5F72F-415B-4F7B-AEFA-89018CFB0DF9}.Release|x64.ActiveCfg = Release|x64
		{7ED5F72F-415B-4F7B-AEFA-89018CFB0DF9}.Release|x64.Build.0 = Release|x64
		{7ED5F72F-415B-4F7B-AEFA-89018CFB0DF9}.Release|x86.ActiveCfg = Release|Win32
		{7ED5F72F-415B-4F7B-AEFA-89018CFB0DF9}.Release|x86.Build.0 = Release|Win32
		{48B0CB4A-25D4-4E88-99F4-DBCDC4E23685}.Debug|x64.ActiveCfg = Debug|x64
		{48B0CB4A-25D4-4E88-99F4-DBCDC4E23685}.Debug|x64.Build.0 = Debug|x64
		{48B0CB4A-25D4-4E88-99F4-DBCDC4E23685}.Debug|x86.ActiveCfg = Debug|Win32
		{48B0CB4A-25D4-4E88-99F4-DBCDC4E23685}.Debug|x86.Build.0 = Debug|Win32
		{48B0CB4A-25D4-4E88-99F4-DBCDC4E23685}.Release|x64.ActiveCfg = Release|x64
		{48B0CB4A-25D4-4E88-99F4-DBCDC4E23685}.Release|x64.Build.0 = Release|x64
		{48B0CB4A-25D4-4E88-99F4-DBCDC4E23685}.Release|x86.ActiveCfg = Release|Win32
		{48B0CB4A-25D4-4E88-99F4-DBCDC4E23685}.Release|x86.Build.0 = Release|Win32
		{40F6C48D-6468-4AD0-8EE3-FFF7FEF172CC}.Debug|x64.ActiveCfg = Debug|x64
		{40F6C48D-6468-4AD0-8EE3-FFF7FEF172CC}.Debug|x64.Build.0 = Debug|x64
		{40F6C48D-6468-4AD0-8EE3-FFF7FEF172CC}.Debug|x86.ActiveCfg = Debug|Win32
		{40F6C48D-6468-4AD0-8EE3-FFF7FEF172CC}.Debug|x86.Build.0 = Debug|Win32
		{40F6C48D-6468-4AD0-8EE3-FFF7FEF172CC}.Release|x64.ActiveCfg = Release|x64
		{40F6C48D-6468-4AD0-8EE3-FFF7FEF172CC}.Release|x64.Build.0 = Release|x64
		{40F6C48D-6468-4AD0-8EE3-FFF7FEF172CC}.Release|x86.ActiveCfg = Release|Win32
		{40F6C48D-6468-4AD0-8EE3-FFF7FEF172CC}.Release|x86.Build.0 = Release|Win32
		{D1064BAB-13E1-4EC2-9210-92E5BF0FC4A2}.Debug|x64.ActiveCfg = Debug|x64
		{D1064BAB-13E1-4EC2-9210-92E5BF0FC4A2}.Debug|x64.Build.0 = Debug|x64
		{D1064BAB-13E1-4EC2-9210-92E5BF0FC4A2}.Debug|x86.ActiveCfg = Debug|Win32
		{D1064BAB-13E1-4EC2-9210-92E5BF0FC4A2}.Debug|x86.Build.0 = Debug|Win32
		{D1064BAB-13E1-4EC2-9210-92E5BF0FC4A2}.Release|x64.ActiveCfg = Release|x64
		{D1064BAB-13E1-4EC2-9210-92E5BF0FC4A2}.Release|x64.Build.0 = Release|x64
		{D1064BAB-13E1-4EC2-9210-92E5BF0FC4A2}.Release|x86.ActiveCfg = Release|Win32
		{D1064BAB-13E1-4EC2-9210-92E5BF0FC4A2}.Release|x86.Build.0 = Release|Win32
		{FA12623F-D89E-4378-B5B7-8E2BD56C7AFF}.Debug|x64.ActiveCfg = Debug|x64
		{FA12623F-D89E-4378-B5B7-8E2BD56C7AFF}.Debug|x64.Build.0 = Debug|x64
		{FA12623F-D89E-4378-B5B7-8E2BD56C7AFF}.Debug|x86.ActiveCfg = Debug|Win32
		{FA12623F-D89E-4378-B5B7-8E2BD56C7AFF}.Debug|x86.Build.0 = Debug|Win32
		{FA12623F-D89E-4378-B5B7-8E2BD56C7AFF}.Release|x64.ActiveCfg = Release|x64
		{FA12623F-D89E-4378-B5B7-8E2BD56C7AFF}.Release|x64.Build.0 = Release|x64
		{FA12623F-D89E-4378-B5B7-8E2BD56C7AFF}.Release|x86.ActiveCfg = Release|Win32
		{FA12623F-D89E-4378-B5B7-8E2BD56C7AFF}.Release|x86.Build.0 = Release|Win32
		{7B78FDFB-7420-457E-B055-4195D6CA4130}.Debug|x64.ActiveCfg = Debug|x64
		{7B78FDFB-7420-457E-B055-4195D6CA4130}.Debug|x64.Build.0 = Debug|x64
		{7B78FDFB-7420-457E-B055-4195D6CA4130}.Debug|x86.ActiveCfg = Debug|Win32
		{7B78FDFB-7420-457E-B055-4195D6CA4130}.Debug|x86.Build.0 = Debug|Win32
		{7B78FDFB-7420-457E-B055-4195D6CA4130}.Release|x64.ActiveCfg = Release|x64
		{7B78FDFB-7420-457E-B055-4195D6CA4130}.Release|x64.Build.0 = Release|x64
		{7B78FDFB-7420-457E-B055-4195D6CA4130}.Release|x86.ActiveCfg = Release|Win32
		{7B78FDFB-7420-457E-B055-4195D6CA4130}.Release|x86.Build.0 = Release|Win32
		{D27E514D-4A66-4C20-AAE3-39C2A69392B8}.Debug|x64.ActiveCfg = Debug|x64
		{D27E514D-4A66-4C20-AAE3-39C2A69392B8}.Debug|x64.Build.0 = Debug|x64
		{D27E514D-4A66-4C20-AAE3-39C2A69392B8}.Debug|x86.ActiveCfg = Debug|Win32
		{D27E514D-4A66-4C20-AAE3-39C2A69392B8}.Debug|x86.Build.0 = Debug|Win32
		{D27E514D-4A66-4C20-AAE3-39C2A69392B8}.Release|x64.ActiveCfg = Release|x64
		{D27E514D-4A66-4C20-AAE3-39C2A69392B8}.Release|x64.Build.0 = Release|x64
		{D27E514D-4A66-4C20-AAE3-39C2A69392B8}.Release|x86.ActiveCfg = Release|Win32
		{D27E514D-4A66-4C20-AAE3-39C2A69392B8}.Release|x86.Build.0 = Release|Win32
	EndGlobalSection
	GlobalSection(SolutionProperties) = preSolution
		HideSolutionNode = FALSE
	EndGlobalSection
	GlobalSection(ExtensibilityGlobals) = postSolution
		SolutionGuid = {2BBD0391-35C6-4FE8-BF3F-D6117D785A9E}
	EndGlobalSection
EndGlobal
