
Microsoft Visual Studio Solution File, Format Version 12.00
# Visual Studio Version 17
VisualStudioVersion = 17.10.34928.147
MinimumVisualStudioVersion = 10.0.40219.1
Project("{8BC9CEB8-8B4A-11D0-8D11-00A0C91BC942}") = "01. Function1", "01. Function1\01. Function1.vcxproj", "{091D5076-A96E-4F77-9ACE-43D320D9DCEE}"
EndProject
Project("{8BC9CEB8-8B4A-11D0-8D11-00A0C91BC942}") = "02. Function2", "02. Function2\02. Function2.vcxproj", "{3068E0F1-9BAD-49A7-9343-1232B7B890B1}"
EndProject
Project("{8BC9CEB8-8B4A-11D0-8D11-00A0C91BC942}") = "03. Function3", "03. Function3\03. Function3.vcxproj", "{763545C3-4B1A-4A6E-9B93-7B8370D63AB9}"
EndProject
Project("{8BC9CEB8-8B4A-11D0-8D11-00A0C91BC942}") = "04. Function4", "04. Function4\04. Function4.vcxproj", "{1BE799D7-29EB-482D-BF85-B1DC67093097}"
EndProject
Project("{8BC9CEB8-8B4A-11D0-8D11-00A0C91BC942}") = "05. Function5", "05. Function5\05. Function5.vcxproj", "{10C321D1-1459-4EB3-B9BE-AC2CA406A691}"
EndProject
Project("{8BC9CEB8-8B4A-11D0-8D11-00A0C91BC942}") = "06. Function6", "06. Function6\06. Function6.vcxproj", "{5B67391B-9109-465B-9757-3075C06AA7D6}"
EndProject
Project("{8BC9CEB8-8B4A-11D0-8D11-00A0C91BC942}") = "07. Function7", "07. Function7\07. Function7.vcxproj", "{35EA45EA-5CAD-4C50-9369-0A62A888A970}"
EndProject
Project("{8BC9CEB8-8B4A-11D0-8D11-00A0C91BC942}") = "08. Function8", "08. Function8\08. Function8.vcxproj", "{FD399970-3AEC-4076-9668-26AE6AF25189}"
EndProject
Project("{8BC9CEB8-8B4A-11D0-8D11-00A0C91BC942}") = "09. Rand1", "09. Rand1\09. Rand1.vcxproj", "{B3FA388F-264D-4CB0-AFA1-06B35A20ED28}"
EndProject
Project("{8BC9CEB8-8B4A-11D0-8D11-00A0C91BC942}") = "10. Rand2", "10\10.vcxproj", "{4B6351FA-54B9-4A35-89C4-A13B7B8A07CF}"
EndProject
Project("{8BC9CEB8-8B4A-11D0-8D11-00A0C91BC942}") = "11. Math1", "11. Math1\11. Math1.vcxproj", "{FB3F5E7E-9F3E-42EE-A0FC-D2A0E364B24F}"
EndProject
Project("{8BC9CEB8-8B4A-11D0-8D11-00A0C91BC942}") = "12. Variable1", "12. Variable1\12. Variable1.vcxproj", "{3F1A15AB-67DF-484F-95E4-31C8AF4A216B}"
EndProject
Project("{8BC9CEB8-8B4A-11D0-8D11-00A0C91BC942}") = "13. Variable2", "13. Variable2\13. Variable2.vcxproj", "{76E55C74-C8A4-4195-A8BB-FA7EA4EF3D49}"
EndProject
Project("{8BC9CEB8-8B4A-11D0-8D11-00A0C91BC942}") = "14. Variable3", "15. Variable4\15. Variable4.vcxproj", "{7DA92EDF-8088-40C0-A11D-EA66692EC32A}"
EndProject
Project("{8BC9CEB8-8B4A-11D0-8D11-00A0C91BC942}") = "15. Variable4", "16. Variable5\16. Variable5.vcxproj", "{777E7CF5-8505-4312-AD41-EFAE111CCD72}"
EndProject
Project("{8BC9CEB8-8B4A-11D0-8D11-00A0C91BC942}") = "16. Variable5", "17. Variable6\17. Variable6.vcxproj", "{0E4F6356-1584-4774-B686-6743F45A7B11}"
EndProject
Project("{8BC9CEB8-8B4A-11D0-8D11-00A0C91BC942}") = "17. Variable6", "18. Variable6\18. Variable6.vcxproj", "{C3752308-F0A1-4A31-A896-E5AD85238116}"
EndProject
Project("{8BC9CEB8-8B4A-11D0-8D11-00A0C91BC942}") = "18. Static1", "19. Static1\19. Static1.vcxproj", "{ADA121EE-463B-4010-8CE0-B3D1804C3A3F}"
EndProject
Project("{8BC9CEB8-8B4A-11D0-8D11-00A0C91BC942}") = "19. Static2", "20. Static2\20. Static2.vcxproj", "{DBAA4AE8-B04D-4C9F-A5F7-FA507668C9CF}"
EndProject
Project("{8BC9CEB8-8B4A-11D0-8D11-00A0C91BC942}") = "21. Variable7", "23. Variable3\23. Variable3.vcxproj", "{F3E00BAE-D12D-4A8C-B53D-071995D8CF35}"
EndProject
Project("{8BC9CEB8-8B4A-11D0-8D11-00A0C91BC942}") = "20. Recursion1", "21. Recursion1\21. Recursion1.vcxproj", "{D38990AF-7767-40BC-994D-D77B0D217BA0}"
EndProject
Project("{8BC9CEB8-8B4A-11D0-8D11-00A0C91BC942}") = "22. Array1", "23. Array1\23. Array1.vcxproj", "{32CFC73C-EB9E-46C0-91A7-D86E82C75C68}"
EndProject
Project("{8BC9CEB8-8B4A-11D0-8D11-00A0C91BC942}") = "23. Array2", "23. Array2\23. Array2.vcxproj", "{F153607E-CB99-42FF-80D2-C0BCDF477A3F}"
EndProject
Project("{8BC9CEB8-8B4A-11D0-8D11-00A0C91BC942}") = "24. Array3", "28. Array3\28. Array3.vcxproj", "{2F05A219-1ED2-4231-B4A4-E164CAB4DDF5}"
EndProject
Project("{8BC9CEB8-8B4A-11D0-8D11-00A0C91BC942}") = "25. Array4", "26. Array4\26. Array4.vcxproj", "{BF4AC7EA-9CB0-4E7B-9E1B-1C2BB643716A}"
EndProject
Project("{8BC9CEB8-8B4A-11D0-8D11-00A0C91BC942}") = "26. Array5", "29. Array4\29. Array4.vcxproj", "{7F668DD2-F298-4D4D-8A95-98FE27220139}"
EndProject
Project("{8BC9CEB8-8B4A-11D0-8D11-00A0C91BC942}") = "27. Array6", "28. Array6\28. Array6.vcxproj", "{869CE85B-A9DE-4693-80A2-BBA2A9EACD6D}"
EndProject
Project("{8BC9CEB8-8B4A-11D0-8D11-00A0C91BC942}") = "28. Array7", "29. Array7\29. Array7.vcxproj", "{9723C95D-53EE-4AED-9574-9E652FC0033A}"
EndProject
Project("{8BC9CEB8-8B4A-11D0-8D11-00A0C91BC942}") = "29. Array8", "30. Array8\30. Array8.vcxproj", "{9FF1AA86-6F48-45F6-88A0-3E7CB3817B6E}"
EndProject
Project("{8BC9CEB8-8B4A-11D0-8D11-00A0C91BC942}") = "30. Array9", "30. Array10\30. Array10.vcxproj", "{63058836-052B-4B26-9614-EB1F31698AD0}"
EndProject
Project("{8BC9CEB8-8B4A-11D0-8D11-00A0C91BC942}") = "31. Array10", "31. Array11\31. Array11.vcxproj", "{B11AFEE2-D007-4CF1-A8E3-85F6BD06A4F5}"
EndProject
Project("{8BC9CEB8-8B4A-11D0-8D11-00A0C91BC942}") = "32. MD_Array1", "31. MD_Array1\31. MD_Array1.vcxproj", "{D4FCC2A4-D980-4283-A2CE-E432884CEDFB}"
EndProject
Project("{8BC9CEB8-8B4A-11D0-8D11-00A0C91BC942}") = "34. MD_Array3", "32. MD_Array2\32. MD_Array2.vcxproj", "{AB393052-FF0D-4479-8722-4CD59646DE52}"
EndProject
Project("{8BC9CEB8-8B4A-11D0-8D11-00A0C91BC942}") = "33. MD_Array2", "33. MD_Array2\33. MD_Array2.vcxproj", "{D1954BF6-2C80-4FB4-B186-7514412A8397}"
EndProject
Project("{8BC9CEB8-8B4A-11D0-8D11-00A0C91BC942}") = "35. Pointer1", "35. Pointer1\35. Pointer1.vcxproj", "{AEDDB22E-7A48-4A7D-99D5-F13D70718BD1}"
EndProject
Project("{8BC9CEB8-8B4A-11D0-8D11-00A0C91BC942}") = "36. Pointer2", "36. Pointer2\36. Pointer2.vcxproj", "{FC4B0242-535C-40ED-A592-7CBB160AEB7D}"
EndProject
Project("{8BC9CEB8-8B4A-11D0-8D11-00A0C91BC942}") = "37. Pointer3", "37. Pointer3\37. Pointer3.vcxproj", "{19E0AEF3-A67F-4C0B-B731-B3851DB837C6}"
EndProject
Project("{8BC9CEB8-8B4A-11D0-8D11-00A0C91BC942}") = "38. Pointer4", "38. Pointer8\38. Pointer8.vcxproj", "{05FA2556-C73A-41B4-8816-45A2367C6910}"
EndProject
Project("{8BC9CEB8-8B4A-11D0-8D11-00A0C91BC942}") = "39. Pointer5", "38. Pointer5\38. Pointer5.vcxproj", "{06B69C62-DECF-44DF-AD9D-918F0C83F376}"
EndProject
Project("{8BC9CEB8-8B4A-11D0-8D11-00A0C91BC942}") = "40. Pointer6", "40. Pointer6\40. Pointer6.vcxproj", "{85E5210C-F529-485A-A73D-D9452E0CCBCA}"
EndProject
Project("{8BC9CEB8-8B4A-11D0-8D11-00A0C91BC942}") = "41. Pointer7", "41. Pointer6\41. Pointer6.vcxproj", "{03A13A9F-35ED-40A4-AF5A-70DEDF358041}"
EndProject
Project("{8BC9CEB8-8B4A-11D0-8D11-00A0C91BC942}") = "43. Pointer9", "42. Pointer7\42. Pointer7.vcxproj", "{849CC24C-2592-4DF7-8AA0-2BAE04008D9B}"
EndProject
Project("{8BC9CEB8-8B4A-11D0-8D11-00A0C91BC942}") = "42. Pointer8", "42. Pointer8\42. Pointer8.vcxproj", "{06CC0EE2-AE66-4D78-B68F-891D40E95273}"
EndProject
Project("{8BC9CEB8-8B4A-11D0-8D11-00A0C91BC942}") = "44. Pointer10", "43. Pointer10\43. Pointer10.vcxproj", "{1B787B36-23A4-458D-AE9B-833D87C9D71D}"
EndProject
Project("{8BC9CEB8-8B4A-11D0-8D11-00A0C91BC942}") = "45. String1", "45. String1\45. String1.vcxproj", "{D57E1922-CCF7-49AB-A89A-791D8FAF41CA}"
EndProject
Project("{8BC9CEB8-8B4A-11D0-8D11-00A0C91BC942}") = "46. String2", "43. String2\43. String2.vcxproj", "{7BE6A5A6-692D-4233-9DAC-E575001BB63C}"
EndProject
Project("{8BC9CEB8-8B4A-11D0-8D11-00A0C91BC942}") = "47. String3", "47. String3\47. String3.vcxproj", "{73836C80-5EEE-4BB2-A011-428AA6085B65}"
EndProject
Project("{8BC9CEB8-8B4A-11D0-8D11-00A0C91BC942}") = "48. String4", "48. String6\48. String6.vcxproj", "{13705384-702C-4917-8486-A52637FA4425}"
EndProject
Project("{8BC9CEB8-8B4A-11D0-8D11-00A0C91BC942}") = "49. String5", "49. String6\49. String6.vcxproj", "{B4238240-D974-4223-A503-1B915B83F8F7}"
EndProject
Project("{8BC9CEB8-8B4A-11D0-8D11-00A0C91BC942}") = "50. Struct01", "50. Struct01\50. Struct01.vcxproj", "{05F3ADCE-6443-4D1F-BF38-A1F00A99BB0B}"
EndProject
Project("{8BC9CEB8-8B4A-11D0-8D11-00A0C91BC942}") = "51. Struct02", "51. Struct02\51. Struct02.vcxproj", "{3F6D39FA-0CB6-4E00-9C18-3819487062CB}"
EndProject
Project("{8BC9CEB8-8B4A-11D0-8D11-00A0C91BC942}") = "52. Struct03", "52. Struct03\52. Struct03.vcxproj", "{A035AC68-55E5-45E2-9F71-7DEA40349982}"
EndProject
Project("{8BC9CEB8-8B4A-11D0-8D11-00A0C91BC942}") = "54. Struct05", "54. Struct05\54. Struct05.vcxproj", "{A03735E6-0C69-4B72-B8C7-0B4078A14CE9}"
EndProject
Project("{8BC9CEB8-8B4A-11D0-8D11-00A0C91BC942}") = "55. Struct06", "55. Struct06\55. Struct06.vcxproj", "{2098B6DF-9F51-45B1-8B9C-F60F3BFEEA92}"
EndProject
Project("{8BC9CEB8-8B4A-11D0-8D11-00A0C91BC942}") = "57. Struct08", "57. Struct07\57. Struct07.vcxproj", "{7ABAA4D3-814E-459B-B8E7-F3677C5A0BC5}"
EndProject
Project("{8BC9CEB8-8B4A-11D0-8D11-00A0C91BC942}") = "58. Struct09", "58. Struct08\58. Struct08.vcxproj", "{7F93C7F3-5DF0-4B72-B9DF-2B629FE42F53}"
EndProject
Project("{8BC9CEB8-8B4A-11D0-8D11-00A0C91BC942}") = "60. Struct10", "60. Struct10\60. Struct10.vcxproj", "{DAC6CA17-75FD-49FA-8CFC-CA29061F1B9B}"
EndProject
Project("{8BC9CEB8-8B4A-11D0-8D11-00A0C91BC942}") = "61. Struct11", "61. Struct11\61. Struct11.vcxproj", "{C29A5D42-1E86-475E-B6EA-0D80965F7C1E}"
EndProject
Project("{8BC9CEB8-8B4A-11D0-8D11-00A0C91BC942}") = "62. Struct12", "62. Pointer12\62. Pointer12.vcxproj", "{0D7DE2A6-2793-42D0-BD6B-5245B00B97E1}"
EndProject
Project("{8BC9CEB8-8B4A-11D0-8D11-00A0C91BC942}") = "63. Struct13", "62. Struct13\62. Struct13.vcxproj", "{57BED7BF-C7A8-43AE-AEEB-7309CEA7D9C0}"
EndProject
Project("{8BC9CEB8-8B4A-11D0-8D11-00A0C91BC942}") = "64. Union01", "64. Union01\64. Union01.vcxproj", "{E57B458C-E451-40A4-BF97-8E852B694EED}"
EndProject
Project("{8BC9CEB8-8B4A-11D0-8D11-00A0C91BC942}") = "65. Union02", "65. Union02\65. Union02.vcxproj", "{CBCB8C7F-90DC-4984-BD4A-9408E6A73B60}"
EndProject
Project("{8BC9CEB8-8B4A-11D0-8D11-00A0C91BC942}") = "66. Enum01", "66. Enum01\66. Enum01.vcxproj", "{073FD40F-CBA8-4A05-8102-36C236594EF8}"
EndProject
Project("{8BC9CEB8-8B4A-11D0-8D11-00A0C91BC942}") = "67. Enum02", "67.Enum02\67.Enum02.vcxproj", "{67058875-5CE9-4004-B87B-0CD38E7BA9E0}"
EndProject
Global
	GlobalSection(SolutionConfigurationPlatforms) = preSolution
		Debug|x64 = Debug|x64
		Debug|x86 = Debug|x86
		Release|x64 = Release|x64
		Release|x86 = Release|x86
	EndGlobalSection
	GlobalSection(ProjectConfigurationPlatforms) = postSolution
		{091D5076-A96E-4F77-9ACE-43D320D9DCEE}.Debug|x64.ActiveCfg = Debug|x64
		{091D5076-A96E-4F77-9ACE-43D320D9DCEE}.Debug|x64.Build.0 = Debug|x64
		{091D5076-A96E-4F77-9ACE-43D320D9DCEE}.Debug|x86.ActiveCfg = Debug|Win32
		{091D5076-A96E-4F77-9ACE-43D320D9DCEE}.Debug|x86.Build.0 = Debug|Win32
		{091D5076-A96E-4F77-9ACE-43D320D9DCEE}.Release|x64.ActiveCfg = Release|x64
		{091D5076-A96E-4F77-9ACE-43D320D9DCEE}.Release|x64.Build.0 = Release|x64
		{091D5076-A96E-4F77-9ACE-43D320D9DCEE}.Release|x86.ActiveCfg = Release|Win32
		{091D5076-A96E-4F77-9ACE-43D320D9DCEE}.Release|x86.Build.0 = Release|Win32
		{3068E0F1-9BAD-49A7-9343-1232B7B890B1}.Debug|x64.ActiveCfg = Debug|x64
		{3068E0F1-9BAD-49A7-9343-1232B7B890B1}.Debug|x64.Build.0 = Debug|x64
		{3068E0F1-9BAD-49A7-9343-1232B7B890B1}.Debug|x86.ActiveCfg = Debug|Win32
		{3068E0F1-9BAD-49A7-9343-1232B7B890B1}.Debug|x86.Build.0 = Debug|Win32
		{3068E0F1-9BAD-49A7-9343-1232B7B890B1}.Release|x64.ActiveCfg = Release|x64
		{3068E0F1-9BAD-49A7-9343-1232B7B890B1}.Release|x64.Build.0 = Release|x64
		{3068E0F1-9BAD-49A7-9343-1232B7B890B1}.Release|x86.ActiveCfg = Release|Win32
		{3068E0F1-9BAD-49A7-9343-1232B7B890B1}.Release|x86.Build.0 = Release|Win32
		{763545C3-4B1A-4A6E-9B93-7B8370D63AB9}.Debug|x64.ActiveCfg = Debug|x64
		{763545C3-4B1A-4A6E-9B93-7B8370D63AB9}.Debug|x64.Build.0 = Debug|x64
		{763545C3-4B1A-4A6E-9B93-7B8370D63AB9}.Debug|x86.ActiveCfg = Debug|Win32
		{763545C3-4B1A-4A6E-9B93-7B8370D63AB9}.Debug|x86.Build.0 = Debug|Win32
		{763545C3-4B1A-4A6E-9B93-7B8370D63AB9}.Release|x64.ActiveCfg = Release|x64
		{763545C3-4B1A-4A6E-9B93-7B8370D63AB9}.Release|x64.Build.0 = Release|x64
		{763545C3-4B1A-4A6E-9B93-7B8370D63AB9}.Release|x86.ActiveCfg = Release|Win32
		{763545C3-4B1A-4A6E-9B93-7B8370D63AB9}.Release|x86.Build.0 = Release|Win32
		{1BE799D7-29EB-482D-BF85-B1DC67093097}.Debug|x64.ActiveCfg = Debug|x64
		{1BE799D7-29EB-482D-BF85-B1DC67093097}.Debug|x64.Build.0 = Debug|x64
		{1BE799D7-29EB-482D-BF85-B1DC67093097}.Debug|x86.ActiveCfg = Debug|Win32
		{1BE799D7-29EB-482D-BF85-B1DC67093097}.Debug|x86.Build.0 = Debug|Win32
		{1BE799D7-29EB-482D-BF85-B1DC67093097}.Release|x64.ActiveCfg = Release|x64
		{1BE799D7-29EB-482D-BF85-B1DC67093097}.Release|x64.Build.0 = Release|x64
		{1BE799D7-29EB-482D-BF85-B1DC67093097}.Release|x86.ActiveCfg = Release|Win32
		{1BE799D7-29EB-482D-BF85-B1DC67093097}.Release|x86.Build.0 = Release|Win32
		{10C321D1-1459-4EB3-B9BE-AC2CA406A691}.Debug|x64.ActiveCfg = Debug|x64
		{10C321D1-1459-4EB3-B9BE-AC2CA406A691}.Debug|x64.Build.0 = Debug|x64
		{10C321D1-1459-4EB3-B9BE-AC2CA406A691}.Debug|x86.ActiveCfg = Debug|Win32
		{10C321D1-1459-4EB3-B9BE-AC2CA406A691}.Debug|x86.Build.0 = Debug|Win32
		{10C321D1-1459-4EB3-B9BE-AC2CA406A691}.Release|x64.ActiveCfg = Release|x64
		{10C321D1-1459-4EB3-B9BE-AC2CA406A691}.Release|x64.Build.0 = Release|x64
		{10C321D1-1459-4EB3-B9BE-AC2CA406A691}.Release|x86.ActiveCfg = Release|Win32
		{10C321D1-1459-4EB3-B9BE-AC2CA406A691}.Release|x86.Build.0 = Release|Win32
		{5B67391B-9109-465B-9757-3075C06AA7D6}.Debug|x64.ActiveCfg = Debug|x64
		{5B67391B-9109-465B-9757-3075C06AA7D6}.Debug|x64.Build.0 = Debug|x64
		{5B67391B-9109-465B-9757-3075C06AA7D6}.Debug|x86.ActiveCfg = Debug|Win32
		{5B67391B-9109-465B-9757-3075C06AA7D6}.Debug|x86.Build.0 = Debug|Win32
		{5B67391B-9109-465B-9757-3075C06AA7D6}.Release|x64.ActiveCfg = Release|x64
		{5B67391B-9109-465B-9757-3075C06AA7D6}.Release|x64.Build.0 = Release|x64
		{5B67391B-9109-465B-9757-3075C06AA7D6}.Release|x86.ActiveCfg = Release|Win32
		{5B67391B-9109-465B-9757-3075C06AA7D6}.Release|x86.Build.0 = Release|Win32
		{35EA45EA-5CAD-4C50-9369-0A62A888A970}.Debug|x64.ActiveCfg = Debug|x64
		{35EA45EA-5CAD-4C50-9369-0A62A888A970}.Debug|x64.Build.0 = Debug|x64
		{35EA45EA-5CAD-4C50-9369-0A62A888A970}.Debug|x86.ActiveCfg = Debug|Win32
		{35EA45EA-5CAD-4C50-9369-0A62A888A970}.Debug|x86.Build.0 = Debug|Win32
		{35EA45EA-5CAD-4C50-9369-0A62A888A970}.Release|x64.ActiveCfg = Release|x64
		{35EA45EA-5CAD-4C50-9369-0A62A888A970}.Release|x64.Build.0 = Release|x64
		{35EA45EA-5CAD-4C50-9369-0A62A888A970}.Release|x86.ActiveCfg = Release|Win32
		{35EA45EA-5CAD-4C50-9369-0A62A888A970}.Release|x86.Build.0 = Release|Win32
		{FD399970-3AEC-4076-9668-26AE6AF25189}.Debug|x64.ActiveCfg = Debug|x64
		{FD399970-3AEC-4076-9668-26AE6AF25189}.Debug|x64.Build.0 = Debug|x64
		{FD399970-3AEC-4076-9668-26AE6AF25189}.Debug|x86.ActiveCfg = Debug|Win32
		{FD399970-3AEC-4076-9668-26AE6AF25189}.Debug|x86.Build.0 = Debug|Win32
		{FD399970-3AEC-4076-9668-26AE6AF25189}.Release|x64.ActiveCfg = Release|x64
		{FD399970-3AEC-4076-9668-26AE6AF25189}.Release|x64.Build.0 = Release|x64
		{FD399970-3AEC-4076-9668-26AE6AF25189}.Release|x86.ActiveCfg = Release|Win32
		{FD399970-3AEC-4076-9668-26AE6AF25189}.Release|x86.Build.0 = Release|Win32
		{B3FA388F-264D-4CB0-AFA1-06B35A20ED28}.Debug|x64.ActiveCfg = Debug|x64
		{B3FA388F-264D-4CB0-AFA1-06B35A20ED28}.Debug|x64.Build.0 = Debug|x64
		{B3FA388F-264D-4CB0-AFA1-06B35A20ED28}.Debug|x86.ActiveCfg = Debug|Win32
		{B3FA388F-264D-4CB0-AFA1-06B35A20ED28}.Debug|x86.Build.0 = Debug|Win32
		{B3FA388F-264D-4CB0-AFA1-06B35A20ED28}.Release|x64.ActiveCfg = Release|x64
		{B3FA388F-264D-4CB0-AFA1-06B35A20ED28}.Release|x64.Build.0 = Release|x64
		{B3FA388F-264D-4CB0-AFA1-06B35A20ED28}.Release|x86.ActiveCfg = Release|Win32
		{B3FA388F-264D-4CB0-AFA1-06B35A20ED28}.Release|x86.Build.0 = Release|Win32
		{4B6351FA-54B9-4A35-89C4-A13B7B8A07CF}.Debug|x64.ActiveCfg = Debug|x64
		{4B6351FA-54B9-4A35-89C4-A13B7B8A07CF}.Debug|x64.Build.0 = Debug|x64
		{4B6351FA-54B9-4A35-89C4-A13B7B8A07CF}.Debug|x86.ActiveCfg = Debug|Win32
		{4B6351FA-54B9-4A35-89C4-A13B7B8A07CF}.Debug|x86.Build.0 = Debug|Win32
		{4B6351FA-54B9-4A35-89C4-A13B7B8A07CF}.Release|x64.ActiveCfg = Release|x64
		{4B6351FA-54B9-4A35-89C4-A13B7B8A07CF}.Release|x64.Build.0 = Release|x64
		{4B6351FA-54B9-4A35-89C4-A13B7B8A07CF}.Release|x86.ActiveCfg = Release|Win32
		{4B6351FA-54B9-4A35-89C4-A13B7B8A07CF}.Release|x86.Build.0 = Release|Win32
		{FB3F5E7E-9F3E-42EE-A0FC-D2A0E364B24F}.Debug|x64.ActiveCfg = Debug|x64
		{FB3F5E7E-9F3E-42EE-A0FC-D2A0E364B24F}.Debug|x64.Build.0 = Debug|x64
		{FB3F5E7E-9F3E-42EE-A0FC-D2A0E364B24F}.Debug|x86.ActiveCfg = Debug|Win32
		{FB3F5E7E-9F3E-42EE-A0FC-D2A0E364B24F}.Debug|x86.Build.0 = Debug|Win32
		{FB3F5E7E-9F3E-42EE-A0FC-D2A0E364B24F}.Release|x64.ActiveCfg = Release|x64
		{FB3F5E7E-9F3E-42EE-A0FC-D2A0E364B24F}.Release|x64.Build.0 = Release|x64
		{FB3F5E7E-9F3E-42EE-A0FC-D2A0E364B24F}.Release|x86.ActiveCfg = Release|Win32
		{FB3F5E7E-9F3E-42EE-A0FC-D2A0E364B24F}.Release|x86.Build.0 = Release|Win32
		{3F1A15AB-67DF-484F-95E4-31C8AF4A216B}.Debug|x64.ActiveCfg = Debug|x64
		{3F1A15AB-67DF-484F-95E4-31C8AF4A216B}.Debug|x64.Build.0 = Debug|x64
		{3F1A15AB-67DF-484F-95E4-31C8AF4A216B}.Debug|x86.ActiveCfg = Debug|Win32
		{3F1A15AB-67DF-484F-95E4-31C8AF4A216B}.Debug|x86.Build.0 = Debug|Win32
		{3F1A15AB-67DF-484F-95E4-31C8AF4A216B}.Release|x64.ActiveCfg = Release|x64
		{3F1A15AB-67DF-484F-95E4-31C8AF4A216B}.Release|x64.Build.0 = Release|x64
		{3F1A15AB-67DF-484F-95E4-31C8AF4A216B}.Release|x86.ActiveCfg = Release|Win32
		{3F1A15AB-67DF-484F-95E4-31C8AF4A216B}.Release|x86.Build.0 = Release|Win32
		{76E55C74-C8A4-4195-A8BB-FA7EA4EF3D49}.Debug|x64.ActiveCfg = Debug|x64
		{76E55C74-C8A4-4195-A8BB-FA7EA4EF3D49}.Debug|x64.Build.0 = Debug|x64
		{76E55C74-C8A4-4195-A8BB-FA7EA4EF3D49}.Debug|x86.ActiveCfg = Debug|Win32
		{76E55C74-C8A4-4195-A8BB-FA7EA4EF3D49}.Debug|x86.Build.0 = Debug|Win32
		{76E55C74-C8A4-4195-A8BB-FA7EA4EF3D49}.Release|x64.ActiveCfg = Release|x64
		{76E55C74-C8A4-4195-A8BB-FA7EA4EF3D49}.Release|x64.Build.0 = Release|x64
		{76E55C74-C8A4-4195-A8BB-FA7EA4EF3D49}.Release|x86.ActiveCfg = Release|Win32
		{76E55C74-C8A4-4195-A8BB-FA7EA4EF3D49}.Release|x86.Build.0 = Release|Win32
		{7DA92EDF-8088-40C0-A11D-EA66692EC32A}.Debug|x64.ActiveCfg = Debug|x64
		{7DA92EDF-8088-40C0-A11D-EA66692EC32A}.Debug|x64.Build.0 = Debug|x64
		{7DA92EDF-8088-40C0-A11D-EA66692EC32A}.Debug|x86.ActiveCfg = Debug|Win32
		{7DA92EDF-8088-40C0-A11D-EA66692EC32A}.Debug|x86.Build.0 = Debug|Win32
		{7DA92EDF-8088-40C0-A11D-EA66692EC32A}.Release|x64.ActiveCfg = Release|x64
		{7DA92EDF-8088-40C0-A11D-EA66692EC32A}.Release|x64.Build.0 = Release|x64
		{7DA92EDF-8088-40C0-A11D-EA66692EC32A}.Release|x86.ActiveCfg = Release|Win32
		{7DA92EDF-8088-40C0-A11D-EA66692EC32A}.Release|x86.Build.0 = Release|Win32
		{777E7CF5-8505-4312-AD41-EFAE111CCD72}.Debug|x64.ActiveCfg = Debug|x64
		{777E7CF5-8505-4312-AD41-EFAE111CCD72}.Debug|x64.Build.0 = Debug|x64
		{777E7CF5-8505-4312-AD41-EFAE111CCD72}.Debug|x86.ActiveCfg = Debug|Win32
		{777E7CF5-8505-4312-AD41-EFAE111CCD72}.Debug|x86.Build.0 = Debug|Win32
		{777E7CF5-8505-4312-AD41-EFAE111CCD72}.Release|x64.ActiveCfg = Release|x64
		{777E7CF5-8505-4312-AD41-EFAE111CCD72}.Release|x64.Build.0 = Release|x64
		{777E7CF5-8505-4312-AD41-EFAE111CCD72}.Release|x86.ActiveCfg = Release|Win32
		{777E7CF5-8505-4312-AD41-EFAE111CCD72}.Release|x86.Build.0 = Release|Win32
		{0E4F6356-1584-4774-B686-6743F45A7B11}.Debug|x64.ActiveCfg = Debug|x64
		{0E4F6356-1584-4774-B686-6743F45A7B11}.Debug|x64.Build.0 = Debug|x64
		{0E4F6356-1584-4774-B686-6743F45A7B11}.Debug|x86.ActiveCfg = Debug|Win32
		{0E4F6356-1584-4774-B686-6743F45A7B11}.Debug|x86.Build.0 = Debug|Win32
		{0E4F6356-1584-4774-B686-6743F45A7B11}.Release|x64.ActiveCfg = Release|x64
		{0E4F6356-1584-4774-B686-6743F45A7B11}.Release|x64.Build.0 = Release|x64
		{0E4F6356-1584-4774-B686-6743F45A7B11}.Release|x86.ActiveCfg = Release|Win32
		{0E4F6356-1584-4774-B686-6743F45A7B11}.Release|x86.Build.0 = Release|Win32
		{C3752308-F0A1-4A31-A896-E5AD85238116}.Debug|x64.ActiveCfg = Debug|x64
		{C3752308-F0A1-4A31-A896-E5AD85238116}.Debug|x64.Build.0 = Debug|x64
		{C3752308-F0A1-4A31-A896-E5AD85238116}.Debug|x86.ActiveCfg = Debug|Win32
		{C3752308-F0A1-4A31-A896-E5AD85238116}.Debug|x86.Build.0 = Debug|Win32
		{C3752308-F0A1-4A31-A896-E5AD85238116}.Release|x64.ActiveCfg = Release|x64
		{C3752308-F0A1-4A31-A896-E5AD85238116}.Release|x64.Build.0 = Release|x64
		{C3752308-F0A1-4A31-A896-E5AD85238116}.Release|x86.ActiveCfg = Release|Win32
		{C3752308-F0A1-4A31-A896-E5AD85238116}.Release|x86.Build.0 = Release|Win32
		{ADA121EE-463B-4010-8CE0-B3D1804C3A3F}.Debug|x64.ActiveCfg = Debug|x64
		{ADA121EE-463B-4010-8CE0-B3D1804C3A3F}.Debug|x64.Build.0 = Debug|x64
		{ADA121EE-463B-4010-8CE0-B3D1804C3A3F}.Debug|x86.ActiveCfg = Debug|Win32
		{ADA121EE-463B-4010-8CE0-B3D1804C3A3F}.Debug|x86.Build.0 = Debug|Win32
		{ADA121EE-463B-4010-8CE0-B3D1804C3A3F}.Release|x64.ActiveCfg = Release|x64
		{ADA121EE-463B-4010-8CE0-B3D1804C3A3F}.Release|x64.Build.0 = Release|x64
		{ADA121EE-463B-4010-8CE0-B3D1804C3A3F}.Release|x86.ActiveCfg = Release|Win32
		{ADA121EE-463B-4010-8CE0-B3D1804C3A3F}.Release|x86.Build.0 = Release|Win32
		{DBAA4AE8-B04D-4C9F-A5F7-FA507668C9CF}.Debug|x64.ActiveCfg = Debug|x64
		{DBAA4AE8-B04D-4C9F-A5F7-FA507668C9CF}.Debug|x64.Build.0 = Debug|x64
		{DBAA4AE8-B04D-4C9F-A5F7-FA507668C9CF}.Debug|x86.ActiveCfg = Debug|Win32
		{DBAA4AE8-B04D-4C9F-A5F7-FA507668C9CF}.Debug|x86.Build.0 = Debug|Win32
		{DBAA4AE8-B04D-4C9F-A5F7-FA507668C9CF}.Release|x64.ActiveCfg = Release|x64
		{DBAA4AE8-B04D-4C9F-A5F7-FA507668C9CF}.Release|x64.Build.0 = Release|x64
		{DBAA4AE8-B04D-4C9F-A5F7-FA507668C9CF}.Release|x86.ActiveCfg = Release|Win32
		{DBAA4AE8-B04D-4C9F-A5F7-FA507668C9CF}.Release|x86.Build.0 = Release|Win32
		{F3E00BAE-D12D-4A8C-B53D-071995D8CF35}.Debug|x64.ActiveCfg = Debug|x64
		{F3E00BAE-D12D-4A8C-B53D-071995D8CF35}.Debug|x64.Build.0 = Debug|x64
		{F3E00BAE-D12D-4A8C-B53D-071995D8CF35}.Debug|x86.ActiveCfg = Debug|Win32
		{F3E00BAE-D12D-4A8C-B53D-071995D8CF35}.Debug|x86.Build.0 = Debug|Win32
		{F3E00BAE-D12D-4A8C-B53D-071995D8CF35}.Release|x64.ActiveCfg = Release|x64
		{F3E00BAE-D12D-4A8C-B53D-071995D8CF35}.Release|x64.Build.0 = Release|x64
		{F3E00BAE-D12D-4A8C-B53D-071995D8CF35}.Release|x86.ActiveCfg = Release|Win32
		{F3E00BAE-D12D-4A8C-B53D-071995D8CF35}.Release|x86.Build.0 = Release|Win32
		{D38990AF-7767-40BC-994D-D77B0D217BA0}.Debug|x64.ActiveCfg = Debug|x64
		{D38990AF-7767-40BC-994D-D77B0D217BA0}.Debug|x64.Build.0 = Debug|x64
		{D38990AF-7767-40BC-994D-D77B0D217BA0}.Debug|x86.ActiveCfg = Debug|Win32
		{D38990AF-7767-40BC-994D-D77B0D217BA0}.Debug|x86.Build.0 = Debug|Win32
		{D38990AF-7767-40BC-994D-D77B0D217BA0}.Release|x64.ActiveCfg = Release|x64
		{D38990AF-7767-40BC-994D-D77B0D217BA0}.Release|x64.Build.0 = Release|x64
		{D38990AF-7767-40BC-994D-D77B0D217BA0}.Release|x86.ActiveCfg = Release|Win32
		{D38990AF-7767-40BC-994D-D77B0D217BA0}.Release|x86.Build.0 = Release|Win32
		{32CFC73C-EB9E-46C0-91A7-D86E82C75C68}.Debug|x64.ActiveCfg = Debug|x64
		{32CFC73C-EB9E-46C0-91A7-D86E82C75C68}.Debug|x64.Build.0 = Debug|x64
		{32CFC73C-EB9E-46C0-91A7-D86E82C75C68}.Debug|x86.ActiveCfg = Debug|Win32
		{32CFC73C-EB9E-46C0-91A7-D86E82C75C68}.Debug|x86.Build.0 = Debug|Win32
		{32CFC73C-EB9E-46C0-91A7-D86E82C75C68}.Release|x64.ActiveCfg = Release|x64
		{32CFC73C-EB9E-46C0-91A7-D86E82C75C68}.Release|x64.Build.0 = Release|x64
		{32CFC73C-EB9E-46C0-91A7-D86E82C75C68}.Release|x86.ActiveCfg = Release|Win32
		{32CFC73C-EB9E-46C0-91A7-D86E82C75C68}.Release|x86.Build.0 = Release|Win32
		{F153607E-CB99-42FF-80D2-C0BCDF477A3F}.Debug|x64.ActiveCfg = Debug|x64
		{F153607E-CB99-42FF-80D2-C0BCDF477A3F}.Debug|x64.Build.0 = Debug|x64
		{F153607E-CB99-42FF-80D2-C0BCDF477A3F}.Debug|x86.ActiveCfg = Debug|Win32
		{F153607E-CB99-42FF-80D2-C0BCDF477A3F}.Debug|x86.Build.0 = Debug|Win32
		{F153607E-CB99-42FF-80D2-C0BCDF477A3F}.Release|x64.ActiveCfg = Release|x64
		{F153607E-CB99-42FF-80D2-C0BCDF477A3F}.Release|x64.Build.0 = Release|x64
		{F153607E-CB99-42FF-80D2-C0BCDF477A3F}.Release|x86.ActiveCfg = Release|Win32
		{F153607E-CB99-42FF-80D2-C0BCDF477A3F}.Release|x86.Build.0 = Release|Win32
		{2F05A219-1ED2-4231-B4A4-E164CAB4DDF5}.Debug|x64.ActiveCfg = Debug|x64
		{2F05A219-1ED2-4231-B4A4-E164CAB4DDF5}.Debug|x64.Build.0 = Debug|x64
		{2F05A219-1ED2-4231-B4A4-E164CAB4DDF5}.Debug|x86.ActiveCfg = Debug|Win32
		{2F05A219-1ED2-4231-B4A4-E164CAB4DDF5}.Debug|x86.Build.0 = Debug|Win32
		{2F05A219-1ED2-4231-B4A4-E164CAB4DDF5}.Release|x64.ActiveCfg = Release|x64
		{2F05A219-1ED2-4231-B4A4-E164CAB4DDF5}.Release|x64.Build.0 = Release|x64
		{2F05A219-1ED2-4231-B4A4-E164CAB4DDF5}.Release|x86.ActiveCfg = Release|Win32
		{2F05A219-1ED2-4231-B4A4-E164CAB4DDF5}.Release|x86.Build.0 = Release|Win32
		{BF4AC7EA-9CB0-4E7B-9E1B-1C2BB643716A}.Debug|x64.ActiveCfg = Debug|x64
		{BF4AC7EA-9CB0-4E7B-9E1B-1C2BB643716A}.Debug|x64.Build.0 = Debug|x64
		{BF4AC7EA-9CB0-4E7B-9E1B-1C2BB643716A}.Debug|x86.ActiveCfg = Debug|Win32
		{BF4AC7EA-9CB0-4E7B-9E1B-1C2BB643716A}.Debug|x86.Build.0 = Debug|Win32
		{BF4AC7EA-9CB0-4E7B-9E1B-1C2BB643716A}.Release|x64.ActiveCfg = Release|x64
		{BF4AC7EA-9CB0-4E7B-9E1B-1C2BB643716A}.Release|x64.Build.0 = Release|x64
		{BF4AC7EA-9CB0-4E7B-9E1B-1C2BB643716A}.Release|x86.ActiveCfg = Release|Win32
		{BF4AC7EA-9CB0-4E7B-9E1B-1C2BB643716A}.Release|x86.Build.0 = Release|Win32
		{7F668DD2-F298-4D4D-8A95-98FE27220139}.Debug|x64.ActiveCfg = Debug|x64
		{7F668DD2-F298-4D4D-8A95-98FE27220139}.Debug|x64.Build.0 = Debug|x64
		{7F668DD2-F298-4D4D-8A95-98FE27220139}.Debug|x86.ActiveCfg = Debug|Win32
		{7F668DD2-F298-4D4D-8A95-98FE27220139}.Debug|x86.Build.0 = Debug|Win32
		{7F668DD2-F298-4D4D-8A95-98FE27220139}.Release|x64.ActiveCfg = Release|x64
		{7F668DD2-F298-4D4D-8A95-98FE27220139}.Release|x64.Build.0 = Release|x64
		{7F668DD2-F298-4D4D-8A95-98FE27220139}.Release|x86.ActiveCfg = Release|Win32
		{7F668DD2-F298-4D4D-8A95-98FE27220139}.Release|x86.Build.0 = Release|Win32
		{869CE85B-A9DE-4693-80A2-BBA2A9EACD6D}.Debug|x64.ActiveCfg = Debug|x64
		{869CE85B-A9DE-4693-80A2-BBA2A9EACD6D}.Debug|x64.Build.0 = Debug|x64
		{869CE85B-A9DE-4693-80A2-BBA2A9EACD6D}.Debug|x86.ActiveCfg = Debug|Win32
		{869CE85B-A9DE-4693-80A2-BBA2A9EACD6D}.Debug|x86.Build.0 = Debug|Win32
		{869CE85B-A9DE-4693-80A2-BBA2A9EACD6D}.Release|x64.ActiveCfg = Release|x64
		{869CE85B-A9DE-4693-80A2-BBA2A9EACD6D}.Release|x64.Build.0 = Release|x64
		{869CE85B-A9DE-4693-80A2-BBA2A9EACD6D}.Release|x86.ActiveCfg = Release|Win32
		{869CE85B-A9DE-4693-80A2-BBA2A9EACD6D}.Release|x86.Build.0 = Release|Win32
		{9723C95D-53EE-4AED-9574-9E652FC0033A}.Debug|x64.ActiveCfg = Debug|x64
		{9723C95D-53EE-4AED-9574-9E652FC0033A}.Debug|x64.Build.0 = Debug|x64
		{9723C95D-53EE-4AED-9574-9E652FC0033A}.Debug|x86.ActiveCfg = Debug|Win32
		{9723C95D-53EE-4AED-9574-9E652FC0033A}.Debug|x86.Build.0 = Debug|Win32
		{9723C95D-53EE-4AED-9574-9E652FC0033A}.Release|x64.ActiveCfg = Release|x64
		{9723C95D-53EE-4AED-9574-9E652FC0033A}.Release|x64.Build.0 = Release|x64
		{9723C95D-53EE-4AED-9574-9E652FC0033A}.Release|x86.ActiveCfg = Release|Win32
		{9723C95D-53EE-4AED-9574-9E652FC0033A}.Release|x86.Build.0 = Release|Win32
		{9FF1AA86-6F48-45F6-88A0-3E7CB3817B6E}.Debug|x64.ActiveCfg = Debug|x64
		{9FF1AA86-6F48-45F6-88A0-3E7CB3817B6E}.Debug|x64.Build.0 = Debug|x64
		{9FF1AA86-6F48-45F6-88A0-3E7CB3817B6E}.Debug|x86.ActiveCfg = Debug|Win32
		{9FF1AA86-6F48-45F6-88A0-3E7CB3817B6E}.Debug|x86.Build.0 = Debug|Win32
		{9FF1AA86-6F48-45F6-88A0-3E7CB3817B6E}.Release|x64.ActiveCfg = Release|x64
		{9FF1AA86-6F48-45F6-88A0-3E7CB3817B6E}.Release|x64.Build.0 = Release|x64
		{9FF1AA86-6F48-45F6-88A0-3E7CB3817B6E}.Release|x86.ActiveCfg = Release|Win32
		{9FF1AA86-6F48-45F6-88A0-3E7CB3817B6E}.Release|x86.Build.0 = Release|Win32
		{63058836-052B-4B26-9614-EB1F31698AD0}.Debug|x64.ActiveCfg = Debug|x64
		{63058836-052B-4B26-9614-EB1F31698AD0}.Debug|x64.Build.0 = Debug|x64
		{63058836-052B-4B26-9614-EB1F31698AD0}.Debug|x86.ActiveCfg = Debug|Win32
		{63058836-052B-4B26-9614-EB1F31698AD0}.Debug|x86.Build.0 = Debug|Win32
		{63058836-052B-4B26-9614-EB1F31698AD0}.Release|x64.ActiveCfg = Release|x64
		{63058836-052B-4B26-9614-EB1F31698AD0}.Release|x64.Build.0 = Release|x64
		{63058836-052B-4B26-9614-EB1F31698AD0}.Release|x86.ActiveCfg = Release|Win32
		{63058836-052B-4B26-9614-EB1F31698AD0}.Release|x86.Build.0 = Release|Win32
		{B11AFEE2-D007-4CF1-A8E3-85F6BD06A4F5}.Debug|x64.ActiveCfg = Debug|x64
		{B11AFEE2-D007-4CF1-A8E3-85F6BD06A4F5}.Debug|x64.Build.0 = Debug|x64
		{B11AFEE2-D007-4CF1-A8E3-85F6BD06A4F5}.Debug|x86.ActiveCfg = Debug|Win32
		{B11AFEE2-D007-4CF1-A8E3-85F6BD06A4F5}.Debug|x86.Build.0 = Debug|Win32
		{B11AFEE2-D007-4CF1-A8E3-85F6BD06A4F5}.Release|x64.ActiveCfg = Release|x64
		{B11AFEE2-D007-4CF1-A8E3-85F6BD06A4F5}.Release|x64.Build.0 = Release|x64
		{B11AFEE2-D007-4CF1-A8E3-85F6BD06A4F5}.Release|x86.ActiveCfg = Release|Win32
		{B11AFEE2-D007-4CF1-A8E3-85F6BD06A4F5}.Release|x86.Build.0 = Release|Win32
		{D4FCC2A4-D980-4283-A2CE-E432884CEDFB}.Debug|x64.ActiveCfg = Debug|x64
		{D4FCC2A4-D980-4283-A2CE-E432884CEDFB}.Debug|x64.Build.0 = Debug|x64
		{D4FCC2A4-D980-4283-A2CE-E432884CEDFB}.Debug|x86.ActiveCfg = Debug|Win32
		{D4FCC2A4-D980-4283-A2CE-E432884CEDFB}.Debug|x86.Build.0 = Debug|Win32
		{D4FCC2A4-D980-4283-A2CE-E432884CEDFB}.Release|x64.ActiveCfg = Release|x64
		{D4FCC2A4-D980-4283-A2CE-E432884CEDFB}.Release|x64.Build.0 = Release|x64
		{D4FCC2A4-D980-4283-A2CE-E432884CEDFB}.Release|x86.ActiveCfg = Release|Win32
		{D4FCC2A4-D980-4283-A2CE-E432884CEDFB}.Release|x86.Build.0 = Release|Win32
		{AB393052-FF0D-4479-8722-4CD59646DE52}.Debug|x64.ActiveCfg = Debug|x64
		{AB393052-FF0D-4479-8722-4CD59646DE52}.Debug|x64.Build.0 = Debug|x64
		{AB393052-FF0D-4479-8722-4CD59646DE52}.Debug|x86.ActiveCfg = Debug|Win32
		{AB393052-FF0D-4479-8722-4CD59646DE52}.Debug|x86.Build.0 = Debug|Win32
		{AB393052-FF0D-4479-8722-4CD59646DE52}.Release|x64.ActiveCfg = Release|x64
		{AB393052-FF0D-4479-8722-4CD59646DE52}.Release|x64.Build.0 = Release|x64
		{AB393052-FF0D-4479-8722-4CD59646DE52}.Release|x86.ActiveCfg = Release|Win32
		{AB393052-FF0D-4479-8722-4CD59646DE52}.Release|x86.Build.0 = Release|Win32
		{D1954BF6-2C80-4FB4-B186-7514412A8397}.Debug|x64.ActiveCfg = Debug|x64
		{D1954BF6-2C80-4FB4-B186-7514412A8397}.Debug|x64.Build.0 = Debug|x64
		{D1954BF6-2C80-4FB4-B186-7514412A8397}.Debug|x86.ActiveCfg = Debug|Win32
		{D1954BF6-2C80-4FB4-B186-7514412A8397}.Debug|x86.Build.0 = Debug|Win32
		{D1954BF6-2C80-4FB4-B186-7514412A8397}.Release|x64.ActiveCfg = Release|x64
		{D1954BF6-2C80-4FB4-B186-7514412A8397}.Release|x64.Build.0 = Release|x64
		{D1954BF6-2C80-4FB4-B186-7514412A8397}.Release|x86.ActiveCfg = Release|Win32
		{D1954BF6-2C80-4FB4-B186-7514412A8397}.Release|x86.Build.0 = Release|Win32
		{AEDDB22E-7A48-4A7D-99D5-F13D70718BD1}.Debug|x64.ActiveCfg = Debug|x64
		{AEDDB22E-7A48-4A7D-99D5-F13D70718BD1}.Debug|x64.Build.0 = Debug|x64
		{AEDDB22E-7A48-4A7D-99D5-F13D70718BD1}.Debug|x86.ActiveCfg = Debug|Win32
		{AEDDB22E-7A48-4A7D-99D5-F13D70718BD1}.Debug|x86.Build.0 = Debug|Win32
		{AEDDB22E-7A48-4A7D-99D5-F13D70718BD1}.Release|x64.ActiveCfg = Release|x64
		{AEDDB22E-7A48-4A7D-99D5-F13D70718BD1}.Release|x64.Build.0 = Release|x64
		{AEDDB22E-7A48-4A7D-99D5-F13D70718BD1}.Release|x86.ActiveCfg = Release|Win32
		{AEDDB22E-7A48-4A7D-99D5-F13D70718BD1}.Release|x86.Build.0 = Release|Win32
		{FC4B0242-535C-40ED-A592-7CBB160AEB7D}.Debug|x64.ActiveCfg = Debug|x64
		{FC4B0242-535C-40ED-A592-7CBB160AEB7D}.Debug|x64.Build.0 = Debug|x64
		{FC4B0242-535C-40ED-A592-7CBB160AEB7D}.Debug|x86.ActiveCfg = Debug|Win32
		{FC4B0242-535C-40ED-A592-7CBB160AEB7D}.Debug|x86.Build.0 = Debug|Win32
		{FC4B0242-535C-40ED-A592-7CBB160AEB7D}.Release|x64.ActiveCfg = Release|x64
		{FC4B0242-535C-40ED-A592-7CBB160AEB7D}.Release|x64.Build.0 = Release|x64
		{FC4B0242-535C-40ED-A592-7CBB160AEB7D}.Release|x86.ActiveCfg = Release|Win32
		{FC4B0242-535C-40ED-A592-7CBB160AEB7D}.Release|x86.Build.0 = Release|Win32
		{19E0AEF3-A67F-4C0B-B731-B3851DB837C6}.Debug|x64.ActiveCfg = Debug|x64
		{19E0AEF3-A67F-4C0B-B731-B3851DB837C6}.Debug|x64.Build.0 = Debug|x64
		{19E0AEF3-A67F-4C0B-B731-B3851DB837C6}.Debug|x86.ActiveCfg = Debug|Win32
		{19E0AEF3-A67F-4C0B-B731-B3851DB837C6}.Debug|x86.Build.0 = Debug|Win32
		{19E0AEF3-A67F-4C0B-B731-B3851DB837C6}.Release|x64.ActiveCfg = Release|x64
		{19E0AEF3-A67F-4C0B-B731-B3851DB837C6}.Release|x64.Build.0 = Release|x64
		{19E0AEF3-A67F-4C0B-B731-B3851DB837C6}.Release|x86.ActiveCfg = Release|Win32
		{19E0AEF3-A67F-4C0B-B731-B3851DB837C6}.Release|x86.Build.0 = Release|Win32
		{05FA2556-C73A-41B4-8816-45A2367C6910}.Debug|x64.ActiveCfg = Debug|x64
		{05FA2556-C73A-41B4-8816-45A2367C6910}.Debug|x64.Build.0 = Debug|x64
		{05FA2556-C73A-41B4-8816-45A2367C6910}.Debug|x86.ActiveCfg = Debug|Win32
		{05FA2556-C73A-41B4-8816-45A2367C6910}.Debug|x86.Build.0 = Debug|Win32
		{05FA2556-C73A-41B4-8816-45A2367C6910}.Release|x64.ActiveCfg = Release|x64
		{05FA2556-C73A-41B4-8816-45A2367C6910}.Release|x64.Build.0 = Release|x64
		{05FA2556-C73A-41B4-8816-45A2367C6910}.Release|x86.ActiveCfg = Release|Win32
		{05FA2556-C73A-41B4-8816-45A2367C6910}.Release|x86.Build.0 = Release|Win32
		{06B69C62-DECF-44DF-AD9D-918F0C83F376}.Debug|x64.ActiveCfg = Debug|x64
		{06B69C62-DECF-44DF-AD9D-918F0C83F376}.Debug|x64.Build.0 = Debug|x64
		{06B69C62-DECF-44DF-AD9D-918F0C83F376}.Debug|x86.ActiveCfg = Debug|Win32
		{06B69C62-DECF-44DF-AD9D-918F0C83F376}.Debug|x86.Build.0 = Debug|Win32
		{06B69C62-DECF-44DF-AD9D-918F0C83F376}.Release|x64.ActiveCfg = Release|x64
		{06B69C62-DECF-44DF-AD9D-918F0C83F376}.Release|x64.Build.0 = Release|x64
		{06B69C62-DECF-44DF-AD9D-918F0C83F376}.Release|x86.ActiveCfg = Release|Win32
		{06B69C62-DECF-44DF-AD9D-918F0C83F376}.Release|x86.Build.0 = Release|Win32
		{85E5210C-F529-485A-A73D-D9452E0CCBCA}.Debug|x64.ActiveCfg = Debug|x64
		{85E5210C-F529-485A-A73D-D9452E0CCBCA}.Debug|x64.Build.0 = Debug|x64
		{85E5210C-F529-485A-A73D-D9452E0CCBCA}.Debug|x86.ActiveCfg = Debug|Win32
		{85E5210C-F529-485A-A73D-D9452E0CCBCA}.Debug|x86.Build.0 = Debug|Win32
		{85E5210C-F529-485A-A73D-D9452E0CCBCA}.Release|x64.ActiveCfg = Release|x64
		{85E5210C-F529-485A-A73D-D9452E0CCBCA}.Release|x64.Build.0 = Release|x64
		{85E5210C-F529-485A-A73D-D9452E0CCBCA}.Release|x86.ActiveCfg = Release|Win32
		{85E5210C-F529-485A-A73D-D9452E0CCBCA}.Release|x86.Build.0 = Release|Win32
		{03A13A9F-35ED-40A4-AF5A-70DEDF358041}.Debug|x64.ActiveCfg = Debug|x64
		{03A13A9F-35ED-40A4-AF5A-70DEDF358041}.Debug|x64.Build.0 = Debug|x64
		{03A13A9F-35ED-40A4-AF5A-70DEDF358041}.Debug|x86.ActiveCfg = Debug|Win32
		{03A13A9F-35ED-40A4-AF5A-70DEDF358041}.Debug|x86.Build.0 = Debug|Win32
		{03A13A9F-35ED-40A4-AF5A-70DEDF358041}.Release|x64.ActiveCfg = Release|x64
		{03A13A9F-35ED-40A4-AF5A-70DEDF358041}.Release|x64.Build.0 = Release|x64
		{03A13A9F-35ED-40A4-AF5A-70DEDF358041}.Release|x86.ActiveCfg = Release|Win32
		{03A13A9F-35ED-40A4-AF5A-70DEDF358041}.Release|x86.Build.0 = Release|Win32
		{849CC24C-2592-4DF7-8AA0-2BAE04008D9B}.Debug|x64.ActiveCfg = Debug|x64
		{849CC24C-2592-4DF7-8AA0-2BAE04008D9B}.Debug|x64.Build.0 = Debug|x64
		{849CC24C-2592-4DF7-8AA0-2BAE04008D9B}.Debug|x86.ActiveCfg = Debug|Win32
		{849CC24C-2592-4DF7-8AA0-2BAE04008D9B}.Debug|x86.Build.0 = Debug|Win32
		{849CC24C-2592-4DF7-8AA0-2BAE04008D9B}.Release|x64.ActiveCfg = Release|x64
		{849CC24C-2592-4DF7-8AA0-2BAE04008D9B}.Release|x64.Build.0 = Release|x64
		{849CC24C-2592-4DF7-8AA0-2BAE04008D9B}.Release|x86.ActiveCfg = Release|Win32
		{849CC24C-2592-4DF7-8AA0-2BAE04008D9B}.Release|x86.Build.0 = Release|Win32
		{06CC0EE2-AE66-4D78-B68F-891D40E95273}.Debug|x64.ActiveCfg = Debug|x64
		{06CC0EE2-AE66-4D78-B68F-891D40E95273}.Debug|x64.Build.0 = Debug|x64
		{06CC0EE2-AE66-4D78-B68F-891D40E95273}.Debug|x86.ActiveCfg = Debug|Win32
		{06CC0EE2-AE66-4D78-B68F-891D40E95273}.Debug|x86.Build.0 = Debug|Win32
		{06CC0EE2-AE66-4D78-B68F-891D40E95273}.Release|x64.ActiveCfg = Release|x64
		{06CC0EE2-AE66-4D78-B68F-891D40E95273}.Release|x64.Build.0 = Release|x64
		{06CC0EE2-AE66-4D78-B68F-891D40E95273}.Release|x86.ActiveCfg = Release|Win32
		{06CC0EE2-AE66-4D78-B68F-891D40E95273}.Release|x86.Build.0 = Release|Win32
		{1B787B36-23A4-458D-AE9B-833D87C9D71D}.Debug|x64.ActiveCfg = Debug|x64
		{1B787B36-23A4-458D-AE9B-833D87C9D71D}.Debug|x64.Build.0 = Debug|x64
		{1B787B36-23A4-458D-AE9B-833D87C9D71D}.Debug|x86.ActiveCfg = Debug|Win32
		{1B787B36-23A4-458D-AE9B-833D87C9D71D}.Debug|x86.Build.0 = Debug|Win32
		{1B787B36-23A4-458D-AE9B-833D87C9D71D}.Release|x64.ActiveCfg = Release|x64
		{1B787B36-23A4-458D-AE9B-833D87C9D71D}.Release|x64.Build.0 = Release|x64
		{1B787B36-23A4-458D-AE9B-833D87C9D71D}.Release|x86.ActiveCfg = Release|Win32
		{1B787B36-23A4-458D-AE9B-833D87C9D71D}.Release|x86.Build.0 = Release|Win32
		{D57E1922-CCF7-49AB-A89A-791D8FAF41CA}.Debug|x64.ActiveCfg = Debug|x64
		{D57E1922-CCF7-49AB-A89A-791D8FAF41CA}.Debug|x64.Build.0 = Debug|x64
		{D57E1922-CCF7-49AB-A89A-791D8FAF41CA}.Debug|x86.ActiveCfg = Debug|Win32
		{D57E1922-CCF7-49AB-A89A-791D8FAF41CA}.Debug|x86.Build.0 = Debug|Win32
		{D57E1922-CCF7-49AB-A89A-791D8FAF41CA}.Release|x64.ActiveCfg = Release|x64
		{D57E1922-CCF7-49AB-A89A-791D8FAF41CA}.Release|x64.Build.0 = Release|x64
		{D57E1922-CCF7-49AB-A89A-791D8FAF41CA}.Release|x86.ActiveCfg = Release|Win32
		{D57E1922-CCF7-49AB-A89A-791D8FAF41CA}.Release|x86.Build.0 = Release|Win32
		{7BE6A5A6-692D-4233-9DAC-E575001BB63C}.Debug|x64.ActiveCfg = Debug|x64
		{7BE6A5A6-692D-4233-9DAC-E575001BB63C}.Debug|x64.Build.0 = Debug|x64
		{7BE6A5A6-692D-4233-9DAC-E575001BB63C}.Debug|x86.ActiveCfg = Debug|Win32
		{7BE6A5A6-692D-4233-9DAC-E575001BB63C}.Debug|x86.Build.0 = Debug|Win32
		{7BE6A5A6-692D-4233-9DAC-E575001BB63C}.Release|x64.ActiveCfg = Release|x64
		{7BE6A5A6-692D-4233-9DAC-E575001BB63C}.Release|x64.Build.0 = Release|x64
		{7BE6A5A6-692D-4233-9DAC-E575001BB63C}.Release|x86.ActiveCfg = Release|Win32
		{7BE6A5A6-692D-4233-9DAC-E575001BB63C}.Release|x86.Build.0 = Release|Win32
		{73836C80-5EEE-4BB2-A011-428AA6085B65}.Debug|x64.ActiveCfg = Debug|x64
		{73836C80-5EEE-4BB2-A011-428AA6085B65}.Debug|x64.Build.0 = Debug|x64
		{73836C80-5EEE-4BB2-A011-428AA6085B65}.Debug|x86.ActiveCfg = Debug|Win32
		{73836C80-5EEE-4BB2-A011-428AA6085B65}.Debug|x86.Build.0 = Debug|Win32
		{73836C80-5EEE-4BB2-A011-428AA6085B65}.Release|x64.ActiveCfg = Release|x64
		{73836C80-5EEE-4BB2-A011-428AA6085B65}.Release|x64.Build.0 = Release|x64
		{73836C80-5EEE-4BB2-A011-428AA6085B65}.Release|x86.ActiveCfg = Release|Win32
		{73836C80-5EEE-4BB2-A011-428AA6085B65}.Release|x86.Build.0 = Release|Win32
		{13705384-702C-4917-8486-A52637FA4425}.Debug|x64.ActiveCfg = Debug|x64
		{13705384-702C-4917-8486-A52637FA4425}.Debug|x64.Build.0 = Debug|x64
		{13705384-702C-4917-8486-A52637FA4425}.Debug|x86.ActiveCfg = Debug|Win32
		{13705384-702C-4917-8486-A52637FA4425}.Debug|x86.Build.0 = Debug|Win32
		{13705384-702C-4917-8486-A52637FA4425}.Release|x64.ActiveCfg = Release|x64
		{13705384-702C-4917-8486-A52637FA4425}.Release|x64.Build.0 = Release|x64
		{13705384-702C-4917-8486-A52637FA4425}.Release|x86.ActiveCfg = Release|Win32
		{13705384-702C-4917-8486-A52637FA4425}.Release|x86.Build.0 = Release|Win32
		{B4238240-D974-4223-A503-1B915B83F8F7}.Debug|x64.ActiveCfg = Debug|x64
		{B4238240-D974-4223-A503-1B915B83F8F7}.Debug|x64.Build.0 = Debug|x64
		{B4238240-D974-4223-A503-1B915B83F8F7}.Debug|x86.ActiveCfg = Debug|Win32
		{B4238240-D974-4223-A503-1B915B83F8F7}.Debug|x86.Build.0 = Debug|Win32
		{B4238240-D974-4223-A503-1B915B83F8F7}.Release|x64.ActiveCfg = Release|x64
		{B4238240-D974-4223-A503-1B915B83F8F7}.Release|x64.Build.0 = Release|x64
		{B4238240-D974-4223-A503-1B915B83F8F7}.Release|x86.ActiveCfg = Release|Win32
		{B4238240-D974-4223-A503-1B915B83F8F7}.Release|x86.Build.0 = Release|Win32
		{05F3ADCE-6443-4D1F-BF38-A1F00A99BB0B}.Debug|x64.ActiveCfg = Debug|x64
		{05F3ADCE-6443-4D1F-BF38-A1F00A99BB0B}.Debug|x64.Build.0 = Debug|x64
		{05F3ADCE-6443-4D1F-BF38-A1F00A99BB0B}.Debug|x86.ActiveCfg = Debug|Win32
		{05F3ADCE-6443-4D1F-BF38-A1F00A99BB0B}.Debug|x86.Build.0 = Debug|Win32
		{05F3ADCE-6443-4D1F-BF38-A1F00A99BB0B}.Release|x64.ActiveCfg = Release|x64
		{05F3ADCE-6443-4D1F-BF38-A1F00A99BB0B}.Release|x64.Build.0 = Release|x64
		{05F3ADCE-6443-4D1F-BF38-A1F00A99BB0B}.Release|x86.ActiveCfg = Release|Win32
		{05F3ADCE-6443-4D1F-BF38-A1F00A99BB0B}.Release|x86.Build.0 = Release|Win32
		{3F6D39FA-0CB6-4E00-9C18-3819487062CB}.Debug|x64.ActiveCfg = Debug|x64
		{3F6D39FA-0CB6-4E00-9C18-3819487062CB}.Debug|x64.Build.0 = Debug|x64
		{3F6D39FA-0CB6-4E00-9C18-3819487062CB}.Debug|x86.ActiveCfg = Debug|Win32
		{3F6D39FA-0CB6-4E00-9C18-3819487062CB}.Debug|x86.Build.0 = Debug|Win32
		{3F6D39FA-0CB6-4E00-9C18-3819487062CB}.Release|x64.ActiveCfg = Release|x64
		{3F6D39FA-0CB6-4E00-9C18-3819487062CB}.Release|x64.Build.0 = Release|x64
		{3F6D39FA-0CB6-4E00-9C18-3819487062CB}.Release|x86.ActiveCfg = Release|Win32
		{3F6D39FA-0CB6-4E00-9C18-3819487062CB}.Release|x86.Build.0 = Release|Win32
		{A035AC68-55E5-45E2-9F71-7DEA40349982}.Debug|x64.ActiveCfg = Debug|x64
		{A035AC68-55E5-45E2-9F71-7DEA40349982}.Debug|x64.Build.0 = Debug|x64
		{A035AC68-55E5-45E2-9F71-7DEA40349982}.Debug|x86.ActiveCfg = Debug|Win32
		{A035AC68-55E5-45E2-9F71-7DEA40349982}.Debug|x86.Build.0 = Debug|Win32
		{A035AC68-55E5-45E2-9F71-7DEA40349982}.Release|x64.ActiveCfg = Release|x64
		{A035AC68-55E5-45E2-9F71-7DEA40349982}.Release|x64.Build.0 = Release|x64
		{A035AC68-55E5-45E2-9F71-7DEA40349982}.Release|x86.ActiveCfg = Release|Win32
		{A035AC68-55E5-45E2-9F71-7DEA40349982}.Release|x86.Build.0 = Release|Win32
		{A03735E6-0C69-4B72-B8C7-0B4078A14CE9}.Debug|x64.ActiveCfg = Debug|x64
		{A03735E6-0C69-4B72-B8C7-0B4078A14CE9}.Debug|x64.Build.0 = Debug|x64
		{A03735E6-0C69-4B72-B8C7-0B4078A14CE9}.Debug|x86.ActiveCfg = Debug|Win32
		{A03735E6-0C69-4B72-B8C7-0B4078A14CE9}.Debug|x86.Build.0 = Debug|Win32
		{A03735E6-0C69-4B72-B8C7-0B4078A14CE9}.Release|x64.ActiveCfg = Release|x64
		{A03735E6-0C69-4B72-B8C7-0B4078A14CE9}.Release|x64.Build.0 = Release|x64
		{A03735E6-0C69-4B72-B8C7-0B4078A14CE9}.Release|x86.ActiveCfg = Release|Win32
		{A03735E6-0C69-4B72-B8C7-0B4078A14CE9}.Release|x86.Build.0 = Release|Win32
		{2098B6DF-9F51-45B1-8B9C-F60F3BFEEA92}.Debug|x64.ActiveCfg = Debug|x64
		{2098B6DF-9F51-45B1-8B9C-F60F3BFEEA92}.Debug|x64.Build.0 = Debug|x64
		{2098B6DF-9F51-45B1-8B9C-F60F3BFEEA92}.Debug|x86.ActiveCfg = Debug|Win32
		{2098B6DF-9F51-45B1-8B9C-F60F3BFEEA92}.Debug|x86.Build.0 = Debug|Win32
		{2098B6DF-9F51-45B1-8B9C-F60F3BFEEA92}.Release|x64.ActiveCfg = Release|x64
		{2098B6DF-9F51-45B1-8B9C-F60F3BFEEA92}.Release|x64.Build.0 = Release|x64
		{2098B6DF-9F51-45B1-8B9C-F60F3BFEEA92}.Release|x86.ActiveCfg = Release|Win32
		{2098B6DF-9F51-45B1-8B9C-F60F3BFEEA92}.Release|x86.Build.0 = Release|Win32
		{7ABAA4D3-814E-459B-B8E7-F3677C5A0BC5}.Debug|x64.ActiveCfg = Debug|x64
		{7ABAA4D3-814E-459B-B8E7-F3677C5A0BC5}.Debug|x64.Build.0 = Debug|x64
		{7ABAA4D3-814E-459B-B8E7-F3677C5A0BC5}.Debug|x86.ActiveCfg = Debug|Win32
		{7ABAA4D3-814E-459B-B8E7-F3677C5A0BC5}.Debug|x86.Build.0 = Debug|Win32
		{7ABAA4D3-814E-459B-B8E7-F3677C5A0BC5}.Release|x64.ActiveCfg = Release|x64
		{7ABAA4D3-814E-459B-B8E7-F3677C5A0BC5}.Release|x64.Build.0 = Release|x64
		{7ABAA4D3-814E-459B-B8E7-F3677C5A0BC5}.Release|x86.ActiveCfg = Release|Win32
		{7ABAA4D3-814E-459B-B8E7-F3677C5A0BC5}.Release|x86.Build.0 = Release|Win32
		{7F93C7F3-5DF0-4B72-B9DF-2B629FE42F53}.Debug|x64.ActiveCfg = Debug|x64
		{7F93C7F3-5DF0-4B72-B9DF-2B629FE42F53}.Debug|x64.Build.0 = Debug|x64
		{7F93C7F3-5DF0-4B72-B9DF-2B629FE42F53}.Debug|x86.ActiveCfg = Debug|Win32
		{7F93C7F3-5DF0-4B72-B9DF-2B629FE42F53}.Debug|x86.Build.0 = Debug|Win32
		{7F93C7F3-5DF0-4B72-B9DF-2B629FE42F53}.Release|x64.ActiveCfg = Release|x64
		{7F93C7F3-5DF0-4B72-B9DF-2B629FE42F53}.Release|x64.Build.0 = Release|x64
		{7F93C7F3-5DF0-4B72-B9DF-2B629FE42F53}.Release|x86.ActiveCfg = Release|Win32
		{7F93C7F3-5DF0-4B72-B9DF-2B629FE42F53}.Release|x86.Build.0 = Release|Win32
		{DAC6CA17-75FD-49FA-8CFC-CA29061F1B9B}.Debug|x64.ActiveCfg = Debug|x64
		{DAC6CA17-75FD-49FA-8CFC-CA29061F1B9B}.Debug|x64.Build.0 = Debug|x64
		{DAC6CA17-75FD-49FA-8CFC-CA29061F1B9B}.Debug|x86.ActiveCfg = Debug|Win32
		{DAC6CA17-75FD-49FA-8CFC-CA29061F1B9B}.Debug|x86.Build.0 = Debug|Win32
		{DAC6CA17-75FD-49FA-8CFC-CA29061F1B9B}.Release|x64.ActiveCfg = Release|x64
		{DAC6CA17-75FD-49FA-8CFC-CA29061F1B9B}.Release|x64.Build.0 = Release|x64
		{DAC6CA17-75FD-49FA-8CFC-CA29061F1B9B}.Release|x86.ActiveCfg = Release|Win32
		{DAC6CA17-75FD-49FA-8CFC-CA29061F1B9B}.Release|x86.Build.0 = Release|Win32
		{C29A5D42-1E86-475E-B6EA-0D80965F7C1E}.Debug|x64.ActiveCfg = Debug|x64
		{C29A5D42-1E86-475E-B6EA-0D80965F7C1E}.Debug|x64.Build.0 = Debug|x64
		{C29A5D42-1E86-475E-B6EA-0D80965F7C1E}.Debug|x86.ActiveCfg = Debug|Win32
		{C29A5D42-1E86-475E-B6EA-0D80965F7C1E}.Debug|x86.Build.0 = Debug|Win32
		{C29A5D42-1E86-475E-B6EA-0D80965F7C1E}.Release|x64.ActiveCfg = Release|x64
		{C29A5D42-1E86-475E-B6EA-0D80965F7C1E}.Release|x64.Build.0 = Release|x64
		{C29A5D42-1E86-475E-B6EA-0D80965F7C1E}.Release|x86.ActiveCfg = Release|Win32
		{C29A5D42-1E86-475E-B6EA-0D80965F7C1E}.Release|x86.Build.0 = Release|Win32
		{0D7DE2A6-2793-42D0-BD6B-5245B00B97E1}.Debug|x64.ActiveCfg = Debug|x64
		{0D7DE2A6-2793-42D0-BD6B-5245B00B97E1}.Debug|x64.Build.0 = Debug|x64
		{0D7DE2A6-2793-42D0-BD6B-5245B00B97E1}.Debug|x86.ActiveCfg = Debug|Win32
		{0D7DE2A6-2793-42D0-BD6B-5245B00B97E1}.Debug|x86.Build.0 = Debug|Win32
		{0D7DE2A6-2793-42D0-BD6B-5245B00B97E1}.Release|x64.ActiveCfg = Release|x64
		{0D7DE2A6-2793-42D0-BD6B-5245B00B97E1}.Release|x64.Build.0 = Release|x64
		{0D7DE2A6-2793-42D0-BD6B-5245B00B97E1}.Release|x86.ActiveCfg = Release|Win32
		{0D7DE2A6-2793-42D0-BD6B-5245B00B97E1}.Release|x86.Build.0 = Release|Win32
		{57BED7BF-C7A8-43AE-AEEB-7309CEA7D9C0}.Debug|x64.ActiveCfg = Debug|x64
		{57BED7BF-C7A8-43AE-AEEB-7309CEA7D9C0}.Debug|x64.Build.0 = Debug|x64
		{57BED7BF-C7A8-43AE-AEEB-7309CEA7D9C0}.Debug|x86.ActiveCfg = Debug|Win32
		{57BED7BF-C7A8-43AE-AEEB-7309CEA7D9C0}.Debug|x86.Build.0 = Debug|Win32
		{57BED7BF-C7A8-43AE-AEEB-7309CEA7D9C0}.Release|x64.ActiveCfg = Release|x64
		{57BED7BF-C7A8-43AE-AEEB-7309CEA7D9C0}.Release|x64.Build.0 = Release|x64
		{57BED7BF-C7A8-43AE-AEEB-7309CEA7D9C0}.Release|x86.ActiveCfg = Release|Win32
		{57BED7BF-C7A8-43AE-AEEB-7309CEA7D9C0}.Release|x86.Build.0 = Release|Win32
		{E57B458C-E451-40A4-BF97-8E852B694EED}.Debug|x64.ActiveCfg = Debug|x64
		{E57B458C-E451-40A4-BF97-8E852B694EED}.Debug|x64.Build.0 = Debug|x64
		{E57B458C-E451-40A4-BF97-8E852B694EED}.Debug|x86.ActiveCfg = Debug|Win32
		{E57B458C-E451-40A4-BF97-8E852B694EED}.Debug|x86.Build.0 = Debug|Win32
		{E57B458C-E451-40A4-BF97-8E852B694EED}.Release|x64.ActiveCfg = Release|x64
		{E57B458C-E451-40A4-BF97-8E852B694EED}.Release|x64.Build.0 = Release|x64
		{E57B458C-E451-40A4-BF97-8E852B694EED}.Release|x86.ActiveCfg = Release|Win32
		{E57B458C-E451-40A4-BF97-8E852B694EED}.Release|x86.Build.0 = Release|Win32
		{CBCB8C7F-90DC-4984-BD4A-9408E6A73B60}.Debug|x64.ActiveCfg = Debug|x64
		{CBCB8C7F-90DC-4984-BD4A-9408E6A73B60}.Debug|x64.Build.0 = Debug|x64
		{CBCB8C7F-90DC-4984-BD4A-9408E6A73B60}.Debug|x86.ActiveCfg = Debug|Win32
		{CBCB8C7F-90DC-4984-BD4A-9408E6A73B60}.Debug|x86.Build.0 = Debug|Win32
		{CBCB8C7F-90DC-4984-BD4A-9408E6A73B60}.Release|x64.ActiveCfg = Release|x64
		{CBCB8C7F-90DC-4984-BD4A-9408E6A73B60}.Release|x64.Build.0 = Release|x64
		{CBCB8C7F-90DC-4984-BD4A-9408E6A73B60}.Release|x86.ActiveCfg = Release|Win32
		{CBCB8C7F-90DC-4984-BD4A-9408E6A73B60}.Release|x86.Build.0 = Release|Win32
		{073FD40F-CBA8-4A05-8102-36C236594EF8}.Debug|x64.ActiveCfg = Debug|x64
		{073FD40F-CBA8-4A05-8102-36C236594EF8}.Debug|x64.Build.0 = Debug|x64
		{073FD40F-CBA8-4A05-8102-36C236594EF8}.Debug|x86.ActiveCfg = Debug|Win32
		{073FD40F-CBA8-4A05-8102-36C236594EF8}.Debug|x86.Build.0 = Debug|Win32
		{073FD40F-CBA8-4A05-8102-36C236594EF8}.Release|x64.ActiveCfg = Release|x64
		{073FD40F-CBA8-4A05-8102-36C236594EF8}.Release|x64.Build.0 = Release|x64
		{073FD40F-CBA8-4A05-8102-36C236594EF8}.Release|x86.ActiveCfg = Release|Win32
		{073FD40F-CBA8-4A05-8102-36C236594EF8}.Release|x86.Build.0 = Release|Win32
		{67058875-5CE9-4004-B87B-0CD38E7BA9E0}.Debug|x64.ActiveCfg = Debug|x64
		{67058875-5CE9-4004-B87B-0CD38E7BA9E0}.Debug|x64.Build.0 = Debug|x64
		{67058875-5CE9-4004-B87B-0CD38E7BA9E0}.Debug|x86.ActiveCfg = Debug|Win32
		{67058875-5CE9-4004-B87B-0CD38E7BA9E0}.Debug|x86.Build.0 = Debug|Win32
		{67058875-5CE9-4004-B87B-0CD38E7BA9E0}.Release|x64.ActiveCfg = Release|x64
		{67058875-5CE9-4004-B87B-0CD38E7BA9E0}.Release|x64.Build.0 = Release|x64
		{67058875-5CE9-4004-B87B-0CD38E7BA9E0}.Release|x86.ActiveCfg = Release|Win32
		{67058875-5CE9-4004-B87B-0CD38E7BA9E0}.Release|x86.Build.0 = Release|Win32
	EndGlobalSection
	GlobalSection(SolutionProperties) = preSolution
		HideSolutionNode = FALSE
	EndGlobalSection
	GlobalSection(ExtensibilityGlobals) = postSolution
		SolutionGuid = {9420C337-BB9D-406B-9468-C93127708912}
	EndGlobalSection
EndGlobal
