
Microsoft Visual Studio Solution File, Format Version 12.00
# Visual Studio Version 17
VisualStudioVersion = 17.9.34714.143
MinimumVisualStudioVersion = 10.0.40219.1
Project("{8BC9CEB8-8B4A-11D0-8D11-00A0C91BC942}") = "02. Arithmetic1", "02. Arithmetic1\02. Arithmetic1.vcxproj", "{CE18B2A4-877C-4E83-B814-0BEC1A58AC6E}"
EndProject
Project("{8BC9CEB8-8B4A-11D0-8D11-00A0C91BC942}") = "03. modulo", "03. modulo\03. modulo.vcxproj", "{34F46874-276F-49AF-8E1A-6C71EEEA6CD0}"
EndProject
Project("{8BC9CEB8-8B4A-11D0-8D11-00A0C91BC942}") = "04. incdec", "04. incdec\04. incdec.vcxproj", "{4BEA7312-7CCC-426F-8F39-29CD4FDE64BD}"
EndProject
Project("{8BC9CEB8-8B4A-11D0-8D11-00A0C91BC942}") = "05. Charge_Cal", "05. Charge_Cal\05. Charge_Cal.vcxproj", "{3C83B113-CE24-4E21-B19F-DFDF0BA5AD1F}"
EndProject
Project("{8BC9CEB8-8B4A-11D0-8D11-00A0C91BC942}") = "06. Assignment", "06. Assignment\06. Assignment.vcxproj", "{806B6475-DB2A-4B59-B19E-61F97156585C}"
EndProject
Project("{8BC9CEB8-8B4A-11D0-8D11-00A0C91BC942}") = "07. Adder", "07. Adder\07. Adder.vcxproj", "{449D04D8-CF10-44D8-82FE-C92EE525DEF4}"
EndProject
Project("{8BC9CEB8-8B4A-11D0-8D11-00A0C91BC942}") = "08. relational", "08. relational\08. relational.vcxproj", "{F69E5C96-73C3-40F1-8147-362ED59C83EC}"
EndProject
Project("{8BC9CEB8-8B4A-11D0-8D11-00A0C91BC942}") = "09. fcompare", "09. fcompare\09. fcompare.vcxproj", "{8A0398CE-E4F8-4960-B9B7-6F0EBA10A203}"
EndProject
Project("{8BC9CEB8-8B4A-11D0-8D11-00A0C91BC942}") = "10. Logic", "10. Relational\10. Relational.vcxproj", "{85E9FAF2-EAEC-42B5-8782-8DE6580F8851}"
EndProject
Project("{8BC9CEB8-8B4A-11D0-8D11-00A0C91BC942}") = "10.1. Leapyear", "10.1. leapyear\10.1. leapyear.vcxproj", "{A8592440-1929-4406-A35F-732585B26C60}"
EndProject
Project("{8BC9CEB8-8B4A-11D0-8D11-00A0C91BC942}") = "10.2. Logic2", "10.2 Logic2\10.2 Logic2.vcxproj", "{9BC87CD8-1311-4103-BD1A-C1CD5CB2DCD1}"
EndProject
Project("{8BC9CEB8-8B4A-11D0-8D11-00A0C91BC942}") = "01. Arithmetic", "01. Arithmetic\01. Arithmetic.vcxproj", "{5061DB1D-BEC2-4BEB-AB36-65CCE1F79FE7}"
EndProject
Project("{8BC9CEB8-8B4A-11D0-8D11-00A0C91BC942}") = "11. Condition", "11. Condition\11. Condition.vcxproj", "{6FE30EA0-96FE-4963-BD50-4F5F07F1BB46}"
EndProject
Project("{8BC9CEB8-8B4A-11D0-8D11-00A0C91BC942}") = "12. Comma_Operator", "12. Comma_Operator\12. Comma_Operator.vcxproj", "{55AB65B3-AB90-4182-80AE-94A7D2EC6593}"
EndProject
Project("{8BC9CEB8-8B4A-11D0-8D11-00A0C91BC942}") = "13. Bit_Operator1", "13. Bit_Operator\13. Bit_Operator.vcxproj", "{DB12E77E-6C08-43EC-A114-2C13A3114204}"
EndProject
Project("{8BC9CEB8-8B4A-11D0-8D11-00A0C91BC942}") = "13.1. Bit_Operator2", "13.1. Bit_Operator\13.1. Bit_Operator.vcxproj", "{796BC6CB-90FE-4AE6-8D53-11E886F46A38}"
EndProject
Project("{8BC9CEB8-8B4A-11D0-8D11-00A0C91BC942}") = "13.2. Decimal_to_Binary", "13.2. Decimal_to_Binary\13.2. Decimal_to_Binary.vcxproj", "{2A8095A9-6B79-4844-BD0F-427567526915}"
EndProject
Project("{8BC9CEB8-8B4A-11D0-8D11-00A0C91BC942}") = "13.3. XOR_Enc", "13.3. XOR_Enc\13.3. XOR_Enc.vcxproj", "{9B7A3EEB-2F65-47E6-9112-6085B5A09D62}"
EndProject
Project("{8BC9CEB8-8B4A-11D0-8D11-00A0C91BC942}") = "14. Convert1", "14. Convert1\14. Convert1.vcxproj", "{2767232D-97D0-4545-80BD-FD4185A1589B}"
EndProject
Project("{8BC9CEB8-8B4A-11D0-8D11-00A0C91BC942}") = "14.1. Convert2", "15. Convert2\15. Convert2.vcxproj", "{56D08A91-FAB2-4547-A086-9D66BFA077F5}"
EndProject
Project("{8BC9CEB8-8B4A-11D0-8D11-00A0C91BC942}") = "15. Prec", "15. Prec\15. Prec.vcxproj", "{185F3562-E1CF-4137-9BE5-DA6485C6ACAF}"
EndProject
Project("{8BC9CEB8-8B4A-11D0-8D11-00A0C91BC942}") = "16. Fahrenheit_to_Celsius", "15. Fahrenheit_to_Celsius\15. Fahrenheit_to_Celsius.vcxproj", "{2604922E-C933-444B-B972-F8052565AE46}"
EndProject
Project("{8BC9CEB8-8B4A-11D0-8D11-00A0C91BC942}") = "Ex01. Print_Odds", "Ex1. Print_Odds\Ex1. Print_Odds.vcxproj", "{B391BA00-85FD-41C8-9957-57CCCDA3903E}"
EndProject
Project("{8BC9CEB8-8B4A-11D0-8D11-00A0C91BC942}") = "Ex02. Double_Cal", "Ex2. Double_Cal\Ex2. Double_Cal.vcxproj", "{4F5026DA-8B8D-498E-807B-9DE355A351E9}"
EndProject
Project("{8BC9CEB8-8B4A-11D0-8D11-00A0C91BC942}") = "Ex03. Max_Value", "Ex3. Max_Value\Ex3. Max_Value.vcxproj", "{AE48590A-B54E-44B5-963A-7914A291AABB}"
EndProject
Project("{8BC9CEB8-8B4A-11D0-8D11-00A0C91BC942}") = "Ex04. Metric_to_ImperialUnit", "Ex4. Metric_to_ImperialUnit\Ex4. Metric_to_ImperialUnit.vcxproj", "{F69EDBBB-9722-4088-A466-97CFCCB7E3B6}"
EndProject
Project("{8BC9CEB8-8B4A-11D0-8D11-00A0C91BC942}") = "Ex05. Div_Cal", "Ex5. Div_Cal\Ex5. Div_Cal.vcxproj", "{5CE18C0E-4503-480B-9CE6-539509464877}"
EndProject
Project("{8BC9CEB8-8B4A-11D0-8D11-00A0C91BC942}") = "Ex06. FABS", "Ex6. FABS\Ex6. FABS.vcxproj", "{6C1CB495-7DEE-427E-A831-226362B81B54}"
EndProject
Project("{8BC9CEB8-8B4A-11D0-8D11-00A0C91BC942}") = "Ex07. Bit_Mover", "Ex7. Bit_Mover\Ex7. Bit_Mover.vcxproj", "{D2EEDBBA-8CC4-4F6A-9CE3-6CAE69216071}"
EndProject
Project("{8BC9CEB8-8B4A-11D0-8D11-00A0C91BC942}") = "Ex08. Circle_Area", "Ex8. Circle_Area'\Ex8. Circle_Area'.vcxproj", "{94956225-4FB4-4AE4-8088-9A71F50E1912}"
EndProject
Project("{8BC9CEB8-8B4A-11D0-8D11-00A0C91BC942}") = "Ex09. Thaies", "Ex9. Thaies\Ex9. Thaies.vcxproj", "{B62449F3-33EB-426C-95D7-8AE7B601F6B9}"
EndProject
Project("{8BC9CEB8-8B4A-11D0-8D11-00A0C91BC942}") = "Ex10. Quadrant", "Ex10. Quadrant\Ex10. Quadrant.vcxproj", "{9B2E108B-1909-43D0-BB7E-16FBCFF1E2F0}"
EndProject
Project("{8BC9CEB8-8B4A-11D0-8D11-00A0C91BC942}") = "Ex11. Earth", "Ex11. Earth\Ex11. Earth.vcxproj", "{74BB1A6C-C17F-406F-AB9E-8CC2E7051733}"
EndProject
Global
	GlobalSection(SolutionConfigurationPlatforms) = preSolution
		Debug|x64 = Debug|x64
		Debug|x86 = Debug|x86
		Release|x64 = Release|x64
		Release|x86 = Release|x86
	EndGlobalSection
	GlobalSection(ProjectConfigurationPlatforms) = postSolution
		{CE18B2A4-877C-4E83-B814-0BEC1A58AC6E}.Debug|x64.ActiveCfg = Debug|x64
		{CE18B2A4-877C-4E83-B814-0BEC1A58AC6E}.Debug|x64.Build.0 = Debug|x64
		{CE18B2A4-877C-4E83-B814-0BEC1A58AC6E}.Debug|x86.ActiveCfg = Debug|Win32
		{CE18B2A4-877C-4E83-B814-0BEC1A58AC6E}.Debug|x86.Build.0 = Debug|Win32
		{CE18B2A4-877C-4E83-B814-0BEC1A58AC6E}.Release|x64.ActiveCfg = Release|x64
		{CE18B2A4-877C-4E83-B814-0BEC1A58AC6E}.Release|x64.Build.0 = Release|x64
		{CE18B2A4-877C-4E83-B814-0BEC1A58AC6E}.Release|x86.ActiveCfg = Release|Win32
		{CE18B2A4-877C-4E83-B814-0BEC1A58AC6E}.Release|x86.Build.0 = Release|Win32
		{34F46874-276F-49AF-8E1A-6C71EEEA6CD0}.Debug|x64.ActiveCfg = Debug|x64
		{34F46874-276F-49AF-8E1A-6C71EEEA6CD0}.Debug|x64.Build.0 = Debug|x64
		{34F46874-276F-49AF-8E1A-6C71EEEA6CD0}.Debug|x86.ActiveCfg = Debug|Win32
		{34F46874-276F-49AF-8E1A-6C71EEEA6CD0}.Debug|x86.Build.0 = Debug|Win32
		{34F46874-276F-49AF-8E1A-6C71EEEA6CD0}.Release|x64.ActiveCfg = Release|x64
		{34F46874-276F-49AF-8E1A-6C71EEEA6CD0}.Release|x64.Build.0 = Release|x64
		{34F46874-276F-49AF-8E1A-6C71EEEA6CD0}.Release|x86.ActiveCfg = Release|Win32
		{34F46874-276F-49AF-8E1A-6C71EEEA6CD0}.Release|x86.Build.0 = Release|Win32
		{4BEA7312-7CCC-426F-8F39-29CD4FDE64BD}.Debug|x64.ActiveCfg = Debug|x64
		{4BEA7312-7CCC-426F-8F39-29CD4FDE64BD}.Debug|x64.Build.0 = Debug|x64
		{4BEA7312-7CCC-426F-8F39-29CD4FDE64BD}.Debug|x86.ActiveCfg = Debug|Win32
		{4BEA7312-7CCC-426F-8F39-29CD4FDE64BD}.Debug|x86.Build.0 = Debug|Win32
		{4BEA7312-7CCC-426F-8F39-29CD4FDE64BD}.Release|x64.ActiveCfg = Release|x64
		{4BEA7312-7CCC-426F-8F39-29CD4FDE64BD}.Release|x64.Build.0 = Release|x64
		{4BEA7312-7CCC-426F-8F39-29CD4FDE64BD}.Release|x86.ActiveCfg = Release|Win32
		{4BEA7312-7CCC-426F-8F39-29CD4FDE64BD}.Release|x86.Build.0 = Release|Win32
		{3C83B113-CE24-4E21-B19F-DFDF0BA5AD1F}.Debug|x64.ActiveCfg = Debug|x64
		{3C83B113-CE24-4E21-B19F-DFDF0BA5AD1F}.Debug|x64.Build.0 = Debug|x64
		{3C83B113-CE24-4E21-B19F-DFDF0BA5AD1F}.Debug|x86.ActiveCfg = Debug|Win32
		{3C83B113-CE24-4E21-B19F-DFDF0BA5AD1F}.Debug|x86.Build.0 = Debug|Win32
		{3C83B113-CE24-4E21-B19F-DFDF0BA5AD1F}.Release|x64.ActiveCfg = Release|x64
		{3C83B113-CE24-4E21-B19F-DFDF0BA5AD1F}.Release|x64.Build.0 = Release|x64
		{3C83B113-CE24-4E21-B19F-DFDF0BA5AD1F}.Release|x86.ActiveCfg = Release|Win32
		{3C83B113-CE24-4E21-B19F-DFDF0BA5AD1F}.Release|x86.Build.0 = Release|Win32
		{806B6475-DB2A-4B59-B19E-61F97156585C}.Debug|x64.ActiveCfg = Debug|x64
		{806B6475-DB2A-4B59-B19E-61F97156585C}.Debug|x64.Build.0 = Debug|x64
		{806B6475-DB2A-4B59-B19E-61F97156585C}.Debug|x86.ActiveCfg = Debug|Win32
		{806B6475-DB2A-4B59-B19E-61F97156585C}.Debug|x86.Build.0 = Debug|Win32
		{806B6475-DB2A-4B59-B19E-61F97156585C}.Release|x64.ActiveCfg = Release|x64
		{806B6475-DB2A-4B59-B19E-61F97156585C}.Release|x64.Build.0 = Release|x64
		{806B6475-DB2A-4B59-B19E-61F97156585C}.Release|x86.ActiveCfg = Release|Win32
		{806B6475-DB2A-4B59-B19E-61F97156585C}.Release|x86.Build.0 = Release|Win32
		{449D04D8-CF10-44D8-82FE-C92EE525DEF4}.Debug|x64.ActiveCfg = Debug|x64
		{449D04D8-CF10-44D8-82FE-C92EE525DEF4}.Debug|x64.Build.0 = Debug|x64
		{449D04D8-CF10-44D8-82FE-C92EE525DEF4}.Debug|x86.ActiveCfg = Debug|Win32
		{449D04D8-CF10-44D8-82FE-C92EE525DEF4}.Debug|x86.Build.0 = Debug|Win32
		{449D04D8-CF10-44D8-82FE-C92EE525DEF4}.Release|x64.ActiveCfg = Release|x64
		{449D04D8-CF10-44D8-82FE-C92EE525DEF4}.Release|x64.Build.0 = Release|x64
		{449D04D8-CF10-44D8-82FE-C92EE525DEF4}.Release|x86.ActiveCfg = Release|Win32
		{449D04D8-CF10-44D8-82FE-C92EE525DEF4}.Release|x86.Build.0 = Release|Win32
		{F69E5C96-73C3-40F1-8147-362ED59C83EC}.Debug|x64.ActiveCfg = Debug|x64
		{F69E5C96-73C3-40F1-8147-362ED59C83EC}.Debug|x64.Build.0 = Debug|x64
		{F69E5C96-73C3-40F1-8147-362ED59C83EC}.Debug|x86.ActiveCfg = Debug|Win32
		{F69E5C96-73C3-40F1-8147-362ED59C83EC}.Debug|x86.Build.0 = Debug|Win32
		{F69E5C96-73C3-40F1-8147-362ED59C83EC}.Release|x64.ActiveCfg = Release|x64
		{F69E5C96-73C3-40F1-8147-362ED59C83EC}.Release|x64.Build.0 = Release|x64
		{F69E5C96-73C3-40F1-8147-362ED59C83EC}.Release|x86.ActiveCfg = Release|Win32
		{F69E5C96-73C3-40F1-8147-362ED59C83EC}.Release|x86.Build.0 = Release|Win32
		{8A0398CE-E4F8-4960-B9B7-6F0EBA10A203}.Debug|x64.ActiveCfg = Debug|x64
		{8A0398CE-E4F8-4960-B9B7-6F0EBA10A203}.Debug|x64.Build.0 = Debug|x64
		{8A0398CE-E4F8-4960-B9B7-6F0EBA10A203}.Debug|x86.ActiveCfg = Debug|Win32
		{8A0398CE-E4F8-4960-B9B7-6F0EBA10A203}.Debug|x86.Build.0 = Debug|Win32
		{8A0398CE-E4F8-4960-B9B7-6F0EBA10A203}.Release|x64.ActiveCfg = Release|x64
		{8A0398CE-E4F8-4960-B9B7-6F0EBA10A203}.Release|x64.Build.0 = Release|x64
		{8A0398CE-E4F8-4960-B9B7-6F0EBA10A203}.Release|x86.ActiveCfg = Release|Win32
		{8A0398CE-E4F8-4960-B9B7-6F0EBA10A203}.Release|x86.Build.0 = Release|Win32
		{85E9FAF2-EAEC-42B5-8782-8DE6580F8851}.Debug|x64.ActiveCfg = Debug|x64
		{85E9FAF2-EAEC-42B5-8782-8DE6580F8851}.Debug|x64.Build.0 = Debug|x64
		{85E9FAF2-EAEC-42B5-8782-8DE6580F8851}.Debug|x86.ActiveCfg = Debug|Win32
		{85E9FAF2-EAEC-42B5-8782-8DE6580F8851}.Debug|x86.Build.0 = Debug|Win32
		{85E9FAF2-EAEC-42B5-8782-8DE6580F8851}.Release|x64.ActiveCfg = Release|x64
		{85E9FAF2-EAEC-42B5-8782-8DE6580F8851}.Release|x64.Build.0 = Release|x64
		{85E9FAF2-EAEC-42B5-8782-8DE6580F8851}.Release|x86.ActiveCfg = Release|Win32
		{85E9FAF2-EAEC-42B5-8782-8DE6580F8851}.Release|x86.Build.0 = Release|Win32
		{A8592440-1929-4406-A35F-732585B26C60}.Debug|x64.ActiveCfg = Debug|x64
		{A8592440-1929-4406-A35F-732585B26C60}.Debug|x64.Build.0 = Debug|x64
		{A8592440-1929-4406-A35F-732585B26C60}.Debug|x86.ActiveCfg = Debug|Win32
		{A8592440-1929-4406-A35F-732585B26C60}.Debug|x86.Build.0 = Debug|Win32
		{A8592440-1929-4406-A35F-732585B26C60}.Release|x64.ActiveCfg = Release|x64
		{A8592440-1929-4406-A35F-732585B26C60}.Release|x64.Build.0 = Release|x64
		{A8592440-1929-4406-A35F-732585B26C60}.Release|x86.ActiveCfg = Release|Win32
		{A8592440-1929-4406-A35F-732585B26C60}.Release|x86.Build.0 = Release|Win32
		{9BC87CD8-1311-4103-BD1A-C1CD5CB2DCD1}.Debug|x64.ActiveCfg = Debug|x64
		{9BC87CD8-1311-4103-BD1A-C1CD5CB2DCD1}.Debug|x64.Build.0 = Debug|x64
		{9BC87CD8-1311-4103-BD1A-C1CD5CB2DCD1}.Debug|x86.ActiveCfg = Debug|Win32
		{9BC87CD8-1311-4103-BD1A-C1CD5CB2DCD1}.Debug|x86.Build.0 = Debug|Win32
		{9BC87CD8-1311-4103-BD1A-C1CD5CB2DCD1}.Release|x64.ActiveCfg = Release|x64
		{9BC87CD8-1311-4103-BD1A-C1CD5CB2DCD1}.Release|x64.Build.0 = Release|x64
		{9BC87CD8-1311-4103-BD1A-C1CD5CB2DCD1}.Release|x86.ActiveCfg = Release|Win32
		{9BC87CD8-1311-4103-BD1A-C1CD5CB2DCD1}.Release|x86.Build.0 = Release|Win32
		{5061DB1D-BEC2-4BEB-AB36-65CCE1F79FE7}.Debug|x64.ActiveCfg = Debug|x64
		{5061DB1D-BEC2-4BEB-AB36-65CCE1F79FE7}.Debug|x64.Build.0 = Debug|x64
		{5061DB1D-BEC2-4BEB-AB36-65CCE1F79FE7}.Debug|x86.ActiveCfg = Debug|Win32
		{5061DB1D-BEC2-4BEB-AB36-65CCE1F79FE7}.Debug|x86.Build.0 = Debug|Win32
		{5061DB1D-BEC2-4BEB-AB36-65CCE1F79FE7}.Release|x64.ActiveCfg = Release|x64
		{5061DB1D-BEC2-4BEB-AB36-65CCE1F79FE7}.Release|x64.Build.0 = Release|x64
		{5061DB1D-BEC2-4BEB-AB36-65CCE1F79FE7}.Release|x86.ActiveCfg = Release|Win32
		{5061DB1D-BEC2-4BEB-AB36-65CCE1F79FE7}.Release|x86.Build.0 = Release|Win32
		{6FE30EA0-96FE-4963-BD50-4F5F07F1BB46}.Debug|x64.ActiveCfg = Debug|x64
		{6FE30EA0-96FE-4963-BD50-4F5F07F1BB46}.Debug|x64.Build.0 = Debug|x64
		{6FE30EA0-96FE-4963-BD50-4F5F07F1BB46}.Debug|x86.ActiveCfg = Debug|Win32
		{6FE30EA0-96FE-4963-BD50-4F5F07F1BB46}.Debug|x86.Build.0 = Debug|Win32
		{6FE30EA0-96FE-4963-BD50-4F5F07F1BB46}.Release|x64.ActiveCfg = Release|x64
		{6FE30EA0-96FE-4963-BD50-4F5F07F1BB46}.Release|x64.Build.0 = Release|x64
		{6FE30EA0-96FE-4963-BD50-4F5F07F1BB46}.Release|x86.ActiveCfg = Release|Win32
		{6FE30EA0-96FE-4963-BD50-4F5F07F1BB46}.Release|x86.Build.0 = Release|Win32
		{55AB65B3-AB90-4182-80AE-94A7D2EC6593}.Debug|x64.ActiveCfg = Debug|x64
		{55AB65B3-AB90-4182-80AE-94A7D2EC6593}.Debug|x64.Build.0 = Debug|x64
		{55AB65B3-AB90-4182-80AE-94A7D2EC6593}.Debug|x86.ActiveCfg = Debug|Win32
		{55AB65B3-AB90-4182-80AE-94A7D2EC6593}.Debug|x86.Build.0 = Debug|Win32
		{55AB65B3-AB90-4182-80AE-94A7D2EC6593}.Release|x64.ActiveCfg = Release|x64
		{55AB65B3-AB90-4182-80AE-94A7D2EC6593}.Release|x64.Build.0 = Release|x64
		{55AB65B3-AB90-4182-80AE-94A7D2EC6593}.Release|x86.ActiveCfg = Release|Win32
		{55AB65B3-AB90-4182-80AE-94A7D2EC6593}.Release|x86.Build.0 = Release|Win32
		{DB12E77E-6C08-43EC-A114-2C13A3114204}.Debug|x64.ActiveCfg = Debug|x64
		{DB12E77E-6C08-43EC-A114-2C13A3114204}.Debug|x64.Build.0 = Debug|x64
		{DB12E77E-6C08-43EC-A114-2C13A3114204}.Debug|x86.ActiveCfg = Debug|Win32
		{DB12E77E-6C08-43EC-A114-2C13A3114204}.Debug|x86.Build.0 = Debug|Win32
		{DB12E77E-6C08-43EC-A114-2C13A3114204}.Release|x64.ActiveCfg = Release|x64
		{DB12E77E-6C08-43EC-A114-2C13A3114204}.Release|x64.Build.0 = Release|x64
		{DB12E77E-6C08-43EC-A114-2C13A3114204}.Release|x86.ActiveCfg = Release|Win32
		{DB12E77E-6C08-43EC-A114-2C13A3114204}.Release|x86.Build.0 = Release|Win32
		{796BC6CB-90FE-4AE6-8D53-11E886F46A38}.Debug|x64.ActiveCfg = Debug|x64
		{796BC6CB-90FE-4AE6-8D53-11E886F46A38}.Debug|x64.Build.0 = Debug|x64
		{796BC6CB-90FE-4AE6-8D53-11E886F46A38}.Debug|x86.ActiveCfg = Debug|Win32
		{796BC6CB-90FE-4AE6-8D53-11E886F46A38}.Debug|x86.Build.0 = Debug|Win32
		{796BC6CB-90FE-4AE6-8D53-11E886F46A38}.Release|x64.ActiveCfg = Release|x64
		{796BC6CB-90FE-4AE6-8D53-11E886F46A38}.Release|x64.Build.0 = Release|x64
		{796BC6CB-90FE-4AE6-8D53-11E886F46A38}.Release|x86.ActiveCfg = Release|Win32
		{796BC6CB-90FE-4AE6-8D53-11E886F46A38}.Release|x86.Build.0 = Release|Win32
		{2A8095A9-6B79-4844-BD0F-427567526915}.Debug|x64.ActiveCfg = Debug|x64
		{2A8095A9-6B79-4844-BD0F-427567526915}.Debug|x64.Build.0 = Debug|x64
		{2A8095A9-6B79-4844-BD0F-427567526915}.Debug|x86.ActiveCfg = Debug|Win32
		{2A8095A9-6B79-4844-BD0F-427567526915}.Debug|x86.Build.0 = Debug|Win32
		{2A8095A9-6B79-4844-BD0F-427567526915}.Release|x64.ActiveCfg = Release|x64
		{2A8095A9-6B79-4844-BD0F-427567526915}.Release|x64.Build.0 = Release|x64
		{2A8095A9-6B79-4844-BD0F-427567526915}.Release|x86.ActiveCfg = Release|Win32
		{2A8095A9-6B79-4844-BD0F-427567526915}.Release|x86.Build.0 = Release|Win32
		{9B7A3EEB-2F65-47E6-9112-6085B5A09D62}.Debug|x64.ActiveCfg = Debug|x64
		{9B7A3EEB-2F65-47E6-9112-6085B5A09D62}.Debug|x64.Build.0 = Debug|x64
		{9B7A3EEB-2F65-47E6-9112-6085B5A09D62}.Debug|x86.ActiveCfg = Debug|Win32
		{9B7A3EEB-2F65-47E6-9112-6085B5A09D62}.Debug|x86.Build.0 = Debug|Win32
		{9B7A3EEB-2F65-47E6-9112-6085B5A09D62}.Release|x64.ActiveCfg = Release|x64
		{9B7A3EEB-2F65-47E6-9112-6085B5A09D62}.Release|x64.Build.0 = Release|x64
		{9B7A3EEB-2F65-47E6-9112-6085B5A09D62}.Release|x86.ActiveCfg = Release|Win32
		{9B7A3EEB-2F65-47E6-9112-6085B5A09D62}.Release|x86.Build.0 = Release|Win32
		{2767232D-97D0-4545-80BD-FD4185A1589B}.Debug|x64.ActiveCfg = Debug|x64
		{2767232D-97D0-4545-80BD-FD4185A1589B}.Debug|x64.Build.0 = Debug|x64
		{2767232D-97D0-4545-80BD-FD4185A1589B}.Debug|x86.ActiveCfg = Debug|Win32
		{2767232D-97D0-4545-80BD-FD4185A1589B}.Debug|x86.Build.0 = Debug|Win32
		{2767232D-97D0-4545-80BD-FD4185A1589B}.Release|x64.ActiveCfg = Release|x64
		{2767232D-97D0-4545-80BD-FD4185A1589B}.Release|x64.Build.0 = Release|x64
		{2767232D-97D0-4545-80BD-FD4185A1589B}.Release|x86.ActiveCfg = Release|Win32
		{2767232D-97D0-4545-80BD-FD4185A1589B}.Release|x86.Build.0 = Release|Win32
		{56D08A91-FAB2-4547-A086-9D66BFA077F5}.Debug|x64.ActiveCfg = Debug|x64
		{56D08A91-FAB2-4547-A086-9D66BFA077F5}.Debug|x64.Build.0 = Debug|x64
		{56D08A91-FAB2-4547-A086-9D66BFA077F5}.Debug|x86.ActiveCfg = Debug|Win32
		{56D08A91-FAB2-4547-A086-9D66BFA077F5}.Debug|x86.Build.0 = Debug|Win32
		{56D08A91-FAB2-4547-A086-9D66BFA077F5}.Release|x64.ActiveCfg = Release|x64
		{56D08A91-FAB2-4547-A086-9D66BFA077F5}.Release|x64.Build.0 = Release|x64
		{56D08A91-FAB2-4547-A086-9D66BFA077F5}.Release|x86.ActiveCfg = Release|Win32
		{56D08A91-FAB2-4547-A086-9D66BFA077F5}.Release|x86.Build.0 = Release|Win32
		{185F3562-E1CF-4137-9BE5-DA6485C6ACAF}.Debug|x64.ActiveCfg = Debug|x64
		{185F3562-E1CF-4137-9BE5-DA6485C6ACAF}.Debug|x64.Build.0 = Debug|x64
		{185F3562-E1CF-4137-9BE5-DA6485C6ACAF}.Debug|x86.ActiveCfg = Debug|Win32
		{185F3562-E1CF-4137-9BE5-DA6485C6ACAF}.Debug|x86.Build.0 = Debug|Win32
		{185F3562-E1CF-4137-9BE5-DA6485C6ACAF}.Release|x64.ActiveCfg = Release|x64
		{185F3562-E1CF-4137-9BE5-DA6485C6ACAF}.Release|x64.Build.0 = Release|x64
		{185F3562-E1CF-4137-9BE5-DA6485C6ACAF}.Release|x86.ActiveCfg = Release|Win32
		{185F3562-E1CF-4137-9BE5-DA6485C6ACAF}.Release|x86.Build.0 = Release|Win32
		{2604922E-C933-444B-B972-F8052565AE46}.Debug|x64.ActiveCfg = Debug|x64
		{2604922E-C933-444B-B972-F8052565AE46}.Debug|x64.Build.0 = Debug|x64
		{2604922E-C933-444B-B972-F8052565AE46}.Debug|x86.ActiveCfg = Debug|Win32
		{2604922E-C933-444B-B972-F8052565AE46}.Debug|x86.Build.0 = Debug|Win32
		{2604922E-C933-444B-B972-F8052565AE46}.Release|x64.ActiveCfg = Release|x64
		{2604922E-C933-444B-B972-F8052565AE46}.Release|x64.Build.0 = Release|x64
		{2604922E-C933-444B-B972-F8052565AE46}.Release|x86.ActiveCfg = Release|Win32
		{2604922E-C933-444B-B972-F8052565AE46}.Release|x86.Build.0 = Release|Win32
		{B391BA00-85FD-41C8-9957-57CCCDA3903E}.Debug|x64.ActiveCfg = Debug|x64
		{B391BA00-85FD-41C8-9957-57CCCDA3903E}.Debug|x64.Build.0 = Debug|x64
		{B391BA00-85FD-41C8-9957-57CCCDA3903E}.Debug|x86.ActiveCfg = Debug|Win32
		{B391BA00-85FD-41C8-9957-57CCCDA3903E}.Debug|x86.Build.0 = Debug|Win32
		{B391BA00-85FD-41C8-9957-57CCCDA3903E}.Release|x64.ActiveCfg = Release|x64
		{B391BA00-85FD-41C8-9957-57CCCDA3903E}.Release|x64.Build.0 = Release|x64
		{B391BA00-85FD-41C8-9957-57CCCDA3903E}.Release|x86.ActiveCfg = Release|Win32
		{B391BA00-85FD-41C8-9957-57CCCDA3903E}.Release|x86.Build.0 = Release|Win32
		{4F5026DA-8B8D-498E-807B-9DE355A351E9}.Debug|x64.ActiveCfg = Debug|x64
		{4F5026DA-8B8D-498E-807B-9DE355A351E9}.Debug|x64.Build.0 = Debug|x64
		{4F5026DA-8B8D-498E-807B-9DE355A351E9}.Debug|x86.ActiveCfg = Debug|Win32
		{4F5026DA-8B8D-498E-807B-9DE355A351E9}.Debug|x86.Build.0 = Debug|Win32
		{4F5026DA-8B8D-498E-807B-9DE355A351E9}.Release|x64.ActiveCfg = Release|x64
		{4F5026DA-8B8D-498E-807B-9DE355A351E9}.Release|x64.Build.0 = Release|x64
		{4F5026DA-8B8D-498E-807B-9DE355A351E9}.Release|x86.ActiveCfg = Release|Win32
		{4F5026DA-8B8D-498E-807B-9DE355A351E9}.Release|x86.Build.0 = Release|Win32
		{AE48590A-B54E-44B5-963A-7914A291AABB}.Debug|x64.ActiveCfg = Debug|x64
		{AE48590A-B54E-44B5-963A-7914A291AABB}.Debug|x64.Build.0 = Debug|x64
		{AE48590A-B54E-44B5-963A-7914A291AABB}.Debug|x86.ActiveCfg = Debug|Win32
		{AE48590A-B54E-44B5-963A-7914A291AABB}.Debug|x86.Build.0 = Debug|Win32
		{AE48590A-B54E-44B5-963A-7914A291AABB}.Release|x64.ActiveCfg = Release|x64
		{AE48590A-B54E-44B5-963A-7914A291AABB}.Release|x64.Build.0 = Release|x64
		{AE48590A-B54E-44B5-963A-7914A291AABB}.Release|x86.ActiveCfg = Release|Win32
		{AE48590A-B54E-44B5-963A-7914A291AABB}.Release|x86.Build.0 = Release|Win32
		{F69EDBBB-9722-4088-A466-97CFCCB7E3B6}.Debug|x64.ActiveCfg = Debug|x64
		{F69EDBBB-9722-4088-A466-97CFCCB7E3B6}.Debug|x64.Build.0 = Debug|x64
		{F69EDBBB-9722-4088-A466-97CFCCB7E3B6}.Debug|x86.ActiveCfg = Debug|Win32
		{F69EDBBB-9722-4088-A466-97CFCCB7E3B6}.Debug|x86.Build.0 = Debug|Win32
		{F69EDBBB-9722-4088-A466-97CFCCB7E3B6}.Release|x64.ActiveCfg = Release|x64
		{F69EDBBB-9722-4088-A466-97CFCCB7E3B6}.Release|x64.Build.0 = Release|x64
		{F69EDBBB-9722-4088-A466-97CFCCB7E3B6}.Release|x86.ActiveCfg = Release|Win32
		{F69EDBBB-9722-4088-A466-97CFCCB7E3B6}.Release|x86.Build.0 = Release|Win32
		{5CE18C0E-4503-480B-9CE6-539509464877}.Debug|x64.ActiveCfg = Debug|x64
		{5CE18C0E-4503-480B-9CE6-539509464877}.Debug|x64.Build.0 = Debug|x64
		{5CE18C0E-4503-480B-9CE6-539509464877}.Debug|x86.ActiveCfg = Debug|Win32
		{5CE18C0E-4503-480B-9CE6-539509464877}.Debug|x86.Build.0 = Debug|Win32
		{5CE18C0E-4503-480B-9CE6-539509464877}.Release|x64.ActiveCfg = Release|x64
		{5CE18C0E-4503-480B-9CE6-539509464877}.Release|x64.Build.0 = Release|x64
		{5CE18C0E-4503-480B-9CE6-539509464877}.Release|x86.ActiveCfg = Release|Win32
		{5CE18C0E-4503-480B-9CE6-539509464877}.Release|x86.Build.0 = Release|Win32
		{6C1CB495-7DEE-427E-A831-226362B81B54}.Debug|x64.ActiveCfg = Debug|x64
		{6C1CB495-7DEE-427E-A831-226362B81B54}.Debug|x64.Build.0 = Debug|x64
		{6C1CB495-7DEE-427E-A831-226362B81B54}.Debug|x86.ActiveCfg = Debug|Win32
		{6C1CB495-7DEE-427E-A831-226362B81B54}.Debug|x86.Build.0 = Debug|Win32
		{6C1CB495-7DEE-427E-A831-226362B81B54}.Release|x64.ActiveCfg = Release|x64
		{6C1CB495-7DEE-427E-A831-226362B81B54}.Release|x64.Build.0 = Release|x64
		{6C1CB495-7DEE-427E-A831-226362B81B54}.Release|x86.ActiveCfg = Release|Win32
		{6C1CB495-7DEE-427E-A831-226362B81B54}.Release|x86.Build.0 = Release|Win32
		{D2EEDBBA-8CC4-4F6A-9CE3-6CAE69216071}.Debug|x64.ActiveCfg = Debug|x64
		{D2EEDBBA-8CC4-4F6A-9CE3-6CAE69216071}.Debug|x64.Build.0 = Debug|x64
		{D2EEDBBA-8CC4-4F6A-9CE3-6CAE69216071}.Debug|x86.ActiveCfg = Debug|Win32
		{D2EEDBBA-8CC4-4F6A-9CE3-6CAE69216071}.Debug|x86.Build.0 = Debug|Win32
		{D2EEDBBA-8CC4-4F6A-9CE3-6CAE69216071}.Release|x64.ActiveCfg = Release|x64
		{D2EEDBBA-8CC4-4F6A-9CE3-6CAE69216071}.Release|x64.Build.0 = Release|x64
		{D2EEDBBA-8CC4-4F6A-9CE3-6CAE69216071}.Release|x86.ActiveCfg = Release|Win32
		{D2EEDBBA-8CC4-4F6A-9CE3-6CAE69216071}.Release|x86.Build.0 = Release|Win32
		{94956225-4FB4-4AE4-8088-9A71F50E1912}.Debug|x64.ActiveCfg = Debug|x64
		{94956225-4FB4-4AE4-8088-9A71F50E1912}.Debug|x64.Build.0 = Debug|x64
		{94956225-4FB4-4AE4-8088-9A71F50E1912}.Debug|x86.ActiveCfg = Debug|Win32
		{94956225-4FB4-4AE4-8088-9A71F50E1912}.Debug|x86.Build.0 = Debug|Win32
		{94956225-4FB4-4AE4-8088-9A71F50E1912}.Release|x64.ActiveCfg = Release|x64
		{94956225-4FB4-4AE4-8088-9A71F50E1912}.Release|x64.Build.0 = Release|x64
		{94956225-4FB4-4AE4-8088-9A71F50E1912}.Release|x86.ActiveCfg = Release|Win32
		{94956225-4FB4-4AE4-8088-9A71F50E1912}.Release|x86.Build.0 = Release|Win32
		{B62449F3-33EB-426C-95D7-8AE7B601F6B9}.Debug|x64.ActiveCfg = Debug|x64
		{B62449F3-33EB-426C-95D7-8AE7B601F6B9}.Debug|x64.Build.0 = Debug|x64
		{B62449F3-33EB-426C-95D7-8AE7B601F6B9}.Debug|x86.ActiveCfg = Debug|Win32
		{B62449F3-33EB-426C-95D7-8AE7B601F6B9}.Debug|x86.Build.0 = Debug|Win32
		{B62449F3-33EB-426C-95D7-8AE7B601F6B9}.Release|x64.ActiveCfg = Release|x64
		{B62449F3-33EB-426C-95D7-8AE7B601F6B9}.Release|x64.Build.0 = Release|x64
		{B62449F3-33EB-426C-95D7-8AE7B601F6B9}.Release|x86.ActiveCfg = Release|Win32
		{B62449F3-33EB-426C-95D7-8AE7B601F6B9}.Release|x86.Build.0 = Release|Win32
		{9B2E108B-1909-43D0-BB7E-16FBCFF1E2F0}.Debug|x64.ActiveCfg = Debug|x64
		{9B2E108B-1909-43D0-BB7E-16FBCFF1E2F0}.Debug|x64.Build.0 = Debug|x64
		{9B2E108B-1909-43D0-BB7E-16FBCFF1E2F0}.Debug|x86.ActiveCfg = Debug|Win32
		{9B2E108B-1909-43D0-BB7E-16FBCFF1E2F0}.Debug|x86.Build.0 = Debug|Win32
		{9B2E108B-1909-43D0-BB7E-16FBCFF1E2F0}.Release|x64.ActiveCfg = Release|x64
		{9B2E108B-1909-43D0-BB7E-16FBCFF1E2F0}.Release|x64.Build.0 = Release|x64
		{9B2E108B-1909-43D0-BB7E-16FBCFF1E2F0}.Release|x86.ActiveCfg = Release|Win32
		{9B2E108B-1909-43D0-BB7E-16FBCFF1E2F0}.Release|x86.Build.0 = Release|Win32
		{74BB1A6C-C17F-406F-AB9E-8CC2E7051733}.Debug|x64.ActiveCfg = Debug|x64
		{74BB1A6C-C17F-406F-AB9E-8CC2E7051733}.Debug|x64.Build.0 = Debug|x64
		{74BB1A6C-C17F-406F-AB9E-8CC2E7051733}.Debug|x86.ActiveCfg = Debug|Win32
		{74BB1A6C-C17F-406F-AB9E-8CC2E7051733}.Debug|x86.Build.0 = Debug|Win32
		{74BB1A6C-C17F-406F-AB9E-8CC2E7051733}.Release|x64.ActiveCfg = Release|x64
		{74BB1A6C-C17F-406F-AB9E-8CC2E7051733}.Release|x64.Build.0 = Release|x64
		{74BB1A6C-C17F-406F-AB9E-8CC2E7051733}.Release|x86.ActiveCfg = Release|Win32
		{74BB1A6C-C17F-406F-AB9E-8CC2E7051733}.Release|x86.Build.0 = Release|Win32
	EndGlobalSection
	GlobalSection(SolutionProperties) = preSolution
		HideSolutionNode = FALSE
	EndGlobalSection
	GlobalSection(ExtensibilityGlobals) = postSolution
		SolutionGuid = {37D248BC-A91D-4039-8A2C-4FF1E18C5BB2}
	EndGlobalSection
EndGlobal
